
Microsoft Visual Studio Solution File, Format Version 11.00
# Visual Studio 2010
Project("{2150E333-8FDC-42A3-9474-1A3956D46DE8}") = "Solution Items", "Solution Items", "{2F3FCADB-8792-41CA-A801-90AB270512B3}"
	ProjectSection(SolutionItems) = preProject
		DotNetNuke.Tests.NewInstaller.vsmdi = DotNetNuke.Tests.NewInstaller.vsmdi
		Local.testsettings = Local.testsettings
		TraceAndTestImpact.testsettings = TraceAndTestImpact.testsettings
	EndProjectSection
EndProject
Project("{FAE04EC0-301F-11D3-BF4B-00C04F79EFBC}") = "DotNetNuke.Tests.DNNSelenium", "DotNetNuke.Tests.DNNSelenium\DotNetNuke.Tests.DNNSelenium.csproj", "{96FD101E-326A-4038-A081-A347061A6B77}"
EndProject
Global
	GlobalSection(TeamFoundationVersionControl) = preSolution
		SccNumberOfProjects = 2
		SccEnterpriseProvider = {4CA58AB2-18FA-4F8D-95D4-32DDF27D184C}
		SccTeamFoundationServer = https://tfs.dotnetnuke.com:8088/tfs/dotnetnuke
		SccLocalPath0 = .
		SccProjectUniqueName1 = DotNetNuke.Tests.DNNSelenium\\DotNetNuke.Tests.DNNSelenium.csproj
		SccProjectName1 = DotNetNuke.Tests.DNNSelenium
		SccLocalPath1 = DotNetNuke.Tests.DNNSelenium
	EndGlobalSection
	GlobalSection(TestCaseManagementSettings) = postSolution
		CategoryFile = DotNetNuke.Tests.NewInstaller.vsmdi
	EndGlobalSection
	GlobalSection(SolutionConfigurationPlatforms) = preSolution
		Debug|Any CPU = Debug|Any CPU
		Release|Any CPU = Release|Any CPU
	EndGlobalSection
	GlobalSection(ProjectConfigurationPlatforms) = postSolution
		{96FD101E-326A-4038-A081-A347061A6B77}.Debug|Any CPU.ActiveCfg = Debug|Any CPU
		{96FD101E-326A-4038-A081-A347061A6B77}.Debug|Any CPU.Build.0 = Debug|Any CPU
		{96FD101E-326A-4038-A081-A347061A6B77}.Release|Any CPU.ActiveCfg = Release|Any CPU
		{96FD101E-326A-4038-A081-A347061A6B77}.Release|Any CPU.Build.0 = Release|Any CPU
	EndGlobalSection
	GlobalSection(SolutionProperties) = preSolution
		HideSolutionNode = FALSE
	EndGlobalSection
EndGlobal
