
Microsoft Visual Studio Solution File, Format Version 12.00
# Visual Studio 14
VisualStudioVersion = 14.0.24720.0
MinimumVisualStudioVersion = 10.0.40219.1
Project("{FAE04EC0-301F-11D3-BF4B-00C04F79EFBC}") = "Dnn.PersonaBar.UI", "Library\Dnn.PersonaBar.UI\Dnn.PersonaBar.UI.csproj", "{7D92D57E-EB66-4816-A0FA-B39213452539}"
	ProjectSection(ProjectDependencies) = postProject
		{5313F690-D9A3-40B1-908C-1F5A3F3EA683} = {5313F690-D9A3-40B1-908C-1F5A3F3EA683}
	EndProjectSection
EndProject
Project("{2150E333-8FDC-42A3-9474-1A3956D46DE8}") = ".nuget", ".nuget", "{424CCB69-AD4D-4CBC-83D3-E7588343A2E4}"
	ProjectSection(SolutionItems) = preProject
		.nuget\NuGet.Config = .nuget\NuGet.Config
		.nuget\NuGet.exe = .nuget\NuGet.exe
		.nuget\NuGet.targets = .nuget\NuGet.targets
	EndProjectSection
EndProject
Project("{2150E333-8FDC-42A3-9474-1A3956D46DE8}") = "Solution Files", "Solution Files", "{59367CA7-B502-4216-A810-C940A82FA526}"
	ProjectSection(SolutionItems) = preProject
		Build\BuildScripts\CreateSourcePackage.build = Build\BuildScripts\CreateSourcePackage.build
		LICENSE.txt = LICENSE.txt
		Build\BuildScripts\Module.build = Build\BuildScripts\Module.build
		Build\BuildScripts\Package.targets = Build\BuildScripts\Package.targets
		Solution.build = Solution.build
		SolutionInfo.cs = SolutionInfo.cs
	EndProjectSection
EndProject
Project("{FAE04EC0-301F-11D3-BF4B-00C04F79EFBC}") = "NuGetPackages", "NuGetPackages\NuGetPackages.csproj", "{5313F690-D9A3-40B1-908C-1F5A3F3EA683}"
EndProject
Project("{FAE04EC0-301F-11D3-BF4B-00C04F79EFBC}") = "Dnn.PersonaBar.Library", "Library\Dnn.PersonaBar.Library\Dnn.PersonaBar.Library.csproj", "{8B50BA8B-0A08-41B8-81B8-EA70707C7379}"
	ProjectSection(ProjectDependencies) = postProject
		{5313F690-D9A3-40B1-908C-1F5A3F3EA683} = {5313F690-D9A3-40B1-908C-1F5A3F3EA683}
	EndProjectSection
EndProject
Project("{FAE04EC0-301F-11D3-BF4B-00C04F79EFBC}") = "Dnn.EditBar.Library", "EditBar\Dnn.EditBar.Library\Dnn.EditBar.Library.csproj", "{D6AE2D97-CCAA-4655-BE6F-6A9267431712}"
EndProject
Project("{FAE04EC0-301F-11D3-BF4B-00C04F79EFBC}") = "Dnn.EditBar.UI", "EditBar\Dnn.EditBar.UI\Dnn.EditBar.UI.csproj", "{9D9B15DD-E7CE-476C-BD3B-FF44E64EFB67}"
EndProject
Project("{FAE04EC0-301F-11D3-BF4B-00C04F79EFBC}") = "Dnn.PersonaBar.Pages", "Extensions\Content\Dnn.PersonaBar.Pages\Dnn.PersonaBar.Pages.csproj", "{9CCA271F-CFAA-42A3-B577-7D5CBB38C646}"
EndProject
Project("{FAE04EC0-301F-11D3-BF4B-00C04F79EFBC}") = "Dnn.PersonaBar.Pages.Tests", "Extensions\Content\Dnn.PersonaBar.Pages.Tests\Dnn.PersonaBar.Pages.Tests.csproj", "{05515510-9979-4424-8D0A-647F32A25FE7}"
EndProject
Project("{FAE04EC0-301F-11D3-BF4B-00C04F79EFBC}") = "Dnn.PersonaBar.Recyclebin", "Extensions\Content\Dnn.PersonaBar.Recyclebin\Dnn.PersonaBar.Recyclebin.csproj", "{35AD8ED3-CBC3-4208-83D1-660EBC908DE2}"
EndProject
Project("{2150E333-8FDC-42A3-9474-1A3956D46DE8}") = "Extensions", "Extensions", "{B4BE0735-4220-4FD1-BCE1-42AB9CE9D89F}"
EndProject
Project("{2150E333-8FDC-42A3-9474-1A3956D46DE8}") = "Content", "Content", "{95F8E626-373F-427F-BD5B-7173AED7998F}"
EndProject
Project("{2150E333-8FDC-42A3-9474-1A3956D46DE8}") = "Manage", "Manage", "{02E4C0BF-E416-49CC-900E-A1CEC143C4B9}"
EndProject
Project("{2150E333-8FDC-42A3-9474-1A3956D46DE8}") = "Settings", "Settings", "{EF78794D-AAEA-4759-9B82-FB2D38AFD3D4}"
EndProject
Project("{2150E333-8FDC-42A3-9474-1A3956D46DE8}") = "EditBar", "EditBar", "{CA017058-6866-4429-AE3B-E509F3B2B594}"
EndProject
Project("{2150E333-8FDC-42A3-9474-1A3956D46DE8}") = "Library", "Library", "{2D7C4965-755D-4F82-97FF-CBA77E9852DB}"
EndProject
Project("{FAE04EC0-301F-11D3-BF4B-00C04F79EFBC}") = "Dnn.PersonaBar.AdminLogs", "Extensions\Manage\Dnn.PersonaBar.AdminLogs\Dnn.PersonaBar.AdminLogs.csproj", "{962EE62B-2209-42B9-AB38-72E63E59DF57}"
EndProject
Project("{FAE04EC0-301F-11D3-BF4B-00C04F79EFBC}") = "Dnn.PersonaBar.Roles", "Extensions\Manage\Dnn.PersonaBar.Roles\Dnn.PersonaBar.Roles.csproj", "{89251729-9768-4245-A657-4D822E3E9122}"
EndProject
Project("{FAE04EC0-301F-11D3-BF4B-00C04F79EFBC}") = "Dnn.PersonaBar.Sites", "Extensions\Manage\Dnn.PersonaBar.Sites\Dnn.PersonaBar.Sites.csproj", "{2C608115-C60B-4138-B4FA-525513E984B8}"
EndProject
Project("{FAE04EC0-301F-11D3-BF4B-00C04F79EFBC}") = "Dnn.PersonaBar.Themes", "Extensions\Manage\Dnn.PersonaBar.Themes\Dnn.PersonaBar.Themes.csproj", "{5AD58DBF-E912-46E5-8812-342BB8AF8182}"
EndProject
Project("{FAE04EC0-301F-11D3-BF4B-00C04F79EFBC}") = "Dnn.PersonaBar.Users", "Extensions\Manage\Dnn.PersonaBar.Users\Dnn.PersonaBar.Users.csproj", "{96E8B714-A431-4CB7-A251-17F171055F64}"
EndProject
Project("{FAE04EC0-301F-11D3-BF4B-00C04F79EFBC}") = "Dnn.PersonaBar.Users.Tests", "Extensions\Manage\Dnn.PersonaBar.Users.Tests\Dnn.PersonaBar.Users.Tests.csproj", "{15506C01-A730-46B9-8571-99C20226AAE6}"
EndProject
Project("{FAE04EC0-301F-11D3-BF4B-00C04F79EFBC}") = "Dnn.PersonaBar.ConfigConsole", "Extensions\Settings\Dnn.PersonaBar.ConfigConsole\Dnn.PersonaBar.ConfigConsole.csproj", "{A93DED6D-8696-40FE-90FC-4236F972BE41}"
EndProject
Project("{FAE04EC0-301F-11D3-BF4B-00C04F79EFBC}") = "Dnn.PersonaBar.Connectors", "Extensions\Settings\Dnn.PersonaBar.Connectors\Dnn.PersonaBar.Connectors.csproj", "{271F868B-2395-4652-B2EA-EF5FEC3CCBEA}"
EndProject
Project("{FAE04EC0-301F-11D3-BF4B-00C04F79EFBC}") = "Dnn.PersonaBar.CssEditor", "Extensions\Settings\Dnn.PersonaBar.CssEditor\Dnn.PersonaBar.CssEditor.csproj", "{55BE3993-A19A-442D-9E2E-D0E8A690CFFC}"
EndProject
Project("{FAE04EC0-301F-11D3-BF4B-00C04F79EFBC}") = "Dnn.PersonaBar.Extensions", "Extensions\Settings\Dnn.PersonaBar.Extensions\Dnn.PersonaBar.Extensions.csproj", "{1762F0C8-F0B5-4D64-B8DF-23B164554D40}"
EndProject
Project("{FAE04EC0-301F-11D3-BF4B-00C04F79EFBC}") = "Dnn.PersonaBar.Licensing", "Extensions\Settings\Dnn.PersonaBar.Licensing\Dnn.PersonaBar.Licensing.csproj", "{A8B33EDC-FE3D-4BBA-B127-13A6AD7E5C12}"
EndProject
Project("{FAE04EC0-301F-11D3-BF4B-00C04F79EFBC}") = "Dnn.PersonaBar.Prompt", "Extensions\Settings\Dnn.PersonaBar.Prompt\Dnn.PersonaBar.Prompt.csproj", "{29521C64-3269-40DA-9B4C-CD492246C889}"
EndProject
Project("{FAE04EC0-301F-11D3-BF4B-00C04F79EFBC}") = "Dnn.PersonaBar.Security", "Extensions\Settings\Dnn.PersonaBar.Security\Dnn.PersonaBar.Security.csproj", "{E9445FC8-2BBD-4EFD-B63D-8C7B8C6EEB50}"
EndProject
Project("{FAE04EC0-301F-11D3-BF4B-00C04F79EFBC}") = "Dnn.PersonaBar.Security.Tests", "Extensions\Settings\Dnn.PersonaBar.Security.Tests\Dnn.PersonaBar.Security.Tests.csproj", "{A64708EF-4972-48A3-B7B9-6B65E47EFE27}"
EndProject
Project("{FAE04EC0-301F-11D3-BF4B-00C04F79EFBC}") = "Dnn.PersonaBar.Seo", "Extensions\Settings\Dnn.PersonaBar.Seo\Dnn.PersonaBar.Seo.csproj", "{A3DF3DFE-0A09-4D3E-9E82-A0D5EC45750E}"
EndProject
Project("{FAE04EC0-301F-11D3-BF4B-00C04F79EFBC}") = "Dnn.PersonaBar.Servers", "Extensions\Settings\Dnn.PersonaBar.Servers\Dnn.PersonaBar.Servers.csproj", "{9FA6939A-0ABF-42AF-B43A-4063AFE3EE47}"
EndProject
Project("{FAE04EC0-301F-11D3-BF4B-00C04F79EFBC}") = "Dnn.PersonaBar.SiteImportExport", "Extensions\Settings\Dnn.PersonaBar.SiteImportExport\Dnn.PersonaBar.SiteImportExport.csproj", "{312D5D02-5E41-4851-B7B1-4AEE27F8E42C}"
EndProject
Project("{FAE04EC0-301F-11D3-BF4B-00C04F79EFBC}") = "Dnn.PersonaBar.SiteSettings", "Extensions\Settings\Dnn.PersonaBar.SiteSettings\Dnn.PersonaBar.SiteSettings.csproj", "{C0A07377-E031-4C5B-AC56-0080555C9AC2}"
EndProject
Project("{FAE04EC0-301F-11D3-BF4B-00C04F79EFBC}") = "Dnn.PersonaBar.SqlConsole", "Extensions\Settings\Dnn.PersonaBar.SqlConsole\Dnn.PersonaBar.SqlConsole.csproj", "{2CDEB8FA-ADFF-4440-84EA-3AF2CCB848D6}"
EndProject
Project("{FAE04EC0-301F-11D3-BF4B-00C04F79EFBC}") = "Dnn.PersonaBar.TaskScheduler", "Extensions\Settings\Dnn.PersonaBar.TaskScheduler\Dnn.PersonaBar.TaskScheduler.csproj", "{EE37275B-1E65-4475-BB1E-0F8F31B3D281}"
EndProject
Project("{FAE04EC0-301F-11D3-BF4B-00C04F79EFBC}") = "Dnn.PersonaBar.Vocabularies", "Extensions\Settings\Dnn.PersonaBar.Vocabularies\Dnn.PersonaBar.Vocabularies.csproj", "{B4CBAC32-E561-4426-AD67-8A12284AAED0}"
EndProject
Global
	GlobalSection(SolutionConfigurationPlatforms) = preSolution
		Cloud_Debug|Any CPU = Cloud_Debug|Any CPU
		Cloud_Release|Any CPU = Cloud_Release|Any CPU
		Debug|Any CPU = Debug|Any CPU
		Npm_Release|Any CPU = Npm_Release|Any CPU
		Release|Any CPU = Release|Any CPU
	EndGlobalSection
	GlobalSection(ProjectConfigurationPlatforms) = postSolution
		{7D92D57E-EB66-4816-A0FA-B39213452539}.Cloud_Debug|Any CPU.ActiveCfg = Debug|Any CPU
		{7D92D57E-EB66-4816-A0FA-B39213452539}.Cloud_Debug|Any CPU.Build.0 = Debug|Any CPU
		{7D92D57E-EB66-4816-A0FA-B39213452539}.Cloud_Release|Any CPU.ActiveCfg = Release|Any CPU
		{7D92D57E-EB66-4816-A0FA-B39213452539}.Cloud_Release|Any CPU.Build.0 = Release|Any CPU
		{7D92D57E-EB66-4816-A0FA-B39213452539}.Debug|Any CPU.ActiveCfg = Debug|Any CPU
		{7D92D57E-EB66-4816-A0FA-B39213452539}.Debug|Any CPU.Build.0 = Debug|Any CPU
		{7D92D57E-EB66-4816-A0FA-B39213452539}.Npm_Release|Any CPU.ActiveCfg = Release|Any CPU
		{7D92D57E-EB66-4816-A0FA-B39213452539}.Npm_Release|Any CPU.Build.0 = Release|Any CPU
		{7D92D57E-EB66-4816-A0FA-B39213452539}.Release|Any CPU.ActiveCfg = Release|Any CPU
		{7D92D57E-EB66-4816-A0FA-B39213452539}.Release|Any CPU.Build.0 = Release|Any CPU
		{5313F690-D9A3-40B1-908C-1F5A3F3EA683}.Cloud_Debug|Any CPU.ActiveCfg = Debug|Any CPU
		{5313F690-D9A3-40B1-908C-1F5A3F3EA683}.Cloud_Debug|Any CPU.Build.0 = Debug|Any CPU
		{5313F690-D9A3-40B1-908C-1F5A3F3EA683}.Cloud_Release|Any CPU.ActiveCfg = Release|Any CPU
		{5313F690-D9A3-40B1-908C-1F5A3F3EA683}.Cloud_Release|Any CPU.Build.0 = Release|Any CPU
		{5313F690-D9A3-40B1-908C-1F5A3F3EA683}.Debug|Any CPU.ActiveCfg = Debug|Any CPU
		{5313F690-D9A3-40B1-908C-1F5A3F3EA683}.Debug|Any CPU.Build.0 = Debug|Any CPU
		{5313F690-D9A3-40B1-908C-1F5A3F3EA683}.Npm_Release|Any CPU.ActiveCfg = Release|Any CPU
		{5313F690-D9A3-40B1-908C-1F5A3F3EA683}.Npm_Release|Any CPU.Build.0 = Release|Any CPU
		{5313F690-D9A3-40B1-908C-1F5A3F3EA683}.Release|Any CPU.ActiveCfg = Release|Any CPU
		{5313F690-D9A3-40B1-908C-1F5A3F3EA683}.Release|Any CPU.Build.0 = Release|Any CPU
		{8B50BA8B-0A08-41B8-81B8-EA70707C7379}.Cloud_Debug|Any CPU.ActiveCfg = Debug|Any CPU
		{8B50BA8B-0A08-41B8-81B8-EA70707C7379}.Cloud_Debug|Any CPU.Build.0 = Debug|Any CPU
		{8B50BA8B-0A08-41B8-81B8-EA70707C7379}.Cloud_Release|Any CPU.ActiveCfg = Release|Any CPU
		{8B50BA8B-0A08-41B8-81B8-EA70707C7379}.Cloud_Release|Any CPU.Build.0 = Release|Any CPU
		{8B50BA8B-0A08-41B8-81B8-EA70707C7379}.Debug|Any CPU.ActiveCfg = Debug|Any CPU
		{8B50BA8B-0A08-41B8-81B8-EA70707C7379}.Debug|Any CPU.Build.0 = Debug|Any CPU
		{8B50BA8B-0A08-41B8-81B8-EA70707C7379}.Npm_Release|Any CPU.ActiveCfg = Release|Any CPU
		{8B50BA8B-0A08-41B8-81B8-EA70707C7379}.Npm_Release|Any CPU.Build.0 = Release|Any CPU
		{8B50BA8B-0A08-41B8-81B8-EA70707C7379}.Release|Any CPU.ActiveCfg = Release|Any CPU
		{8B50BA8B-0A08-41B8-81B8-EA70707C7379}.Release|Any CPU.Build.0 = Release|Any CPU
		{D6AE2D97-CCAA-4655-BE6F-6A9267431712}.Cloud_Debug|Any CPU.ActiveCfg = Debug|Any CPU
		{D6AE2D97-CCAA-4655-BE6F-6A9267431712}.Cloud_Debug|Any CPU.Build.0 = Debug|Any CPU
		{D6AE2D97-CCAA-4655-BE6F-6A9267431712}.Cloud_Release|Any CPU.ActiveCfg = Release|Any CPU
		{D6AE2D97-CCAA-4655-BE6F-6A9267431712}.Cloud_Release|Any CPU.Build.0 = Release|Any CPU
		{D6AE2D97-CCAA-4655-BE6F-6A9267431712}.Debug|Any CPU.ActiveCfg = Debug|Any CPU
		{D6AE2D97-CCAA-4655-BE6F-6A9267431712}.Debug|Any CPU.Build.0 = Debug|Any CPU
		{D6AE2D97-CCAA-4655-BE6F-6A9267431712}.Npm_Release|Any CPU.ActiveCfg = Release|Any CPU
		{D6AE2D97-CCAA-4655-BE6F-6A9267431712}.Npm_Release|Any CPU.Build.0 = Release|Any CPU
		{D6AE2D97-CCAA-4655-BE6F-6A9267431712}.Release|Any CPU.ActiveCfg = Release|Any CPU
		{D6AE2D97-CCAA-4655-BE6F-6A9267431712}.Release|Any CPU.Build.0 = Release|Any CPU
		{9D9B15DD-E7CE-476C-BD3B-FF44E64EFB67}.Cloud_Debug|Any CPU.ActiveCfg = Cloud_Debug|Any CPU
		{9D9B15DD-E7CE-476C-BD3B-FF44E64EFB67}.Cloud_Debug|Any CPU.Build.0 = Cloud_Debug|Any CPU
		{9D9B15DD-E7CE-476C-BD3B-FF44E64EFB67}.Cloud_Release|Any CPU.ActiveCfg = Cloud_Release|Any CPU
		{9D9B15DD-E7CE-476C-BD3B-FF44E64EFB67}.Cloud_Release|Any CPU.Build.0 = Cloud_Release|Any CPU
		{9D9B15DD-E7CE-476C-BD3B-FF44E64EFB67}.Debug|Any CPU.ActiveCfg = Debug|Any CPU
		{9D9B15DD-E7CE-476C-BD3B-FF44E64EFB67}.Debug|Any CPU.Build.0 = Debug|Any CPU
		{9D9B15DD-E7CE-476C-BD3B-FF44E64EFB67}.Npm_Release|Any CPU.ActiveCfg = Release|Any CPU
		{9D9B15DD-E7CE-476C-BD3B-FF44E64EFB67}.Npm_Release|Any CPU.Build.0 = Release|Any CPU
		{9D9B15DD-E7CE-476C-BD3B-FF44E64EFB67}.Release|Any CPU.ActiveCfg = Release|Any CPU
		{9D9B15DD-E7CE-476C-BD3B-FF44E64EFB67}.Release|Any CPU.Build.0 = Release|Any CPU
		{9CCA271F-CFAA-42A3-B577-7D5CBB38C646}.Cloud_Debug|Any CPU.ActiveCfg = Debug|Any CPU
		{9CCA271F-CFAA-42A3-B577-7D5CBB38C646}.Cloud_Debug|Any CPU.Build.0 = Debug|Any CPU
		{9CCA271F-CFAA-42A3-B577-7D5CBB38C646}.Cloud_Release|Any CPU.ActiveCfg = Release|Any CPU
		{9CCA271F-CFAA-42A3-B577-7D5CBB38C646}.Cloud_Release|Any CPU.Build.0 = Release|Any CPU
		{9CCA271F-CFAA-42A3-B577-7D5CBB38C646}.Debug|Any CPU.ActiveCfg = Debug|Any CPU
		{9CCA271F-CFAA-42A3-B577-7D5CBB38C646}.Debug|Any CPU.Build.0 = Debug|Any CPU
		{9CCA271F-CFAA-42A3-B577-7D5CBB38C646}.Npm_Release|Any CPU.ActiveCfg = Release|Any CPU
		{9CCA271F-CFAA-42A3-B577-7D5CBB38C646}.Npm_Release|Any CPU.Build.0 = Release|Any CPU
		{9CCA271F-CFAA-42A3-B577-7D5CBB38C646}.Release|Any CPU.ActiveCfg = Release|Any CPU
		{9CCA271F-CFAA-42A3-B577-7D5CBB38C646}.Release|Any CPU.Build.0 = Release|Any CPU
		{05515510-9979-4424-8D0A-647F32A25FE7}.Cloud_Debug|Any CPU.ActiveCfg = Debug|Any CPU
		{05515510-9979-4424-8D0A-647F32A25FE7}.Cloud_Debug|Any CPU.Build.0 = Debug|Any CPU
		{05515510-9979-4424-8D0A-647F32A25FE7}.Cloud_Release|Any CPU.ActiveCfg = Release|Any CPU
		{05515510-9979-4424-8D0A-647F32A25FE7}.Cloud_Release|Any CPU.Build.0 = Release|Any CPU
		{05515510-9979-4424-8D0A-647F32A25FE7}.Debug|Any CPU.ActiveCfg = Debug|Any CPU
		{05515510-9979-4424-8D0A-647F32A25FE7}.Debug|Any CPU.Build.0 = Debug|Any CPU
		{05515510-9979-4424-8D0A-647F32A25FE7}.Npm_Release|Any CPU.ActiveCfg = Release|Any CPU
		{05515510-9979-4424-8D0A-647F32A25FE7}.Npm_Release|Any CPU.Build.0 = Release|Any CPU
		{05515510-9979-4424-8D0A-647F32A25FE7}.Release|Any CPU.ActiveCfg = Release|Any CPU
		{05515510-9979-4424-8D0A-647F32A25FE7}.Release|Any CPU.Build.0 = Release|Any CPU
		{35AD8ED3-CBC3-4208-83D1-660EBC908DE2}.Cloud_Debug|Any CPU.ActiveCfg = Debug|Any CPU
		{35AD8ED3-CBC3-4208-83D1-660EBC908DE2}.Cloud_Debug|Any CPU.Build.0 = Debug|Any CPU
		{35AD8ED3-CBC3-4208-83D1-660EBC908DE2}.Cloud_Release|Any CPU.ActiveCfg = Release|Any CPU
		{35AD8ED3-CBC3-4208-83D1-660EBC908DE2}.Cloud_Release|Any CPU.Build.0 = Release|Any CPU
		{35AD8ED3-CBC3-4208-83D1-660EBC908DE2}.Debug|Any CPU.ActiveCfg = Debug|Any CPU
		{35AD8ED3-CBC3-4208-83D1-660EBC908DE2}.Debug|Any CPU.Build.0 = Debug|Any CPU
		{35AD8ED3-CBC3-4208-83D1-660EBC908DE2}.Npm_Release|Any CPU.ActiveCfg = Release|Any CPU
		{35AD8ED3-CBC3-4208-83D1-660EBC908DE2}.Npm_Release|Any CPU.Build.0 = Release|Any CPU
		{35AD8ED3-CBC3-4208-83D1-660EBC908DE2}.Release|Any CPU.ActiveCfg = Release|Any CPU
		{35AD8ED3-CBC3-4208-83D1-660EBC908DE2}.Release|Any CPU.Build.0 = Release|Any CPU
		{962EE62B-2209-42B9-AB38-72E63E59DF57}.Cloud_Debug|Any CPU.ActiveCfg = Debug|Any CPU
		{962EE62B-2209-42B9-AB38-72E63E59DF57}.Cloud_Debug|Any CPU.Build.0 = Debug|Any CPU
		{962EE62B-2209-42B9-AB38-72E63E59DF57}.Cloud_Release|Any CPU.ActiveCfg = Release|Any CPU
		{962EE62B-2209-42B9-AB38-72E63E59DF57}.Cloud_Release|Any CPU.Build.0 = Release|Any CPU
		{962EE62B-2209-42B9-AB38-72E63E59DF57}.Debug|Any CPU.ActiveCfg = Debug|Any CPU
		{962EE62B-2209-42B9-AB38-72E63E59DF57}.Debug|Any CPU.Build.0 = Debug|Any CPU
		{962EE62B-2209-42B9-AB38-72E63E59DF57}.Npm_Release|Any CPU.ActiveCfg = Release|Any CPU
		{962EE62B-2209-42B9-AB38-72E63E59DF57}.Npm_Release|Any CPU.Build.0 = Release|Any CPU
		{962EE62B-2209-42B9-AB38-72E63E59DF57}.Release|Any CPU.ActiveCfg = Release|Any CPU
		{962EE62B-2209-42B9-AB38-72E63E59DF57}.Release|Any CPU.Build.0 = Release|Any CPU
		{89251729-9768-4245-A657-4D822E3E9122}.Cloud_Debug|Any CPU.ActiveCfg = Debug|Any CPU
		{89251729-9768-4245-A657-4D822E3E9122}.Cloud_Debug|Any CPU.Build.0 = Debug|Any CPU
		{89251729-9768-4245-A657-4D822E3E9122}.Cloud_Release|Any CPU.ActiveCfg = Release|Any CPU
		{89251729-9768-4245-A657-4D822E3E9122}.Cloud_Release|Any CPU.Build.0 = Release|Any CPU
		{89251729-9768-4245-A657-4D822E3E9122}.Debug|Any CPU.ActiveCfg = Debug|Any CPU
		{89251729-9768-4245-A657-4D822E3E9122}.Debug|Any CPU.Build.0 = Debug|Any CPU
		{89251729-9768-4245-A657-4D822E3E9122}.Npm_Release|Any CPU.ActiveCfg = Release|Any CPU
		{89251729-9768-4245-A657-4D822E3E9122}.Npm_Release|Any CPU.Build.0 = Release|Any CPU
		{89251729-9768-4245-A657-4D822E3E9122}.Release|Any CPU.ActiveCfg = Release|Any CPU
		{89251729-9768-4245-A657-4D822E3E9122}.Release|Any CPU.Build.0 = Release|Any CPU
		{2C608115-C60B-4138-B4FA-525513E984B8}.Cloud_Debug|Any CPU.ActiveCfg = Debug|Any CPU
		{2C608115-C60B-4138-B4FA-525513E984B8}.Cloud_Debug|Any CPU.Build.0 = Debug|Any CPU
		{2C608115-C60B-4138-B4FA-525513E984B8}.Cloud_Release|Any CPU.ActiveCfg = Release|Any CPU
		{2C608115-C60B-4138-B4FA-525513E984B8}.Cloud_Release|Any CPU.Build.0 = Release|Any CPU
		{2C608115-C60B-4138-B4FA-525513E984B8}.Debug|Any CPU.ActiveCfg = Debug|Any CPU
		{2C608115-C60B-4138-B4FA-525513E984B8}.Debug|Any CPU.Build.0 = Debug|Any CPU
		{2C608115-C60B-4138-B4FA-525513E984B8}.Npm_Release|Any CPU.ActiveCfg = Release|Any CPU
		{2C608115-C60B-4138-B4FA-525513E984B8}.Npm_Release|Any CPU.Build.0 = Release|Any CPU
		{2C608115-C60B-4138-B4FA-525513E984B8}.Release|Any CPU.ActiveCfg = Release|Any CPU
		{2C608115-C60B-4138-B4FA-525513E984B8}.Release|Any CPU.Build.0 = Release|Any CPU
		{5AD58DBF-E912-46E5-8812-342BB8AF8182}.Cloud_Debug|Any CPU.ActiveCfg = Debug|Any CPU
		{5AD58DBF-E912-46E5-8812-342BB8AF8182}.Cloud_Debug|Any CPU.Build.0 = Debug|Any CPU
		{5AD58DBF-E912-46E5-8812-342BB8AF8182}.Cloud_Release|Any CPU.ActiveCfg = Release|Any CPU
		{5AD58DBF-E912-46E5-8812-342BB8AF8182}.Cloud_Release|Any CPU.Build.0 = Release|Any CPU
		{5AD58DBF-E912-46E5-8812-342BB8AF8182}.Debug|Any CPU.ActiveCfg = Debug|Any CPU
		{5AD58DBF-E912-46E5-8812-342BB8AF8182}.Debug|Any CPU.Build.0 = Debug|Any CPU
		{5AD58DBF-E912-46E5-8812-342BB8AF8182}.Npm_Release|Any CPU.ActiveCfg = Release|Any CPU
		{5AD58DBF-E912-46E5-8812-342BB8AF8182}.Npm_Release|Any CPU.Build.0 = Release|Any CPU
		{5AD58DBF-E912-46E5-8812-342BB8AF8182}.Release|Any CPU.ActiveCfg = Release|Any CPU
		{5AD58DBF-E912-46E5-8812-342BB8AF8182}.Release|Any CPU.Build.0 = Release|Any CPU
		{96E8B714-A431-4CB7-A251-17F171055F64}.Cloud_Debug|Any CPU.ActiveCfg = Debug|Any CPU
		{96E8B714-A431-4CB7-A251-17F171055F64}.Cloud_Debug|Any CPU.Build.0 = Debug|Any CPU
		{96E8B714-A431-4CB7-A251-17F171055F64}.Cloud_Release|Any CPU.ActiveCfg = Release|Any CPU
		{96E8B714-A431-4CB7-A251-17F171055F64}.Cloud_Release|Any CPU.Build.0 = Release|Any CPU
		{96E8B714-A431-4CB7-A251-17F171055F64}.Debug|Any CPU.ActiveCfg = Debug|Any CPU
		{96E8B714-A431-4CB7-A251-17F171055F64}.Debug|Any CPU.Build.0 = Debug|Any CPU
		{96E8B714-A431-4CB7-A251-17F171055F64}.Npm_Release|Any CPU.ActiveCfg = Release|Any CPU
		{96E8B714-A431-4CB7-A251-17F171055F64}.Npm_Release|Any CPU.Build.0 = Release|Any CPU
		{96E8B714-A431-4CB7-A251-17F171055F64}.Release|Any CPU.ActiveCfg = Release|Any CPU
		{96E8B714-A431-4CB7-A251-17F171055F64}.Release|Any CPU.Build.0 = Release|Any CPU
		{15506C01-A730-46B9-8571-99C20226AAE6}.Cloud_Debug|Any CPU.ActiveCfg = Debug|Any CPU
		{15506C01-A730-46B9-8571-99C20226AAE6}.Cloud_Debug|Any CPU.Build.0 = Debug|Any CPU
		{15506C01-A730-46B9-8571-99C20226AAE6}.Cloud_Release|Any CPU.ActiveCfg = Release|Any CPU
		{15506C01-A730-46B9-8571-99C20226AAE6}.Cloud_Release|Any CPU.Build.0 = Release|Any CPU
		{15506C01-A730-46B9-8571-99C20226AAE6}.Debug|Any CPU.ActiveCfg = Debug|Any CPU
		{15506C01-A730-46B9-8571-99C20226AAE6}.Debug|Any CPU.Build.0 = Debug|Any CPU
		{15506C01-A730-46B9-8571-99C20226AAE6}.Npm_Release|Any CPU.ActiveCfg = Release|Any CPU
		{15506C01-A730-46B9-8571-99C20226AAE6}.Npm_Release|Any CPU.Build.0 = Release|Any CPU
		{15506C01-A730-46B9-8571-99C20226AAE6}.Release|Any CPU.ActiveCfg = Release|Any CPU
		{15506C01-A730-46B9-8571-99C20226AAE6}.Release|Any CPU.Build.0 = Release|Any CPU
		{A93DED6D-8696-40FE-90FC-4236F972BE41}.Cloud_Debug|Any CPU.ActiveCfg = Debug|Any CPU
		{A93DED6D-8696-40FE-90FC-4236F972BE41}.Cloud_Debug|Any CPU.Build.0 = Debug|Any CPU
		{A93DED6D-8696-40FE-90FC-4236F972BE41}.Cloud_Release|Any CPU.ActiveCfg = Release|Any CPU
		{A93DED6D-8696-40FE-90FC-4236F972BE41}.Cloud_Release|Any CPU.Build.0 = Release|Any CPU
		{A93DED6D-8696-40FE-90FC-4236F972BE41}.Debug|Any CPU.ActiveCfg = Debug|Any CPU
		{A93DED6D-8696-40FE-90FC-4236F972BE41}.Debug|Any CPU.Build.0 = Debug|Any CPU
		{A93DED6D-8696-40FE-90FC-4236F972BE41}.Npm_Release|Any CPU.ActiveCfg = Release|Any CPU
		{A93DED6D-8696-40FE-90FC-4236F972BE41}.Npm_Release|Any CPU.Build.0 = Release|Any CPU
		{A93DED6D-8696-40FE-90FC-4236F972BE41}.Release|Any CPU.ActiveCfg = Release|Any CPU
		{A93DED6D-8696-40FE-90FC-4236F972BE41}.Release|Any CPU.Build.0 = Release|Any CPU
		{271F868B-2395-4652-B2EA-EF5FEC3CCBEA}.Cloud_Debug|Any CPU.ActiveCfg = Debug|Any CPU
		{271F868B-2395-4652-B2EA-EF5FEC3CCBEA}.Cloud_Debug|Any CPU.Build.0 = Debug|Any CPU
		{271F868B-2395-4652-B2EA-EF5FEC3CCBEA}.Cloud_Release|Any CPU.ActiveCfg = Release|Any CPU
		{271F868B-2395-4652-B2EA-EF5FEC3CCBEA}.Cloud_Release|Any CPU.Build.0 = Release|Any CPU
		{271F868B-2395-4652-B2EA-EF5FEC3CCBEA}.Debug|Any CPU.ActiveCfg = Debug|Any CPU
		{271F868B-2395-4652-B2EA-EF5FEC3CCBEA}.Debug|Any CPU.Build.0 = Debug|Any CPU
		{271F868B-2395-4652-B2EA-EF5FEC3CCBEA}.Npm_Release|Any CPU.ActiveCfg = Release|Any CPU
		{271F868B-2395-4652-B2EA-EF5FEC3CCBEA}.Npm_Release|Any CPU.Build.0 = Release|Any CPU
		{271F868B-2395-4652-B2EA-EF5FEC3CCBEA}.Release|Any CPU.ActiveCfg = Release|Any CPU
		{271F868B-2395-4652-B2EA-EF5FEC3CCBEA}.Release|Any CPU.Build.0 = Release|Any CPU
		{55BE3993-A19A-442D-9E2E-D0E8A690CFFC}.Cloud_Debug|Any CPU.ActiveCfg = Debug|Any CPU
		{55BE3993-A19A-442D-9E2E-D0E8A690CFFC}.Cloud_Debug|Any CPU.Build.0 = Debug|Any CPU
		{55BE3993-A19A-442D-9E2E-D0E8A690CFFC}.Cloud_Release|Any CPU.ActiveCfg = Release|Any CPU
		{55BE3993-A19A-442D-9E2E-D0E8A690CFFC}.Cloud_Release|Any CPU.Build.0 = Release|Any CPU
		{55BE3993-A19A-442D-9E2E-D0E8A690CFFC}.Debug|Any CPU.ActiveCfg = Debug|Any CPU
		{55BE3993-A19A-442D-9E2E-D0E8A690CFFC}.Debug|Any CPU.Build.0 = Debug|Any CPU
		{55BE3993-A19A-442D-9E2E-D0E8A690CFFC}.Npm_Release|Any CPU.ActiveCfg = Release|Any CPU
		{55BE3993-A19A-442D-9E2E-D0E8A690CFFC}.Npm_Release|Any CPU.Build.0 = Release|Any CPU
		{55BE3993-A19A-442D-9E2E-D0E8A690CFFC}.Release|Any CPU.ActiveCfg = Release|Any CPU
		{55BE3993-A19A-442D-9E2E-D0E8A690CFFC}.Release|Any CPU.Build.0 = Release|Any CPU
		{1762F0C8-F0B5-4D64-B8DF-23B164554D40}.Cloud_Debug|Any CPU.ActiveCfg = Debug|Any CPU
		{1762F0C8-F0B5-4D64-B8DF-23B164554D40}.Cloud_Debug|Any CPU.Build.0 = Debug|Any CPU
		{1762F0C8-F0B5-4D64-B8DF-23B164554D40}.Cloud_Release|Any CPU.ActiveCfg = Release|Any CPU
		{1762F0C8-F0B5-4D64-B8DF-23B164554D40}.Cloud_Release|Any CPU.Build.0 = Release|Any CPU
		{1762F0C8-F0B5-4D64-B8DF-23B164554D40}.Debug|Any CPU.ActiveCfg = Debug|Any CPU
		{1762F0C8-F0B5-4D64-B8DF-23B164554D40}.Debug|Any CPU.Build.0 = Debug|Any CPU
		{1762F0C8-F0B5-4D64-B8DF-23B164554D40}.Npm_Release|Any CPU.ActiveCfg = Release|Any CPU
		{1762F0C8-F0B5-4D64-B8DF-23B164554D40}.Npm_Release|Any CPU.Build.0 = Release|Any CPU
		{1762F0C8-F0B5-4D64-B8DF-23B164554D40}.Release|Any CPU.ActiveCfg = Release|Any CPU
		{1762F0C8-F0B5-4D64-B8DF-23B164554D40}.Release|Any CPU.Build.0 = Release|Any CPU
		{A8B33EDC-FE3D-4BBA-B127-13A6AD7E5C12}.Cloud_Debug|Any CPU.ActiveCfg = Debug|Any CPU
		{A8B33EDC-FE3D-4BBA-B127-13A6AD7E5C12}.Cloud_Debug|Any CPU.Build.0 = Debug|Any CPU
		{A8B33EDC-FE3D-4BBA-B127-13A6AD7E5C12}.Cloud_Release|Any CPU.ActiveCfg = Release|Any CPU
		{A8B33EDC-FE3D-4BBA-B127-13A6AD7E5C12}.Cloud_Release|Any CPU.Build.0 = Release|Any CPU
		{A8B33EDC-FE3D-4BBA-B127-13A6AD7E5C12}.Debug|Any CPU.ActiveCfg = Debug|Any CPU
		{A8B33EDC-FE3D-4BBA-B127-13A6AD7E5C12}.Debug|Any CPU.Build.0 = Debug|Any CPU
		{A8B33EDC-FE3D-4BBA-B127-13A6AD7E5C12}.Npm_Release|Any CPU.ActiveCfg = Release|Any CPU
		{A8B33EDC-FE3D-4BBA-B127-13A6AD7E5C12}.Npm_Release|Any CPU.Build.0 = Release|Any CPU
		{A8B33EDC-FE3D-4BBA-B127-13A6AD7E5C12}.Release|Any CPU.ActiveCfg = Release|Any CPU
		{A8B33EDC-FE3D-4BBA-B127-13A6AD7E5C12}.Release|Any CPU.Build.0 = Release|Any CPU
		{29521C64-3269-40DA-9B4C-CD492246C889}.Cloud_Debug|Any CPU.ActiveCfg = Debug|Any CPU
		{29521C64-3269-40DA-9B4C-CD492246C889}.Cloud_Debug|Any CPU.Build.0 = Debug|Any CPU
		{29521C64-3269-40DA-9B4C-CD492246C889}.Cloud_Release|Any CPU.ActiveCfg = Release|Any CPU
		{29521C64-3269-40DA-9B4C-CD492246C889}.Cloud_Release|Any CPU.Build.0 = Release|Any CPU
		{29521C64-3269-40DA-9B4C-CD492246C889}.Debug|Any CPU.ActiveCfg = Debug|Any CPU
		{29521C64-3269-40DA-9B4C-CD492246C889}.Debug|Any CPU.Build.0 = Debug|Any CPU
		{29521C64-3269-40DA-9B4C-CD492246C889}.Npm_Release|Any CPU.ActiveCfg = Npm_Release|Any CPU
		{29521C64-3269-40DA-9B4C-CD492246C889}.Npm_Release|Any CPU.Build.0 = Npm_Release|Any CPU
		{29521C64-3269-40DA-9B4C-CD492246C889}.Release|Any CPU.ActiveCfg = Release|Any CPU
		{29521C64-3269-40DA-9B4C-CD492246C889}.Release|Any CPU.Build.0 = Release|Any CPU
		{E9445FC8-2BBD-4EFD-B63D-8C7B8C6EEB50}.Cloud_Debug|Any CPU.ActiveCfg = Debug|Any CPU
		{E9445FC8-2BBD-4EFD-B63D-8C7B8C6EEB50}.Cloud_Debug|Any CPU.Build.0 = Debug|Any CPU
		{E9445FC8-2BBD-4EFD-B63D-8C7B8C6EEB50}.Cloud_Release|Any CPU.ActiveCfg = Release|Any CPU
		{E9445FC8-2BBD-4EFD-B63D-8C7B8C6EEB50}.Cloud_Release|Any CPU.Build.0 = Release|Any CPU
		{E9445FC8-2BBD-4EFD-B63D-8C7B8C6EEB50}.Debug|Any CPU.ActiveCfg = Debug|Any CPU
		{E9445FC8-2BBD-4EFD-B63D-8C7B8C6EEB50}.Debug|Any CPU.Build.0 = Debug|Any CPU
		{E9445FC8-2BBD-4EFD-B63D-8C7B8C6EEB50}.Npm_Release|Any CPU.ActiveCfg = Release|Any CPU
		{E9445FC8-2BBD-4EFD-B63D-8C7B8C6EEB50}.Npm_Release|Any CPU.Build.0 = Release|Any CPU
		{E9445FC8-2BBD-4EFD-B63D-8C7B8C6EEB50}.Release|Any CPU.ActiveCfg = Release|Any CPU
		{E9445FC8-2BBD-4EFD-B63D-8C7B8C6EEB50}.Release|Any CPU.Build.0 = Release|Any CPU
		{A64708EF-4972-48A3-B7B9-6B65E47EFE27}.Cloud_Debug|Any CPU.ActiveCfg = Debug|Any CPU
		{A64708EF-4972-48A3-B7B9-6B65E47EFE27}.Cloud_Debug|Any CPU.Build.0 = Debug|Any CPU
		{A64708EF-4972-48A3-B7B9-6B65E47EFE27}.Cloud_Release|Any CPU.ActiveCfg = Release|Any CPU
		{A64708EF-4972-48A3-B7B9-6B65E47EFE27}.Cloud_Release|Any CPU.Build.0 = Release|Any CPU
		{A64708EF-4972-48A3-B7B9-6B65E47EFE27}.Debug|Any CPU.ActiveCfg = Debug|Any CPU
		{A64708EF-4972-48A3-B7B9-6B65E47EFE27}.Debug|Any CPU.Build.0 = Debug|Any CPU
		{A64708EF-4972-48A3-B7B9-6B65E47EFE27}.Npm_Release|Any CPU.ActiveCfg = Release|Any CPU
		{A64708EF-4972-48A3-B7B9-6B65E47EFE27}.Npm_Release|Any CPU.Build.0 = Release|Any CPU
		{A64708EF-4972-48A3-B7B9-6B65E47EFE27}.Release|Any CPU.ActiveCfg = Release|Any CPU
		{A64708EF-4972-48A3-B7B9-6B65E47EFE27}.Release|Any CPU.Build.0 = Release|Any CPU
		{A3DF3DFE-0A09-4D3E-9E82-A0D5EC45750E}.Cloud_Debug|Any CPU.ActiveCfg = Debug|Any CPU
		{A3DF3DFE-0A09-4D3E-9E82-A0D5EC45750E}.Cloud_Debug|Any CPU.Build.0 = Debug|Any CPU
		{A3DF3DFE-0A09-4D3E-9E82-A0D5EC45750E}.Cloud_Release|Any CPU.ActiveCfg = Release|Any CPU
		{A3DF3DFE-0A09-4D3E-9E82-A0D5EC45750E}.Cloud_Release|Any CPU.Build.0 = Release|Any CPU
		{A3DF3DFE-0A09-4D3E-9E82-A0D5EC45750E}.Debug|Any CPU.ActiveCfg = Debug|Any CPU
		{A3DF3DFE-0A09-4D3E-9E82-A0D5EC45750E}.Debug|Any CPU.Build.0 = Debug|Any CPU
		{A3DF3DFE-0A09-4D3E-9E82-A0D5EC45750E}.Npm_Release|Any CPU.ActiveCfg = Release|Any CPU
		{A3DF3DFE-0A09-4D3E-9E82-A0D5EC45750E}.Npm_Release|Any CPU.Build.0 = Release|Any CPU
		{A3DF3DFE-0A09-4D3E-9E82-A0D5EC45750E}.Release|Any CPU.ActiveCfg = Release|Any CPU
		{A3DF3DFE-0A09-4D3E-9E82-A0D5EC45750E}.Release|Any CPU.Build.0 = Release|Any CPU
		{9FA6939A-0ABF-42AF-B43A-4063AFE3EE47}.Cloud_Debug|Any CPU.ActiveCfg = Debug|Any CPU
		{9FA6939A-0ABF-42AF-B43A-4063AFE3EE47}.Cloud_Debug|Any CPU.Build.0 = Debug|Any CPU
		{9FA6939A-0ABF-42AF-B43A-4063AFE3EE47}.Cloud_Release|Any CPU.ActiveCfg = Release|Any CPU
		{9FA6939A-0ABF-42AF-B43A-4063AFE3EE47}.Cloud_Release|Any CPU.Build.0 = Release|Any CPU
		{9FA6939A-0ABF-42AF-B43A-4063AFE3EE47}.Debug|Any CPU.ActiveCfg = Debug|Any CPU
		{9FA6939A-0ABF-42AF-B43A-4063AFE3EE47}.Debug|Any CPU.Build.0 = Debug|Any CPU
		{9FA6939A-0ABF-42AF-B43A-4063AFE3EE47}.Npm_Release|Any CPU.ActiveCfg = Release|Any CPU
		{9FA6939A-0ABF-42AF-B43A-4063AFE3EE47}.Npm_Release|Any CPU.Build.0 = Release|Any CPU
		{9FA6939A-0ABF-42AF-B43A-4063AFE3EE47}.Release|Any CPU.ActiveCfg = Release|Any CPU
		{9FA6939A-0ABF-42AF-B43A-4063AFE3EE47}.Release|Any CPU.Build.0 = Release|Any CPU
		{312D5D02-5E41-4851-B7B1-4AEE27F8E42C}.Cloud_Debug|Any CPU.ActiveCfg = Debug|Any CPU
		{312D5D02-5E41-4851-B7B1-4AEE27F8E42C}.Cloud_Debug|Any CPU.Build.0 = Debug|Any CPU
		{312D5D02-5E41-4851-B7B1-4AEE27F8E42C}.Cloud_Release|Any CPU.ActiveCfg = Release|Any CPU
		{312D5D02-5E41-4851-B7B1-4AEE27F8E42C}.Cloud_Release|Any CPU.Build.0 = Release|Any CPU
		{312D5D02-5E41-4851-B7B1-4AEE27F8E42C}.Debug|Any CPU.ActiveCfg = Debug|Any CPU
		{312D5D02-5E41-4851-B7B1-4AEE27F8E42C}.Debug|Any CPU.Build.0 = Debug|Any CPU
		{312D5D02-5E41-4851-B7B1-4AEE27F8E42C}.Npm_Release|Any CPU.ActiveCfg = Release|Any CPU
		{312D5D02-5E41-4851-B7B1-4AEE27F8E42C}.Npm_Release|Any CPU.Build.0 = Release|Any CPU
		{312D5D02-5E41-4851-B7B1-4AEE27F8E42C}.Release|Any CPU.ActiveCfg = Release|Any CPU
		{312D5D02-5E41-4851-B7B1-4AEE27F8E42C}.Release|Any CPU.Build.0 = Release|Any CPU
		{C0A07377-E031-4C5B-AC56-0080555C9AC2}.Cloud_Debug|Any CPU.ActiveCfg = Debug|Any CPU
		{C0A07377-E031-4C5B-AC56-0080555C9AC2}.Cloud_Debug|Any CPU.Build.0 = Debug|Any CPU
		{C0A07377-E031-4C5B-AC56-0080555C9AC2}.Cloud_Release|Any CPU.ActiveCfg = Release|Any CPU
		{C0A07377-E031-4C5B-AC56-0080555C9AC2}.Cloud_Release|Any CPU.Build.0 = Release|Any CPU
		{C0A07377-E031-4C5B-AC56-0080555C9AC2}.Debug|Any CPU.ActiveCfg = Debug|Any CPU
		{C0A07377-E031-4C5B-AC56-0080555C9AC2}.Debug|Any CPU.Build.0 = Debug|Any CPU
		{C0A07377-E031-4C5B-AC56-0080555C9AC2}.Npm_Release|Any CPU.ActiveCfg = Release|Any CPU
		{C0A07377-E031-4C5B-AC56-0080555C9AC2}.Npm_Release|Any CPU.Build.0 = Release|Any CPU
		{C0A07377-E031-4C5B-AC56-0080555C9AC2}.Release|Any CPU.ActiveCfg = Release|Any CPU
		{C0A07377-E031-4C5B-AC56-0080555C9AC2}.Release|Any CPU.Build.0 = Release|Any CPU
		{2CDEB8FA-ADFF-4440-84EA-3AF2CCB848D6}.Cloud_Debug|Any CPU.ActiveCfg = Debug|Any CPU
		{2CDEB8FA-ADFF-4440-84EA-3AF2CCB848D6}.Cloud_Debug|Any CPU.Build.0 = Debug|Any CPU
		{2CDEB8FA-ADFF-4440-84EA-3AF2CCB848D6}.Cloud_Release|Any CPU.ActiveCfg = Release|Any CPU
		{2CDEB8FA-ADFF-4440-84EA-3AF2CCB848D6}.Cloud_Release|Any CPU.Build.0 = Release|Any CPU
		{2CDEB8FA-ADFF-4440-84EA-3AF2CCB848D6}.Debug|Any CPU.ActiveCfg = Debug|Any CPU
		{2CDEB8FA-ADFF-4440-84EA-3AF2CCB848D6}.Debug|Any CPU.Build.0 = Debug|Any CPU
		{2CDEB8FA-ADFF-4440-84EA-3AF2CCB848D6}.Npm_Release|Any CPU.ActiveCfg = Release|Any CPU
		{2CDEB8FA-ADFF-4440-84EA-3AF2CCB848D6}.Npm_Release|Any CPU.Build.0 = Release|Any CPU
		{2CDEB8FA-ADFF-4440-84EA-3AF2CCB848D6}.Release|Any CPU.ActiveCfg = Release|Any CPU
		{2CDEB8FA-ADFF-4440-84EA-3AF2CCB848D6}.Release|Any CPU.Build.0 = Release|Any CPU
		{EE37275B-1E65-4475-BB1E-0F8F31B3D281}.Cloud_Debug|Any CPU.ActiveCfg = Debug|Any CPU
		{EE37275B-1E65-4475-BB1E-0F8F31B3D281}.Cloud_Debug|Any CPU.Build.0 = Debug|Any CPU
		{EE37275B-1E65-4475-BB1E-0F8F31B3D281}.Cloud_Release|Any CPU.ActiveCfg = Release|Any CPU
		{EE37275B-1E65-4475-BB1E-0F8F31B3D281}.Cloud_Release|Any CPU.Build.0 = Release|Any CPU
		{EE37275B-1E65-4475-BB1E-0F8F31B3D281}.Debug|Any CPU.ActiveCfg = Debug|Any CPU
		{EE37275B-1E65-4475-BB1E-0F8F31B3D281}.Debug|Any CPU.Build.0 = Debug|Any CPU
		{EE37275B-1E65-4475-BB1E-0F8F31B3D281}.Npm_Release|Any CPU.ActiveCfg = Release|Any CPU
		{EE37275B-1E65-4475-BB1E-0F8F31B3D281}.Npm_Release|Any CPU.Build.0 = Release|Any CPU
		{EE37275B-1E65-4475-BB1E-0F8F31B3D281}.Release|Any CPU.ActiveCfg = Release|Any CPU
		{EE37275B-1E65-4475-BB1E-0F8F31B3D281}.Release|Any CPU.Build.0 = Release|Any CPU
		{B4CBAC32-E561-4426-AD67-8A12284AAED0}.Cloud_Debug|Any CPU.ActiveCfg = Debug|Any CPU
		{B4CBAC32-E561-4426-AD67-8A12284AAED0}.Cloud_Debug|Any CPU.Build.0 = Debug|Any CPU
		{B4CBAC32-E561-4426-AD67-8A12284AAED0}.Cloud_Release|Any CPU.ActiveCfg = Release|Any CPU
		{B4CBAC32-E561-4426-AD67-8A12284AAED0}.Cloud_Release|Any CPU.Build.0 = Release|Any CPU
		{B4CBAC32-E561-4426-AD67-8A12284AAED0}.Debug|Any CPU.ActiveCfg = Debug|Any CPU
		{B4CBAC32-E561-4426-AD67-8A12284AAED0}.Debug|Any CPU.Build.0 = Debug|Any CPU
		{B4CBAC32-E561-4426-AD67-8A12284AAED0}.Npm_Release|Any CPU.ActiveCfg = Release|Any CPU
		{B4CBAC32-E561-4426-AD67-8A12284AAED0}.Npm_Release|Any CPU.Build.0 = Release|Any CPU
		{B4CBAC32-E561-4426-AD67-8A12284AAED0}.Release|Any CPU.ActiveCfg = Release|Any CPU
		{B4CBAC32-E561-4426-AD67-8A12284AAED0}.Release|Any CPU.Build.0 = Release|Any CPU
	EndGlobalSection
	GlobalSection(SolutionProperties) = preSolution
		HideSolutionNode = FALSE
	EndGlobalSection
	GlobalSection(NestedProjects) = preSolution
		{7D92D57E-EB66-4816-A0FA-B39213452539} = {2D7C4965-755D-4F82-97FF-CBA77E9852DB}
		{8B50BA8B-0A08-41B8-81B8-EA70707C7379} = {2D7C4965-755D-4F82-97FF-CBA77E9852DB}
		{D6AE2D97-CCAA-4655-BE6F-6A9267431712} = {CA017058-6866-4429-AE3B-E509F3B2B594}
		{9D9B15DD-E7CE-476C-BD3B-FF44E64EFB67} = {CA017058-6866-4429-AE3B-E509F3B2B594}
		{9CCA271F-CFAA-42A3-B577-7D5CBB38C646} = {95F8E626-373F-427F-BD5B-7173AED7998F}
		{05515510-9979-4424-8D0A-647F32A25FE7} = {95F8E626-373F-427F-BD5B-7173AED7998F}
		{35AD8ED3-CBC3-4208-83D1-660EBC908DE2} = {95F8E626-373F-427F-BD5B-7173AED7998F}
		{95F8E626-373F-427F-BD5B-7173AED7998F} = {B4BE0735-4220-4FD1-BCE1-42AB9CE9D89F}
		{02E4C0BF-E416-49CC-900E-A1CEC143C4B9} = {B4BE0735-4220-4FD1-BCE1-42AB9CE9D89F}
		{EF78794D-AAEA-4759-9B82-FB2D38AFD3D4} = {B4BE0735-4220-4FD1-BCE1-42AB9CE9D89F}
		{962EE62B-2209-42B9-AB38-72E63E59DF57} = {02E4C0BF-E416-49CC-900E-A1CEC143C4B9}
		{89251729-9768-4245-A657-4D822E3E9122} = {02E4C0BF-E416-49CC-900E-A1CEC143C4B9}
		{2C608115-C60B-4138-B4FA-525513E984B8} = {02E4C0BF-E416-49CC-900E-A1CEC143C4B9}
		{5AD58DBF-E912-46E5-8812-342BB8AF8182} = {02E4C0BF-E416-49CC-900E-A1CEC143C4B9}
		{96E8B714-A431-4CB7-A251-17F171055F64} = {02E4C0BF-E416-49CC-900E-A1CEC143C4B9}
		{15506C01-A730-46B9-8571-99C20226AAE6} = {02E4C0BF-E416-49CC-900E-A1CEC143C4B9}
		{A93DED6D-8696-40FE-90FC-4236F972BE41} = {EF78794D-AAEA-4759-9B82-FB2D38AFD3D4}
		{271F868B-2395-4652-B2EA-EF5FEC3CCBEA} = {EF78794D-AAEA-4759-9B82-FB2D38AFD3D4}
		{55BE3993-A19A-442D-9E2E-D0E8A690CFFC} = {EF78794D-AAEA-4759-9B82-FB2D38AFD3D4}
		{1762F0C8-F0B5-4D64-B8DF-23B164554D40} = {EF78794D-AAEA-4759-9B82-FB2D38AFD3D4}
		{A8B33EDC-FE3D-4BBA-B127-13A6AD7E5C12} = {EF78794D-AAEA-4759-9B82-FB2D38AFD3D4}
		{29521C64-3269-40DA-9B4C-CD492246C889} = {EF78794D-AAEA-4759-9B82-FB2D38AFD3D4}
		{E9445FC8-2BBD-4EFD-B63D-8C7B8C6EEB50} = {EF78794D-AAEA-4759-9B82-FB2D38AFD3D4}
		{A64708EF-4972-48A3-B7B9-6B65E47EFE27} = {EF78794D-AAEA-4759-9B82-FB2D38AFD3D4}
		{A3DF3DFE-0A09-4D3E-9E82-A0D5EC45750E} = {EF78794D-AAEA-4759-9B82-FB2D38AFD3D4}
		{9FA6939A-0ABF-42AF-B43A-4063AFE3EE47} = {EF78794D-AAEA-4759-9B82-FB2D38AFD3D4}
		{312D5D02-5E41-4851-B7B1-4AEE27F8E42C} = {EF78794D-AAEA-4759-9B82-FB2D38AFD3D4}
		{C0A07377-E031-4C5B-AC56-0080555C9AC2} = {EF78794D-AAEA-4759-9B82-FB2D38AFD3D4}
		{2CDEB8FA-ADFF-4440-84EA-3AF2CCB848D6} = {EF78794D-AAEA-4759-9B82-FB2D38AFD3D4}
		{EE37275B-1E65-4475-BB1E-0F8F31B3D281} = {EF78794D-AAEA-4759-9B82-FB2D38AFD3D4}
		{B4CBAC32-E561-4426-AD67-8A12284AAED0} = {EF78794D-AAEA-4759-9B82-FB2D38AFD3D4}
	EndGlobalSection
EndGlobal
