Microsoft Visual Studio Solution File, Format Version 12.00
# Visual Studio 14
VisualStudioVersion = 14.0.23107.0
MinimumVisualStudioVersion = 10.0.40219.1
Project("{FAE04EC0-301F-11D3-BF4B-00C04F79EFBC}") = "DotNetNuke.Library", "DNN Platform\Library\DotNetNuke.Library.csproj", "{6B29ADED-7B56-4484-BEA5-C0E09079535B}"
EndProject
Project("{FAE04EC0-301F-11D3-BF4B-00C04F79EFBC}") = "DotNetNuke.Web", "DNN Platform\DotNetNuke.Web\DotNetNuke.Web.csproj", "{EE1329FE-FD88-4E1A-968C-345E394EF080}"
EndProject
Project("{2150E333-8FDC-42A3-9474-1A3956D46DE8}") = "Tests", "Tests", "{973A675B-1CF8-42E0-8566-09B4EFD3E83E}"
EndProject
Project("{2150E333-8FDC-42A3-9474-1A3956D46DE8}") = "Unit", "Unit", "{88E649D7-1379-430F-B794-1F3B9B442C80}"
EndProject
Project("{FAE04EC0-301F-11D3-BF4B-00C04F79EFBC}") = "DotNetNuke.Tests.Utilities", "DNN Platform\Tests\DotNetNuke.Tests.Utilities\DotNetNuke.Tests.Utilities.csproj", "{68368906-57DD-40D1-AC10-35211A17D617}"
EndProject
Project("{FAE04EC0-301F-11D3-BF4B-00C04F79EFBC}") = "DotNetNuke.Tests.Content", "DNN Platform\Tests\DotNetNuke.Tests.Content\DotNetNuke.Tests.Content.csproj", "{22A67B3F-D9B6-4447-A3F7-E387075AF969}"
EndProject
Project("{FAE04EC0-301F-11D3-BF4B-00C04F79EFBC}") = "DotNetNuke.Tests.Data", "DNN Platform\Tests\DotNetNuke.Tests.Data\DotNetNuke.Tests.Data.csproj", "{2595AADE-D3E0-4205-B8AF-109CB23F4223}"
EndProject
Project("{FAE04EC0-301F-11D3-BF4B-00C04F79EFBC}") = "DotNetNuke.Tests.UI", "DNN Platform\Tests\DotNetNuke.Tests.UI\DotNetNuke.Tests.UI.csproj", "{5484768D-80AA-4D07-86F0-8CB0A06AFD99}"
EndProject
Project("{FAE04EC0-301F-11D3-BF4B-00C04F79EFBC}") = "DotNetNuke.Tests.Core", "DNN Platform\Tests\DotNetNuke.Tests.Core\DotNetNuke.Tests.Core.csproj", "{BCA9AC2A-1DF7-4697-8836-452E13E7CAFA}"
EndProject
Project("{2150E333-8FDC-42A3-9474-1A3956D46DE8}") = "Integration", "Integration", "{7E98CA08-903E-45F7-BD83-853763D5E15B}"
EndProject
Project("{FAE04EC0-301F-11D3-BF4B-00C04F79EFBC}") = "DotNetNuke.Tests.Web", "DNN Platform\Tests\DotNetNuke.Tests.Web\DotNetNuke.Tests.Web.csproj", "{705708E8-6AD9-4021-9B36-EFC83AD42EE7}"
EndProject
Project("{2150E333-8FDC-42A3-9474-1A3956D46DE8}") = "Solution Items", "Solution Items", "{FBD3B3FB-C9A6-43D2-8FE7-6A0A19DF0D0C}"
	ProjectSection(SolutionItems) = preProject
		DNN Platform\Tests\App.config = DNN Platform\Tests\App.config
		DNN_Platform.build = DNN_Platform.build
		Build\BuildScripts\Module.build = Build\BuildScripts\Module.build
	EndProjectSection
EndProject
Project("{FAE04EC0-301F-11D3-BF4B-00C04F79EFBC}") = "DotNetNuke.Web.Mvc", "DNN Platform\DotNetNuke.Web.Mvc\DotNetNuke.Web.Mvc.csproj", "{64DC5798-9D37-4F8D-97DD-8403E6E70DD3}"
EndProject
Project("{FAE04EC0-301F-11D3-BF4B-00C04F79EFBC}") = "DotNetNuke.Tests.Web.Mvc", "DNN Platform\Tests\DotNetNuke.Tests.Web.Mvc\DotNetNuke.Tests.Web.Mvc.csproj", "{AF3A5042-B67B-4F84-9E40-BE06B1105337}"
EndProject
Project("{2150E333-8FDC-42A3-9474-1A3956D46DE8}") = "Modules", "Modules", "{8FDA59A1-2095-4B3A-8EE2-25347FA94A35}"
EndProject
Project("{FAE04EC0-301F-11D3-BF4B-00C04F79EFBC}") = "DotNetNuke.Tests.Integration", "DNN Platform\Tests\DotNetNuke.Tests.Integration\DotNetNuke.Tests.Integration.csproj", "{6629A64D-58B9-48B9-B932-15AF193C2212}"
EndProject
Project("{FAE04EC0-301F-11D3-BF4B-00C04F79EFBC}") = "DotNetNuke.Tests.Urls", "DNN Platform\Tests\DotNetNuke.Tests.Urls\DotNetNuke.Tests.Urls.csproj", "{F9CE7C63-C729-4E3A-A266-6B23D75A1247}"
EndProject
Project("{FAE04EC0-301F-11D3-BF4B-00C04F79EFBC}") = "DotNetNuke.Website", "Website\DotNetNuke.Website.csproj", "{7F680294-37DA-4901-A19B-AF09794F73D7}"
	ProjectSection(ProjectDependencies) = postProject
		{64DC5798-9D37-4F8D-97DD-8403E6E70DD3} = {64DC5798-9D37-4F8D-97DD-8403E6E70DD3}
		{6B29ADED-7B56-4484-BEA5-C0E09079535B} = {6B29ADED-7B56-4484-BEA5-C0E09079535B}
		{EE1329FE-FD88-4E1A-968C-345E394EF080} = {EE1329FE-FD88-4E1A-968C-345E394EF080}
	EndProjectSection
EndProject
Global
	GlobalSection(SolutionConfigurationPlatforms) = preSolution
		Debug|Any CPU = Debug|Any CPU
		Debug|x86 = Debug|x86
		Release|Any CPU = Release|Any CPU
		Release|x86 = Release|x86
	EndGlobalSection
	GlobalSection(ProjectConfigurationPlatforms) = postSolution
		{6B29ADED-7B56-4484-BEA5-C0E09079535B}.Debug|Any CPU.ActiveCfg = Debug|Any CPU
		{6B29ADED-7B56-4484-BEA5-C0E09079535B}.Debug|Any CPU.Build.0 = Debug|Any CPU
		{6B29ADED-7B56-4484-BEA5-C0E09079535B}.Debug|x86.ActiveCfg = Debug|x86
		{6B29ADED-7B56-4484-BEA5-C0E09079535B}.Debug|x86.Build.0 = Debug|x86
		{6B29ADED-7B56-4484-BEA5-C0E09079535B}.Release|Any CPU.ActiveCfg = Release|Any CPU
		{6B29ADED-7B56-4484-BEA5-C0E09079535B}.Release|Any CPU.Build.0 = Release|Any CPU
		{6B29ADED-7B56-4484-BEA5-C0E09079535B}.Release|x86.ActiveCfg = Release|x86
		{6B29ADED-7B56-4484-BEA5-C0E09079535B}.Release|x86.Build.0 = Release|x86
		{EE1329FE-FD88-4E1A-968C-345E394EF080}.Debug|Any CPU.ActiveCfg = Debug|Any CPU
		{EE1329FE-FD88-4E1A-968C-345E394EF080}.Debug|Any CPU.Build.0 = Debug|Any CPU
		{EE1329FE-FD88-4E1A-968C-345E394EF080}.Debug|x86.ActiveCfg = Debug|x86
		{EE1329FE-FD88-4E1A-968C-345E394EF080}.Debug|x86.Build.0 = Debug|x86
		{EE1329FE-FD88-4E1A-968C-345E394EF080}.Release|Any CPU.ActiveCfg = Release|Any CPU
		{EE1329FE-FD88-4E1A-968C-345E394EF080}.Release|Any CPU.Build.0 = Release|Any CPU
		{EE1329FE-FD88-4E1A-968C-345E394EF080}.Release|x86.ActiveCfg = Release|x86
		{EE1329FE-FD88-4E1A-968C-345E394EF080}.Release|x86.Build.0 = Release|x86
		{68368906-57DD-40D1-AC10-35211A17D617}.Debug|Any CPU.ActiveCfg = Debug|Any CPU
		{68368906-57DD-40D1-AC10-35211A17D617}.Debug|Any CPU.Build.0 = Debug|Any CPU
		{68368906-57DD-40D1-AC10-35211A17D617}.Debug|x86.ActiveCfg = Debug|Any CPU
		{68368906-57DD-40D1-AC10-35211A17D617}.Release|Any CPU.ActiveCfg = Release|Any CPU
		{68368906-57DD-40D1-AC10-35211A17D617}.Release|Any CPU.Build.0 = Release|Any CPU
		{68368906-57DD-40D1-AC10-35211A17D617}.Release|x86.ActiveCfg = Release|Any CPU
		{22A67B3F-D9B6-4447-A3F7-E387075AF969}.Debug|Any CPU.ActiveCfg = Debug|Any CPU
		{22A67B3F-D9B6-4447-A3F7-E387075AF969}.Debug|Any CPU.Build.0 = Debug|Any CPU
		{22A67B3F-D9B6-4447-A3F7-E387075AF969}.Debug|x86.ActiveCfg = Debug|Any CPU
		{22A67B3F-D9B6-4447-A3F7-E387075AF969}.Release|Any CPU.ActiveCfg = Release|Any CPU
		{22A67B3F-D9B6-4447-A3F7-E387075AF969}.Release|Any CPU.Build.0 = Release|Any CPU
		{22A67B3F-D9B6-4447-A3F7-E387075AF969}.Release|x86.ActiveCfg = Release|Any CPU
		{2595AADE-D3E0-4205-B8AF-109CB23F4223}.Debug|Any CPU.ActiveCfg = Debug|Any CPU
		{2595AADE-D3E0-4205-B8AF-109CB23F4223}.Debug|Any CPU.Build.0 = Debug|Any CPU
		{2595AADE-D3E0-4205-B8AF-109CB23F4223}.Debug|x86.ActiveCfg = Debug|Any CPU
		{2595AADE-D3E0-4205-B8AF-109CB23F4223}.Release|Any CPU.ActiveCfg = Release|Any CPU
		{2595AADE-D3E0-4205-B8AF-109CB23F4223}.Release|Any CPU.Build.0 = Release|Any CPU
		{2595AADE-D3E0-4205-B8AF-109CB23F4223}.Release|x86.ActiveCfg = Release|Any CPU
		{5484768D-80AA-4D07-86F0-8CB0A06AFD99}.Debug|Any CPU.ActiveCfg = Debug|Any CPU
		{5484768D-80AA-4D07-86F0-8CB0A06AFD99}.Debug|Any CPU.Build.0 = Debug|Any CPU
		{5484768D-80AA-4D07-86F0-8CB0A06AFD99}.Debug|x86.ActiveCfg = Debug|Any CPU
		{5484768D-80AA-4D07-86F0-8CB0A06AFD99}.Release|Any CPU.ActiveCfg = Release|Any CPU
		{5484768D-80AA-4D07-86F0-8CB0A06AFD99}.Release|Any CPU.Build.0 = Release|Any CPU
		{5484768D-80AA-4D07-86F0-8CB0A06AFD99}.Release|x86.ActiveCfg = Release|Any CPU
		{BCA9AC2A-1DF7-4697-8836-452E13E7CAFA}.Debug|Any CPU.ActiveCfg = Debug|Any CPU
		{BCA9AC2A-1DF7-4697-8836-452E13E7CAFA}.Debug|Any CPU.Build.0 = Debug|Any CPU
		{BCA9AC2A-1DF7-4697-8836-452E13E7CAFA}.Debug|x86.ActiveCfg = Debug|Any CPU
		{BCA9AC2A-1DF7-4697-8836-452E13E7CAFA}.Release|Any CPU.ActiveCfg = Release|Any CPU
		{BCA9AC2A-1DF7-4697-8836-452E13E7CAFA}.Release|Any CPU.Build.0 = Release|Any CPU
		{BCA9AC2A-1DF7-4697-8836-452E13E7CAFA}.Release|x86.ActiveCfg = Release|Any CPU
		{705708E8-6AD9-4021-9B36-EFC83AD42EE7}.Debug|Any CPU.ActiveCfg = Debug|Any CPU
		{705708E8-6AD9-4021-9B36-EFC83AD42EE7}.Debug|Any CPU.Build.0 = Debug|Any CPU
		{705708E8-6AD9-4021-9B36-EFC83AD42EE7}.Debug|x86.ActiveCfg = Debug|Any CPU
		{705708E8-6AD9-4021-9B36-EFC83AD42EE7}.Release|Any CPU.ActiveCfg = Release|Any CPU
		{705708E8-6AD9-4021-9B36-EFC83AD42EE7}.Release|Any CPU.Build.0 = Release|Any CPU
		{705708E8-6AD9-4021-9B36-EFC83AD42EE7}.Release|x86.ActiveCfg = Release|Any CPU
		{64DC5798-9D37-4F8D-97DD-8403E6E70DD3}.Debug|Any CPU.ActiveCfg = Debug|Any CPU
		{64DC5798-9D37-4F8D-97DD-8403E6E70DD3}.Debug|Any CPU.Build.0 = Debug|Any CPU
		{64DC5798-9D37-4F8D-97DD-8403E6E70DD3}.Debug|x86.ActiveCfg = Debug|Any CPU
		{64DC5798-9D37-4F8D-97DD-8403E6E70DD3}.Release|Any CPU.ActiveCfg = Release|Any CPU
		{64DC5798-9D37-4F8D-97DD-8403E6E70DD3}.Release|Any CPU.Build.0 = Release|Any CPU
		{64DC5798-9D37-4F8D-97DD-8403E6E70DD3}.Release|x86.ActiveCfg = Release|Any CPU
		{AF3A5042-B67B-4F84-9E40-BE06B1105337}.Debug|Any CPU.ActiveCfg = Debug|Any CPU
		{AF3A5042-B67B-4F84-9E40-BE06B1105337}.Debug|Any CPU.Build.0 = Debug|Any CPU
		{AF3A5042-B67B-4F84-9E40-BE06B1105337}.Debug|x86.ActiveCfg = Debug|Any CPU
		{AF3A5042-B67B-4F84-9E40-BE06B1105337}.Release|Any CPU.ActiveCfg = Release|Any CPU
		{AF3A5042-B67B-4F84-9E40-BE06B1105337}.Release|Any CPU.Build.0 = Release|Any CPU
		{AF3A5042-B67B-4F84-9E40-BE06B1105337}.Release|x86.ActiveCfg = Release|Any CPU
		{6629A64D-58B9-48B9-B932-15AF193C2212}.Debug|Any CPU.ActiveCfg = Debug|Any CPU
		{6629A64D-58B9-48B9-B932-15AF193C2212}.Debug|Any CPU.Build.0 = Debug|Any CPU
		{6629A64D-58B9-48B9-B932-15AF193C2212}.Debug|x86.ActiveCfg = Debug|Any CPU
		{6629A64D-58B9-48B9-B932-15AF193C2212}.Debug|x86.Build.0 = Debug|Any CPU
		{6629A64D-58B9-48B9-B932-15AF193C2212}.Release|Any CPU.ActiveCfg = Release|Any CPU
		{6629A64D-58B9-48B9-B932-15AF193C2212}.Release|Any CPU.Build.0 = Release|Any CPU
		{6629A64D-58B9-48B9-B932-15AF193C2212}.Release|x86.ActiveCfg = Release|Any CPU
		{6629A64D-58B9-48B9-B932-15AF193C2212}.Release|x86.Build.0 = Release|Any CPU
		{F9CE7C63-C729-4E3A-A266-6B23D75A1247}.Debug|Any CPU.ActiveCfg = Debug|Any CPU
		{F9CE7C63-C729-4E3A-A266-6B23D75A1247}.Debug|Any CPU.Build.0 = Debug|Any CPU
		{F9CE7C63-C729-4E3A-A266-6B23D75A1247}.Debug|x86.ActiveCfg = Debug|Any CPU
		{F9CE7C63-C729-4E3A-A266-6B23D75A1247}.Debug|x86.Build.0 = Debug|Any CPU
		{F9CE7C63-C729-4E3A-A266-6B23D75A1247}.Release|Any CPU.ActiveCfg = Release|Any CPU
		{F9CE7C63-C729-4E3A-A266-6B23D75A1247}.Release|Any CPU.Build.0 = Release|Any CPU
		{F9CE7C63-C729-4E3A-A266-6B23D75A1247}.Release|x86.ActiveCfg = Release|Any CPU
		{F9CE7C63-C729-4E3A-A266-6B23D75A1247}.Release|x86.Build.0 = Release|Any CPU
		{7F680294-37DA-4901-A19B-AF09794F73D7}.Debug|Any CPU.ActiveCfg = Debug|Any CPU
		{7F680294-37DA-4901-A19B-AF09794F73D7}.Debug|Any CPU.Build.0 = Debug|Any CPU
		{7F680294-37DA-4901-A19B-AF09794F73D7}.Debug|x86.ActiveCfg = Debug|Any CPU
		{7F680294-37DA-4901-A19B-AF09794F73D7}.Debug|x86.Build.0 = Debug|Any CPU
		{7F680294-37DA-4901-A19B-AF09794F73D7}.Release|Any CPU.ActiveCfg = Release|Any CPU
		{7F680294-37DA-4901-A19B-AF09794F73D7}.Release|Any CPU.Build.0 = Release|Any CPU
		{7F680294-37DA-4901-A19B-AF09794F73D7}.Release|x86.ActiveCfg = Release|Any CPU
		{7F680294-37DA-4901-A19B-AF09794F73D7}.Release|x86.Build.0 = Release|Any CPU
	EndGlobalSection
	GlobalSection(SolutionProperties) = preSolution
		HideSolutionNode = FALSE
	EndGlobalSection
	GlobalSection(NestedProjects) = preSolution
		{88E649D7-1379-430F-B794-1F3B9B442C80} = {973A675B-1CF8-42E0-8566-09B4EFD3E83E}
		{68368906-57DD-40D1-AC10-35211A17D617} = {973A675B-1CF8-42E0-8566-09B4EFD3E83E}
		{22A67B3F-D9B6-4447-A3F7-E387075AF969} = {88E649D7-1379-430F-B794-1F3B9B442C80}
		{2595AADE-D3E0-4205-B8AF-109CB23F4223} = {88E649D7-1379-430F-B794-1F3B9B442C80}
		{5484768D-80AA-4D07-86F0-8CB0A06AFD99} = {88E649D7-1379-430F-B794-1F3B9B442C80}
		{BCA9AC2A-1DF7-4697-8836-452E13E7CAFA} = {88E649D7-1379-430F-B794-1F3B9B442C80}
		{7E98CA08-903E-45F7-BD83-853763D5E15B} = {973A675B-1CF8-42E0-8566-09B4EFD3E83E}
		{705708E8-6AD9-4021-9B36-EFC83AD42EE7} = {88E649D7-1379-430F-B794-1F3B9B442C80}
		{AF3A5042-B67B-4F84-9E40-BE06B1105337} = {88E649D7-1379-430F-B794-1F3B9B442C80}
		{6629A64D-58B9-48B9-B932-15AF193C2212} = {7E98CA08-903E-45F7-BD83-853763D5E15B}
		{F9CE7C63-C729-4E3A-A266-6B23D75A1247} = {7E98CA08-903E-45F7-BD83-853763D5E15B}
	EndGlobalSection
EndGlobal
