Microsoft Visual Studio Solution File, Format Version 12.00
# Visual Studio 2012
Project("{2150E333-8FDC-42A3-9474-1A3956D46DE8}") = "Support Projects", "Support Projects", "{1DFA65CE-5978-49F9-83BA-CFBD0C7A1814}"
EndProject
Project("{FAE04EC0-301F-11D3-BF4B-00C04F79EFBC}") = "ClientDependency.Core", "DNN Platform\Components\ClientDependency\Source\ClientDependency.Core.csproj", "{3B64E72E-63CC-4A90-ADFF-4B919EF17239}"
EndProject
Project("{FAE04EC0-301F-11D3-BF4B-00C04F79EFBC}") = "DotNetNuke.Instrumentation", "DNN Platform\DotNetNuke.Instrumentation\DotNetNuke.Instrumentation.csproj", "{3CD5F6B8-8360-4862-80B6-F402892DB7DD}"
EndProject
Project("{FAE04EC0-301F-11D3-BF4B-00C04F79EFBC}") = "DotNetNuke.Web.Client", "DNN Platform\DotNetNuke.Web.Client\DotNetNuke.Web.Client.csproj", "{03E3AFA5-DDC9-48FB-A839-AD4282CE237E}"
EndProject
Project("{FAE04EC0-301F-11D3-BF4B-00C04F79EFBC}") = "DotNetNuke.Syndication", "DNN Platform\Syndication\DotNetNuke.Syndication.csproj", "{9F2F4076-D434-448F-9CBB-7BF7A9766AB1}"
EndProject
Project("{FAE04EC0-301F-11D3-BF4B-00C04F79EFBC}") = "DotNetNuke.Library", "DNN Platform\Library\DotNetNuke.Library.csproj", "{6B29ADED-7B56-4484-BEA5-C0E09079535B}"
EndProject
Project("{FAE04EC0-301F-11D3-BF4B-00C04F79EFBC}") = "CountryListBox", "DNN Platform\Controls\CountryListBox\CountryListBox.csproj", "{CA056730-5759-41F8-A6C1-420F9C0C63E7}"
EndProject
Project("{FAE04EC0-301F-11D3-BF4B-00C04F79EFBC}") = "DotNetNuke.Web", "DNN Platform\DotNetNuke.Web\DotNetNuke.Web.csproj", "{EE1329FE-FD88-4E1A-968C-345E394EF080}"
EndProject
Project("{FAE04EC0-301F-11D3-BF4B-00C04F79EFBC}") = "DotNetNuke.HttpModules", "DNN Platform\HttpModules\DotNetNuke.HttpModules.csproj", "{3D9C3F5F-1D2D-4D89-995B-438055A5E3A6}"
EndProject
Project("{2150E333-8FDC-42A3-9474-1A3956D46DE8}") = "Tests", "Tests", "{973A675B-1CF8-42E0-8566-09B4EFD3E83E}"
EndProject
Project("{2150E333-8FDC-42A3-9474-1A3956D46DE8}") = "Unit", "Unit", "{88E649D7-1379-430F-B794-1F3B9B442C80}"
EndProject
Project("{FAE04EC0-301F-11D3-BF4B-00C04F79EFBC}") = "DotNetNuke.Tests.Utilities", "DNN Platform\Tests\DotNetNuke.Tests.Utilities\DotNetNuke.Tests.Utilities.csproj", "{68368906-57DD-40D1-AC10-35211A17D617}"
EndProject
Project("{FAE04EC0-301F-11D3-BF4B-00C04F79EFBC}") = "DotNetNuke.Tests.Content", "DNN Platform\Tests\DotNetNuke.Tests.Content\DotNetNuke.Tests.Content.csproj", "{22A67B3F-D9B6-4447-A3F7-E387075AF969}"
EndProject
Project("{FAE04EC0-301F-11D3-BF4B-00C04F79EFBC}") = "DotNetNuke.Tests.Data", "DNN Platform\Tests\DotNetNuke.Tests.Data\DotNetNuke.Tests.Data.csproj", "{2595AADE-D3E0-4205-B8AF-109CB23F4223}"
EndProject
Project("{FAE04EC0-301F-11D3-BF4B-00C04F79EFBC}") = "DotNetNuke.Tests.UI", "DNN Platform\Tests\DotNetNuke.Tests.UI\DotNetNuke.Tests.UI.csproj", "{5484768D-80AA-4D07-86F0-8CB0A06AFD99}"
EndProject
Project("{FAE04EC0-301F-11D3-BF4B-00C04F79EFBC}") = "DotNetNuke.Tests.Core", "DNN Platform\Tests\DotNetNuke.Tests.Core\DotNetNuke.Tests.Core.csproj", "{BCA9AC2A-1DF7-4697-8836-452E13E7CAFA}"
EndProject
Project("{2150E333-8FDC-42A3-9474-1A3956D46DE8}") = "Automation", "Automation", "{98739F02-F34A-4427-9A17-C0509E7AAD75}"
EndProject
Project("{FAE04EC0-301F-11D3-BF4B-00C04F79EFBC}") = "DotNetNuke.Tests.DNNSelenium", "DNN Platform\Tests\DotNetNuke.Tests.Selenium\DotNetNuke.Tests.DNNSelenium.csproj", "{96FD101E-326A-4038-A081-A347061A6B77}"
EndProject
Project("{2150E333-8FDC-42A3-9474-1A3956D46DE8}") = "Integration", "Integration", "{7E98CA08-903E-45F7-BD83-853763D5E15B}"
EndProject
Project("{FAE04EC0-301F-11D3-BF4B-00C04F79EFBC}") = "DotNetNuke.Tests.Urls", "DNN Platform\Tests\DotNetNuke.Tests.Urls\DotNetNuke.Tests.Urls.csproj", "{F9CE7C63-C729-4E3A-A266-6B23D75A1247}"
EndProject
Project("{FAE04EC0-301F-11D3-BF4B-00C04F79EFBC}") = "DotNetNuke.Tests.Web", "DNN Platform\Tests\DotNetNuke.Tests.Web\DotNetNuke.Tests.Web.csproj", "{705708E8-6AD9-4021-9B36-EFC83AD42EE7}"
EndProject
Project("{2150E333-8FDC-42A3-9474-1A3956D46DE8}") = "Solution Items", "Solution Items", "{FBD3B3FB-C9A6-43D2-8FE7-6A0A19DF0D0C}"
	ProjectSection(SolutionItems) = preProject
		DNN Platform\Tests\App.config = DNN Platform\Tests\App.config
	EndProjectSection
EndProject
Project("{E24C65DC-7377-472B-9ABA-BC803B73C61A}") = "DNN_Platform", "http://localhost/DNN_Platform", "{6CD360CB-28EF-4727-90D3-06E2741EC568}"
	ProjectSection(WebsiteProperties) = preProject
		SccProjectName = ""
		SccAuxPath = ""
		SccLocalPath = ""
		SccProvider = ""
		UseIISExpress = "false"
		TargetFrameworkMoniker = ".NETFramework,Version%3Dv4.0"
		Debug.AspNetCompiler.VirtualPath = "/DNN_Platform"
		Debug.AspNetCompiler.PhysicalPath = "Website\"
		Debug.AspNetCompiler.TargetPath = "PrecompiledWeb\DNN_Platform\"
		Debug.AspNetCompiler.Updateable = "true"
		Debug.AspNetCompiler.ForceOverwrite = "true"
		Debug.AspNetCompiler.FixedNames = "false"
		Debug.AspNetCompiler.Debug = "True"
		Release.AspNetCompiler.VirtualPath = "/DNN_Platform"
		Release.AspNetCompiler.PhysicalPath = "Website\"
		Release.AspNetCompiler.TargetPath = "PrecompiledWeb\DNN_Platform\"
		Release.AspNetCompiler.Updateable = "true"
		Release.AspNetCompiler.ForceOverwrite = "true"
		Release.AspNetCompiler.FixedNames = "false"
		Release.AspNetCompiler.Debug = "False"
		SlnRelativePath = "Website\"
	EndProjectSection
EndProject
Project("{FAE04EC0-301F-11D3-BF4B-00C04F79EFBC}") = "DotNetNuke.Tests.Integration", "DNN Platform\Tests\DotNetNuke.Tests.Integration\DotNetNuke.Tests.Integration.csproj", "{6629A64D-58B9-48B9-B932-15AF193C2212}"
EndProject
Global
	GlobalSection(SolutionConfigurationPlatforms) = preSolution
		Debug|Any CPU = Debug|Any CPU
		Debug|x86 = Debug|x86
		Release|Any CPU = Release|Any CPU
		Release|x86 = Release|x86
	EndGlobalSection
	GlobalSection(ProjectConfigurationPlatforms) = postSolution
		{3B64E72E-63CC-4A90-ADFF-4B919EF17239}.Debug|Any CPU.ActiveCfg = Debug|Any CPU
		{3B64E72E-63CC-4A90-ADFF-4B919EF17239}.Debug|Any CPU.Build.0 = Debug|Any CPU
		{3B64E72E-63CC-4A90-ADFF-4B919EF17239}.Debug|x86.ActiveCfg = Debug|Any CPU
		{3B64E72E-63CC-4A90-ADFF-4B919EF17239}.Release|Any CPU.ActiveCfg = Release|Any CPU
		{3B64E72E-63CC-4A90-ADFF-4B919EF17239}.Release|Any CPU.Build.0 = Release|Any CPU
		{3B64E72E-63CC-4A90-ADFF-4B919EF17239}.Release|x86.ActiveCfg = Release|Any CPU
		{3CD5F6B8-8360-4862-80B6-F402892DB7DD}.Debug|Any CPU.ActiveCfg = Debug|Any CPU
		{3CD5F6B8-8360-4862-80B6-F402892DB7DD}.Debug|Any CPU.Build.0 = Debug|Any CPU
		{3CD5F6B8-8360-4862-80B6-F402892DB7DD}.Debug|x86.ActiveCfg = Debug|Any CPU
		{3CD5F6B8-8360-4862-80B6-F402892DB7DD}.Release|Any CPU.ActiveCfg = Release|Any CPU
		{3CD5F6B8-8360-4862-80B6-F402892DB7DD}.Release|Any CPU.Build.0 = Release|Any CPU
		{3CD5F6B8-8360-4862-80B6-F402892DB7DD}.Release|x86.ActiveCfg = Release|Any CPU
		{03E3AFA5-DDC9-48FB-A839-AD4282CE237E}.Debug|Any CPU.ActiveCfg = Debug|Any CPU
		{03E3AFA5-DDC9-48FB-A839-AD4282CE237E}.Debug|Any CPU.Build.0 = Debug|Any CPU
		{03E3AFA5-DDC9-48FB-A839-AD4282CE237E}.Debug|x86.ActiveCfg = Debug|Any CPU
		{03E3AFA5-DDC9-48FB-A839-AD4282CE237E}.Release|Any CPU.ActiveCfg = Release|Any CPU
		{03E3AFA5-DDC9-48FB-A839-AD4282CE237E}.Release|Any CPU.Build.0 = Release|Any CPU
		{03E3AFA5-DDC9-48FB-A839-AD4282CE237E}.Release|x86.ActiveCfg = Release|Any CPU
		{9F2F4076-D434-448F-9CBB-7BF7A9766AB1}.Debug|Any CPU.ActiveCfg = Debug|Any CPU
		{9F2F4076-D434-448F-9CBB-7BF7A9766AB1}.Debug|Any CPU.Build.0 = Debug|Any CPU
		{9F2F4076-D434-448F-9CBB-7BF7A9766AB1}.Debug|x86.ActiveCfg = Debug|Any CPU
		{9F2F4076-D434-448F-9CBB-7BF7A9766AB1}.Release|Any CPU.ActiveCfg = Release|Any CPU
		{9F2F4076-D434-448F-9CBB-7BF7A9766AB1}.Release|Any CPU.Build.0 = Release|Any CPU
		{9F2F4076-D434-448F-9CBB-7BF7A9766AB1}.Release|x86.ActiveCfg = Release|Any CPU
		{6B29ADED-7B56-4484-BEA5-C0E09079535B}.Debug|Any CPU.ActiveCfg = Debug|Any CPU
		{6B29ADED-7B56-4484-BEA5-C0E09079535B}.Debug|Any CPU.Build.0 = Debug|Any CPU
		{6B29ADED-7B56-4484-BEA5-C0E09079535B}.Debug|x86.ActiveCfg = Debug|x86
		{6B29ADED-7B56-4484-BEA5-C0E09079535B}.Debug|x86.Build.0 = Debug|x86
		{6B29ADED-7B56-4484-BEA5-C0E09079535B}.Release|Any CPU.ActiveCfg = Release|Any CPU
		{6B29ADED-7B56-4484-BEA5-C0E09079535B}.Release|Any CPU.Build.0 = Release|Any CPU
		{6B29ADED-7B56-4484-BEA5-C0E09079535B}.Release|x86.ActiveCfg = Release|x86
		{6B29ADED-7B56-4484-BEA5-C0E09079535B}.Release|x86.Build.0 = Release|x86
		{CA056730-5759-41F8-A6C1-420F9C0C63E7}.Debug|Any CPU.ActiveCfg = Debug|Any CPU
		{CA056730-5759-41F8-A6C1-420F9C0C63E7}.Debug|Any CPU.Build.0 = Debug|Any CPU
		{CA056730-5759-41F8-A6C1-420F9C0C63E7}.Debug|x86.ActiveCfg = Debug|Any CPU
		{CA056730-5759-41F8-A6C1-420F9C0C63E7}.Release|Any CPU.ActiveCfg = Release|Any CPU
		{CA056730-5759-41F8-A6C1-420F9C0C63E7}.Release|Any CPU.Build.0 = Release|Any CPU
		{CA056730-5759-41F8-A6C1-420F9C0C63E7}.Release|x86.ActiveCfg = Release|Any CPU
		{EE1329FE-FD88-4E1A-968C-345E394EF080}.Debug|Any CPU.ActiveCfg = Debug|Any CPU
		{EE1329FE-FD88-4E1A-968C-345E394EF080}.Debug|Any CPU.Build.0 = Debug|Any CPU
		{EE1329FE-FD88-4E1A-968C-345E394EF080}.Debug|x86.ActiveCfg = Debug|x86
		{EE1329FE-FD88-4E1A-968C-345E394EF080}.Debug|x86.Build.0 = Debug|x86
		{EE1329FE-FD88-4E1A-968C-345E394EF080}.Release|Any CPU.ActiveCfg = Release|Any CPU
		{EE1329FE-FD88-4E1A-968C-345E394EF080}.Release|Any CPU.Build.0 = Release|Any CPU
		{EE1329FE-FD88-4E1A-968C-345E394EF080}.Release|x86.ActiveCfg = Release|x86
		{EE1329FE-FD88-4E1A-968C-345E394EF080}.Release|x86.Build.0 = Release|x86
		{3D9C3F5F-1D2D-4D89-995B-438055A5E3A6}.Debug|Any CPU.ActiveCfg = Debug|Any CPU
		{3D9C3F5F-1D2D-4D89-995B-438055A5E3A6}.Debug|Any CPU.Build.0 = Debug|Any CPU
		{3D9C3F5F-1D2D-4D89-995B-438055A5E3A6}.Debug|x86.ActiveCfg = Debug|Any CPU
		{3D9C3F5F-1D2D-4D89-995B-438055A5E3A6}.Release|Any CPU.ActiveCfg = Release|Any CPU
		{3D9C3F5F-1D2D-4D89-995B-438055A5E3A6}.Release|Any CPU.Build.0 = Release|Any CPU
		{3D9C3F5F-1D2D-4D89-995B-438055A5E3A6}.Release|x86.ActiveCfg = Release|Any CPU
		{68368906-57DD-40D1-AC10-35211A17D617}.Debug|Any CPU.ActiveCfg = Debug|Any CPU
		{68368906-57DD-40D1-AC10-35211A17D617}.Debug|Any CPU.Build.0 = Debug|Any CPU
		{68368906-57DD-40D1-AC10-35211A17D617}.Debug|x86.ActiveCfg = Debug|Any CPU
		{68368906-57DD-40D1-AC10-35211A17D617}.Release|Any CPU.ActiveCfg = Release|Any CPU
		{68368906-57DD-40D1-AC10-35211A17D617}.Release|Any CPU.Build.0 = Release|Any CPU
		{68368906-57DD-40D1-AC10-35211A17D617}.Release|x86.ActiveCfg = Release|Any CPU
		{22A67B3F-D9B6-4447-A3F7-E387075AF969}.Debug|Any CPU.ActiveCfg = Debug|Any CPU
		{22A67B3F-D9B6-4447-A3F7-E387075AF969}.Debug|Any CPU.Build.0 = Debug|Any CPU
		{22A67B3F-D9B6-4447-A3F7-E387075AF969}.Debug|x86.ActiveCfg = Debug|Any CPU
		{22A67B3F-D9B6-4447-A3F7-E387075AF969}.Release|Any CPU.ActiveCfg = Release|Any CPU
		{22A67B3F-D9B6-4447-A3F7-E387075AF969}.Release|Any CPU.Build.0 = Release|Any CPU
		{22A67B3F-D9B6-4447-A3F7-E387075AF969}.Release|x86.ActiveCfg = Release|Any CPU
		{2595AADE-D3E0-4205-B8AF-109CB23F4223}.Debug|Any CPU.ActiveCfg = Debug|Any CPU
		{2595AADE-D3E0-4205-B8AF-109CB23F4223}.Debug|Any CPU.Build.0 = Debug|Any CPU
		{2595AADE-D3E0-4205-B8AF-109CB23F4223}.Debug|x86.ActiveCfg = Debug|Any CPU
		{2595AADE-D3E0-4205-B8AF-109CB23F4223}.Release|Any CPU.ActiveCfg = Release|Any CPU
		{2595AADE-D3E0-4205-B8AF-109CB23F4223}.Release|Any CPU.Build.0 = Release|Any CPU
		{2595AADE-D3E0-4205-B8AF-109CB23F4223}.Release|x86.ActiveCfg = Release|Any CPU
		{5484768D-80AA-4D07-86F0-8CB0A06AFD99}.Debug|Any CPU.ActiveCfg = Debug|Any CPU
		{5484768D-80AA-4D07-86F0-8CB0A06AFD99}.Debug|Any CPU.Build.0 = Debug|Any CPU
		{5484768D-80AA-4D07-86F0-8CB0A06AFD99}.Debug|x86.ActiveCfg = Debug|Any CPU
		{5484768D-80AA-4D07-86F0-8CB0A06AFD99}.Release|Any CPU.ActiveCfg = Release|Any CPU
		{5484768D-80AA-4D07-86F0-8CB0A06AFD99}.Release|Any CPU.Build.0 = Release|Any CPU
		{5484768D-80AA-4D07-86F0-8CB0A06AFD99}.Release|x86.ActiveCfg = Release|Any CPU
		{BCA9AC2A-1DF7-4697-8836-452E13E7CAFA}.Debug|Any CPU.ActiveCfg = Debug|Any CPU
		{BCA9AC2A-1DF7-4697-8836-452E13E7CAFA}.Debug|Any CPU.Build.0 = Debug|Any CPU
		{BCA9AC2A-1DF7-4697-8836-452E13E7CAFA}.Debug|x86.ActiveCfg = Debug|Any CPU
		{BCA9AC2A-1DF7-4697-8836-452E13E7CAFA}.Release|Any CPU.ActiveCfg = Release|Any CPU
		{BCA9AC2A-1DF7-4697-8836-452E13E7CAFA}.Release|Any CPU.Build.0 = Release|Any CPU
		{BCA9AC2A-1DF7-4697-8836-452E13E7CAFA}.Release|x86.ActiveCfg = Release|Any CPU
		{96FD101E-326A-4038-A081-A347061A6B77}.Debug|Any CPU.ActiveCfg = Debug|Any CPU
		{96FD101E-326A-4038-A081-A347061A6B77}.Debug|Any CPU.Build.0 = Debug|Any CPU
		{96FD101E-326A-4038-A081-A347061A6B77}.Debug|x86.ActiveCfg = Debug|Any CPU
		{96FD101E-326A-4038-A081-A347061A6B77}.Release|Any CPU.ActiveCfg = Release|Any CPU
		{96FD101E-326A-4038-A081-A347061A6B77}.Release|Any CPU.Build.0 = Release|Any CPU
		{96FD101E-326A-4038-A081-A347061A6B77}.Release|x86.ActiveCfg = Release|Any CPU
		{F9CE7C63-C729-4E3A-A266-6B23D75A1247}.Debug|Any CPU.ActiveCfg = Debug|Any CPU
		{F9CE7C63-C729-4E3A-A266-6B23D75A1247}.Debug|Any CPU.Build.0 = Debug|Any CPU
		{F9CE7C63-C729-4E3A-A266-6B23D75A1247}.Debug|x86.ActiveCfg = Debug|Any CPU
		{F9CE7C63-C729-4E3A-A266-6B23D75A1247}.Release|Any CPU.ActiveCfg = Release|Any CPU
		{F9CE7C63-C729-4E3A-A266-6B23D75A1247}.Release|Any CPU.Build.0 = Release|Any CPU
		{F9CE7C63-C729-4E3A-A266-6B23D75A1247}.Release|x86.ActiveCfg = Release|Any CPU
		{705708E8-6AD9-4021-9B36-EFC83AD42EE7}.Debug|Any CPU.ActiveCfg = Debug|Any CPU
		{705708E8-6AD9-4021-9B36-EFC83AD42EE7}.Debug|Any CPU.Build.0 = Debug|Any CPU
		{705708E8-6AD9-4021-9B36-EFC83AD42EE7}.Debug|x86.ActiveCfg = Debug|Any CPU
		{705708E8-6AD9-4021-9B36-EFC83AD42EE7}.Release|Any CPU.ActiveCfg = Release|Any CPU
		{705708E8-6AD9-4021-9B36-EFC83AD42EE7}.Release|Any CPU.Build.0 = Release|Any CPU
		{705708E8-6AD9-4021-9B36-EFC83AD42EE7}.Release|x86.ActiveCfg = Release|Any CPU
		{6CD360CB-28EF-4727-90D3-06E2741EC568}.Debug|Any CPU.ActiveCfg = Debug|Any CPU
		{6CD360CB-28EF-4727-90D3-06E2741EC568}.Debug|x86.ActiveCfg = Debug|Any CPU
		{6CD360CB-28EF-4727-90D3-06E2741EC568}.Release|Any CPU.ActiveCfg = Debug|Any CPU
		{6CD360CB-28EF-4727-90D3-06E2741EC568}.Release|x86.ActiveCfg = Debug|Any CPU
		{6629A64D-58B9-48B9-B932-15AF193C2212}.Debug|Any CPU.ActiveCfg = Debug|Any CPU
		{6629A64D-58B9-48B9-B932-15AF193C2212}.Debug|Any CPU.Build.0 = Debug|Any CPU
		{6629A64D-58B9-48B9-B932-15AF193C2212}.Debug|x86.ActiveCfg = Debug|Any CPU
		{6629A64D-58B9-48B9-B932-15AF193C2212}.Release|Any CPU.ActiveCfg = Release|Any CPU
		{6629A64D-58B9-48B9-B932-15AF193C2212}.Release|Any CPU.Build.0 = Release|Any CPU
		{6629A64D-58B9-48B9-B932-15AF193C2212}.Release|x86.ActiveCfg = Release|Any CPU
	EndGlobalSection
	GlobalSection(SolutionProperties) = preSolution
		HideSolutionNode = FALSE
	EndGlobalSection
	GlobalSection(NestedProjects) = preSolution
		{3B64E72E-63CC-4A90-ADFF-4B919EF17239} = {1DFA65CE-5978-49F9-83BA-CFBD0C7A1814}
		{3CD5F6B8-8360-4862-80B6-F402892DB7DD} = {1DFA65CE-5978-49F9-83BA-CFBD0C7A1814}
		{03E3AFA5-DDC9-48FB-A839-AD4282CE237E} = {1DFA65CE-5978-49F9-83BA-CFBD0C7A1814}
		{9F2F4076-D434-448F-9CBB-7BF7A9766AB1} = {1DFA65CE-5978-49F9-83BA-CFBD0C7A1814}
		{CA056730-5759-41F8-A6C1-420F9C0C63E7} = {1DFA65CE-5978-49F9-83BA-CFBD0C7A1814}
		{88E649D7-1379-430F-B794-1F3B9B442C80} = {973A675B-1CF8-42E0-8566-09B4EFD3E83E}
		{68368906-57DD-40D1-AC10-35211A17D617} = {973A675B-1CF8-42E0-8566-09B4EFD3E83E}
		{98739F02-F34A-4427-9A17-C0509E7AAD75} = {973A675B-1CF8-42E0-8566-09B4EFD3E83E}
		{7E98CA08-903E-45F7-BD83-853763D5E15B} = {973A675B-1CF8-42E0-8566-09B4EFD3E83E}
		{22A67B3F-D9B6-4447-A3F7-E387075AF969} = {88E649D7-1379-430F-B794-1F3B9B442C80}
		{2595AADE-D3E0-4205-B8AF-109CB23F4223} = {88E649D7-1379-430F-B794-1F3B9B442C80}
		{5484768D-80AA-4D07-86F0-8CB0A06AFD99} = {88E649D7-1379-430F-B794-1F3B9B442C80}
		{BCA9AC2A-1DF7-4697-8836-452E13E7CAFA} = {88E649D7-1379-430F-B794-1F3B9B442C80}
		{705708E8-6AD9-4021-9B36-EFC83AD42EE7} = {88E649D7-1379-430F-B794-1F3B9B442C80}
		{96FD101E-326A-4038-A081-A347061A6B77} = {98739F02-F34A-4427-9A17-C0509E7AAD75}
		{F9CE7C63-C729-4E3A-A266-6B23D75A1247} = {7E98CA08-903E-45F7-BD83-853763D5E15B}
		{6629A64D-58B9-48B9-B932-15AF193C2212} = {7E98CA08-903E-45F7-BD83-853763D5E15B}
	EndGlobalSection
EndGlobal
