
Microsoft Visual Studio Solution File, Format Version 11.00
# Visual Studio 2010
Project("{FAE04EC0-301F-11D3-BF4B-00C04F79EFBC}") = "DotNetNuke.Tests.BuildVerification", "DotNetNuke.Tests.BuildVerification\DotNetNuke.Tests.BuildVerification.csproj", "{B7BDB0D2-1E15-4C3D-B53D-5546D471EB18}"
EndProject
Project("{FAE04EC0-301F-11D3-BF4B-00C04F79EFBC}") = "DotNetNuke.Tests.UI.WatiN.Common", "DotNetNuke.Tests.UI.WatiN.Common\DotNetNuke.Tests.UI.WatiN.Common.csproj", "{74DA8EF2-B375-4F12-B460-9ECC525BB5F9}"
EndProject
Project("{FAE04EC0-301F-11D3-BF4B-00C04F79EFBC}") = "DotNetNuke.Tests.UI.WatiN.Utilities", "DotNetNuke.Tests.UI.WatiN.Utilities\DotNetNuke.Tests.UI.WatiN.Utilities.csproj", "{E4EC4EE4-A94F-4A6D-AC46-C16CDA35CD40}"
EndProject
Project("{FAE04EC0-301F-11D3-BF4B-00C04F79EFBC}") = "DotNetNuke.Tests.Instance.Utilities", "DotNetNuke.Tests.Instance.Utilities\DotNetNuke.Tests.Instance.Utilities.csproj", "{0BD44D27-6F8D-4A94-9E01-E57860B500E4}"
EndProject
Project("{FAE04EC0-301F-11D3-BF4B-00C04F79EFBC}") = "DotNetNuke.Library", "..\Library\DotNetNuke.Library.csproj", "{D391550C-7107-49B2-A6AC-8627C8B06ADC}"
EndProject
Project("{FAE04EC0-301F-11D3-BF4B-00C04F79EFBC}") = "CountryListBox", "..\Library\Controls\CountryListBox\CountryListBox.csproj", "{89093FD0-076F-48CD-9232-B665226CDBF0}"
EndProject
Project("{FAE04EC0-301F-11D3-BF4B-00C04F79EFBC}") = "DotNetNuke.Instrumentation", "..\DotNetNuke.Instrumentation\DotNetNuke.Instrumentation.csproj", "{DDF18E36-41A0-4CA7-A098-78CA6E6F41C1}"
EndProject
Project("{FAE04EC0-301F-11D3-BF4B-00C04F79EFBC}") = "DotNetNuke.Syndication", "..\Library\Components\Syndication\DotNetNuke.Syndication.csproj", "{86AF9531-D270-4C18-A8B9-C67A8782AF69}"
EndProject
Project("{FAE04EC0-301F-11D3-BF4B-00C04F79EFBC}") = "DotNetNuke.HttpModules", "..\Library\HttpModules\DotNetNuke.HttpModules.csproj", "{6F0A5B23-E09F-431A-879A-993CB77E23D8}"
EndProject
Project("{FAE04EC0-301F-11D3-BF4B-00C04F79EFBC}") = "DotNetNuke.Professional", "..\Professional\DotNetNuke.Professional.csproj", "{A1C93CEC-DFFF-40C3-A1CE-E22C43AC41A0}"
EndProject
Project("{FAE04EC0-301F-11D3-BF4B-00C04F79EFBC}") = "Provider.Caching.FileBasedCachingProvider", "..\Library\Providers\CachingProviders\FileBasedCachingProvider\Provider.Caching.FileBasedCachingProvider.csproj", "{D206D80A-DE26-4441-A8CD-0C70D2EB0C38}"
EndProject
Project("{FAE04EC0-301F-11D3-BF4B-00C04F79EFBC}") = "Provider.CorePermissionProvider", "..\Library\Providers\PermissionProviders\CorePermissionProvider\Provider.CorePermissionProvider.csproj", "{F54DCA33-F35C-4F57-893E-FF4AE823E598}"
EndProject
Project("{FAE04EC0-301F-11D3-BF4B-00C04F79EFBC}") = "Provider.DBLoggingProvider", "..\Library\Providers\LoggingProviders\DatabaseLoggingProvider\Provider.DBLoggingProvider.csproj", "{A566C3FB-176F-4EF7-A2EB-CB22F2741082}"
EndProject
Project("{FAE04EC0-301F-11D3-BF4B-00C04F79EFBC}") = "Provider.Membership.AspNetProvider", "..\Library\Providers\MembershipProviders\AspNetMembershipProvider\Provider.Membership.AspNetProvider.csproj", "{6A2C6160-2905-407B-9575-16210528F4C8}"
EndProject
Project("{FAE04EC0-301F-11D3-BF4B-00C04F79EFBC}") = "Provider.Membership.DataProvider", "..\Library\Providers\MembershipProviders\DataProvider\Provider.Membership.DataProvider.csproj", "{B15A45FA-02F8-4F09-A04B-13B7920CABCE}"
EndProject
Project("{FAE04EC0-301F-11D3-BF4B-00C04F79EFBC}") = "Provider.Membership.DNNProvider", "..\Library\Providers\MembershipProviders\DNNMembershipProvider\Provider.Membership.DNNProvider.csproj", "{DE2B348A-1DAD-4630-9F55-788F8CCBAD02}"
EndProject
Project("{FAE04EC0-301F-11D3-BF4B-00C04F79EFBC}") = "Provider.SqlDataProvider", "..\Library\Providers\DataProviders\SqlDataProvider\Provider.SqlDataProvider.csproj", "{F8623BD1-92F0-40D8-A32C-364D26B228FE}"
EndProject
Global
	GlobalSection(TeamFoundationVersionControl) = preSolution
		SccNumberOfProjects = 17
		SccEnterpriseProvider = {4CA58AB2-18FA-4F8D-95D4-32DDF27D184C}
		SccTeamFoundationServer = https://tfs.dotnetnuke.com:8088/tfs/dotnetnuke
		SccProjectUniqueName0 = DotNetNuke.Tests.BuildVerification\\DotNetNuke.Tests.BuildVerification.csproj
		SccProjectName0 = DotNetNuke.Tests.BuildVerification
		SccAuxPath0 = https://tfs.dotnetnuke.com:8088/tfs/dotnetnuke
		SccLocalPath0 = DotNetNuke.Tests.BuildVerification
		SccProvider0 = {4CA58AB2-18FA-4F8D-95D4-32DDF27D184C}
		SccProjectUniqueName1 = DotNetNuke.Tests.UI.WatiN.Common\\DotNetNuke.Tests.UI.WatiN.Common.csproj
		SccProjectName1 = DotNetNuke.Tests.UI.WatiN.Common
		SccAuxPath1 = https://tfs.dotnetnuke.com:8088/tfs/dotnetnuke
		SccLocalPath1 = DotNetNuke.Tests.UI.WatiN.Common
		SccProvider1 = {4CA58AB2-18FA-4F8D-95D4-32DDF27D184C}
		SccProjectUniqueName2 = DotNetNuke.Tests.UI.WatiN.Utilities\\DotNetNuke.Tests.UI.WatiN.Utilities.csproj
		SccProjectName2 = DotNetNuke.Tests.UI.WatiN.Utilities
		SccAuxPath2 = https://tfs.dotnetnuke.com:8088/tfs/dotnetnuke
		SccLocalPath2 = DotNetNuke.Tests.UI.WatiN.Utilities
		SccProvider2 = {4CA58AB2-18FA-4F8D-95D4-32DDF27D184C}
		SccProjectUniqueName3 = DotNetNuke.Tests.Instance.Utilities\\DotNetNuke.Tests.Instance.Utilities.csproj
		SccProjectName3 = DotNetNuke.Tests.Instance.Utilities
		SccAuxPath3 = https://tfs.dotnetnuke.com:8088/tfs/dotnetnuke
		SccLocalPath3 = DotNetNuke.Tests.Instance.Utilities
		SccProvider3 = {4CA58AB2-18FA-4F8D-95D4-32DDF27D184C}
		SccProjectUniqueName4 = ..\\Library\\DotNetNuke.Library.csproj
		SccProjectName4 = ../Library
		SccAuxPath4 = https://tfs.dotnetnuke.com:8088/tfs/dotnetnuke
		SccLocalPath4 = ..\\Library
		SccProvider4 = {4CA58AB2-18FA-4F8D-95D4-32DDF27D184C}
		SccProjectUniqueName5 = ..\\Library\\Controls\\CountryListBox\\CountryListBox.csproj
		SccProjectName5 = ../Library/Controls/CountryListBox
		SccAuxPath5 = https://tfs.dotnetnuke.com:8088/tfs/dotnetnuke
		SccLocalPath5 = ..\\Library\\Controls\\CountryListBox
		SccProvider5 = {4CA58AB2-18FA-4F8D-95D4-32DDF27D184C}
		SccProjectUniqueName6 = ..\\DotNetNuke.Instrumentation\\DotNetNuke.Instrumentation.csproj
		SccProjectName6 = ../DotNetNuke.Instrumentation
		SccAuxPath6 = https://tfs.dotnetnuke.com:8088/tfs/dotnetnuke
		SccLocalPath6 = ..\\DotNetNuke.Instrumentation
		SccProvider6 = {4CA58AB2-18FA-4F8D-95D4-32DDF27D184C}
		SccProjectUniqueName7 = ..\\Library\\Components\\Syndication\\DotNetNuke.Syndication.csproj
		SccProjectName7 = ../Library/Components/Syndication
		SccAuxPath7 = https://tfs.dotnetnuke.com:8088/tfs/dotnetnuke
		SccLocalPath7 = ..\\Library\\Components\\Syndication
		SccProvider7 = {4CA58AB2-18FA-4F8D-95D4-32DDF27D184C}
		SccProjectUniqueName8 = ..\\Library\\HttpModules\\DotNetNuke.HttpModules.csproj
		SccProjectName8 = ../Library/HttpModules
		SccAuxPath8 = https://tfs.dotnetnuke.com:8088/tfs/dotnetnuke
		SccLocalPath8 = ..\\Library\\HttpModules
		SccProvider8 = {4CA58AB2-18FA-4F8D-95D4-32DDF27D184C}
		SccProjectUniqueName9 = ..\\Professional\\DotNetNuke.Professional.csproj
		SccProjectName9 = ../Professional
		SccAuxPath9 = https://tfs.dotnetnuke.com:8088/tfs/dotnetnuke
		SccLocalPath9 = ..\\Professional
		SccProvider9 = {4CA58AB2-18FA-4F8D-95D4-32DDF27D184C}
		SccProjectUniqueName10 = ..\\Library\\Providers\\CachingProviders\\FileBasedCachingProvider\\Provider.Caching.FileBasedCachingProvider.csproj
		SccProjectName10 = ../Library/Providers/CachingProviders/FileBasedCachingProvider
		SccAuxPath10 = https://tfs.dotnetnuke.com:8088/tfs/dotnetnuke
		SccLocalPath10 = ..\\Library\\Providers\\CachingProviders\\FileBasedCachingProvider
		SccProvider10 = {4CA58AB2-18FA-4F8D-95D4-32DDF27D184C}
		SccProjectUniqueName11 = ..\\Library\\Providers\\PermissionProviders\\CorePermissionProvider\\Provider.CorePermissionProvider.csproj
		SccProjectName11 = ../Library/Providers/PermissionProviders/CorePermissionProvider
		SccAuxPath11 = https://tfs.dotnetnuke.com:8088/tfs/dotnetnuke
		SccLocalPath11 = ..\\Library\\Providers\\PermissionProviders\\CorePermissionProvider
		SccProvider11 = {4CA58AB2-18FA-4F8D-95D4-32DDF27D184C}
		SccProjectUniqueName12 = ..\\Library\\Providers\\LoggingProviders\\DatabaseLoggingProvider\\Provider.DBLoggingProvider.csproj
		SccProjectName12 = ../Library/Providers/LoggingProviders/DatabaseLoggingProvider
		SccAuxPath12 = https://tfs.dotnetnuke.com:8088/tfs/dotnetnuke
		SccLocalPath12 = ..\\Library\\Providers\\LoggingProviders\\DatabaseLoggingProvider
		SccProvider12 = {4CA58AB2-18FA-4F8D-95D4-32DDF27D184C}
		SccProjectUniqueName13 = ..\\Library\\Providers\\MembershipProviders\\AspNetMembershipProvider\\Provider.Membership.AspNetProvider.csproj
		SccProjectName13 = ../Library/Providers/MembershipProviders/AspNetMembershipProvider
		SccAuxPath13 = https://tfs.dotnetnuke.com:8088/tfs/dotnetnuke
		SccLocalPath13 = ..\\Library\\Providers\\MembershipProviders\\AspNetMembershipProvider
		SccProvider13 = {4CA58AB2-18FA-4F8D-95D4-32DDF27D184C}
		SccProjectUniqueName14 = ..\\Library\\Providers\\MembershipProviders\\DataProvider\\Provider.Membership.DataProvider.csproj
		SccProjectName14 = ../Library/Providers/MembershipProviders/DataProvider
		SccAuxPath14 = https://tfs.dotnetnuke.com:8088/tfs/dotnetnuke
		SccLocalPath14 = ..\\Library\\Providers\\MembershipProviders\\DataProvider
		SccProvider14 = {4CA58AB2-18FA-4F8D-95D4-32DDF27D184C}
		SccProjectUniqueName15 = ..\\Library\\Providers\\MembershipProviders\\DNNMembershipProvider\\Provider.Membership.DNNProvider.csproj
		SccProjectName15 = ../Library/Providers/MembershipProviders/DNNMembershipProvider
		SccAuxPath15 = https://tfs.dotnetnuke.com:8088/tfs/dotnetnuke
		SccLocalPath15 = ..\\Library\\Providers\\MembershipProviders\\DNNMembershipProvider
		SccProvider15 = {4CA58AB2-18FA-4F8D-95D4-32DDF27D184C}
		SccProjectUniqueName16 = ..\\Library\\Providers\\DataProviders\\SqlDataProvider\\Provider.SqlDataProvider.csproj
		SccProjectName16 = ../Library/Providers/DataProviders/SqlDataProvider
		SccAuxPath16 = https://tfs.dotnetnuke.com:8088/tfs/dotnetnuke
		SccLocalPath16 = ..\\Library\\Providers\\DataProviders\\SqlDataProvider
		SccProvider16 = {4CA58AB2-18FA-4F8D-95D4-32DDF27D184C}
	EndGlobalSection
	GlobalSection(SolutionConfigurationPlatforms) = preSolution
		Debug|Any CPU = Debug|Any CPU
		Debug|x86 = Debug|x86
		Release|Any CPU = Release|Any CPU
		Release|x86 = Release|x86
	EndGlobalSection
	GlobalSection(ProjectConfigurationPlatforms) = postSolution
		{B7BDB0D2-1E15-4C3D-B53D-5546D471EB18}.Debug|Any CPU.ActiveCfg = Debug|Any CPU
		{B7BDB0D2-1E15-4C3D-B53D-5546D471EB18}.Debug|Any CPU.Build.0 = Debug|Any CPU
		{B7BDB0D2-1E15-4C3D-B53D-5546D471EB18}.Debug|x86.ActiveCfg = Debug|Any CPU
		{B7BDB0D2-1E15-4C3D-B53D-5546D471EB18}.Release|Any CPU.ActiveCfg = Release|Any CPU
		{B7BDB0D2-1E15-4C3D-B53D-5546D471EB18}.Release|Any CPU.Build.0 = Release|Any CPU
		{B7BDB0D2-1E15-4C3D-B53D-5546D471EB18}.Release|x86.ActiveCfg = Release|Any CPU
		{74DA8EF2-B375-4F12-B460-9ECC525BB5F9}.Debug|Any CPU.ActiveCfg = Debug|Any CPU
		{74DA8EF2-B375-4F12-B460-9ECC525BB5F9}.Debug|Any CPU.Build.0 = Debug|Any CPU
		{74DA8EF2-B375-4F12-B460-9ECC525BB5F9}.Debug|x86.ActiveCfg = Debug|Any CPU
		{74DA8EF2-B375-4F12-B460-9ECC525BB5F9}.Release|Any CPU.ActiveCfg = Release|Any CPU
		{74DA8EF2-B375-4F12-B460-9ECC525BB5F9}.Release|Any CPU.Build.0 = Release|Any CPU
		{74DA8EF2-B375-4F12-B460-9ECC525BB5F9}.Release|x86.ActiveCfg = Release|Any CPU
		{E4EC4EE4-A94F-4A6D-AC46-C16CDA35CD40}.Debug|Any CPU.ActiveCfg = Debug|Any CPU
		{E4EC4EE4-A94F-4A6D-AC46-C16CDA35CD40}.Debug|Any CPU.Build.0 = Debug|Any CPU
		{E4EC4EE4-A94F-4A6D-AC46-C16CDA35CD40}.Debug|x86.ActiveCfg = Debug|Any CPU
		{E4EC4EE4-A94F-4A6D-AC46-C16CDA35CD40}.Release|Any CPU.ActiveCfg = Release|Any CPU
		{E4EC4EE4-A94F-4A6D-AC46-C16CDA35CD40}.Release|Any CPU.Build.0 = Release|Any CPU
		{E4EC4EE4-A94F-4A6D-AC46-C16CDA35CD40}.Release|x86.ActiveCfg = Release|Any CPU
		{0BD44D27-6F8D-4A94-9E01-E57860B500E4}.Debug|Any CPU.ActiveCfg = Debug|Any CPU
		{0BD44D27-6F8D-4A94-9E01-E57860B500E4}.Debug|Any CPU.Build.0 = Debug|Any CPU
		{0BD44D27-6F8D-4A94-9E01-E57860B500E4}.Debug|x86.ActiveCfg = Debug|Any CPU
		{0BD44D27-6F8D-4A94-9E01-E57860B500E4}.Release|Any CPU.ActiveCfg = Release|Any CPU
		{0BD44D27-6F8D-4A94-9E01-E57860B500E4}.Release|Any CPU.Build.0 = Release|Any CPU
		{0BD44D27-6F8D-4A94-9E01-E57860B500E4}.Release|x86.ActiveCfg = Release|Any CPU
		{D391550C-7107-49B2-A6AC-8627C8B06ADC}.Debug|Any CPU.ActiveCfg = Debug|Any CPU
		{D391550C-7107-49B2-A6AC-8627C8B06ADC}.Debug|Any CPU.Build.0 = Debug|Any CPU
		{D391550C-7107-49B2-A6AC-8627C8B06ADC}.Debug|x86.ActiveCfg = Debug|x86
		{D391550C-7107-49B2-A6AC-8627C8B06ADC}.Debug|x86.Build.0 = Debug|x86
		{D391550C-7107-49B2-A6AC-8627C8B06ADC}.Release|Any CPU.ActiveCfg = Release|Any CPU
		{D391550C-7107-49B2-A6AC-8627C8B06ADC}.Release|Any CPU.Build.0 = Release|Any CPU
		{D391550C-7107-49B2-A6AC-8627C8B06ADC}.Release|x86.ActiveCfg = Release|x86
		{D391550C-7107-49B2-A6AC-8627C8B06ADC}.Release|x86.Build.0 = Release|x86
		{89093FD0-076F-48CD-9232-B665226CDBF0}.Debug|Any CPU.ActiveCfg = Debug|Any CPU
		{89093FD0-076F-48CD-9232-B665226CDBF0}.Debug|Any CPU.Build.0 = Debug|Any CPU
		{89093FD0-076F-48CD-9232-B665226CDBF0}.Debug|x86.ActiveCfg = Debug|Any CPU
		{89093FD0-076F-48CD-9232-B665226CDBF0}.Release|Any CPU.ActiveCfg = Release|Any CPU
		{89093FD0-076F-48CD-9232-B665226CDBF0}.Release|Any CPU.Build.0 = Release|Any CPU
		{89093FD0-076F-48CD-9232-B665226CDBF0}.Release|x86.ActiveCfg = Release|Any CPU
		{DDF18E36-41A0-4CA7-A098-78CA6E6F41C1}.Debug|Any CPU.ActiveCfg = Debug|Any CPU
		{DDF18E36-41A0-4CA7-A098-78CA6E6F41C1}.Debug|Any CPU.Build.0 = Debug|Any CPU
		{DDF18E36-41A0-4CA7-A098-78CA6E6F41C1}.Debug|x86.ActiveCfg = Debug|Any CPU
		{DDF18E36-41A0-4CA7-A098-78CA6E6F41C1}.Release|Any CPU.ActiveCfg = Release|Any CPU
		{DDF18E36-41A0-4CA7-A098-78CA6E6F41C1}.Release|Any CPU.Build.0 = Release|Any CPU
		{DDF18E36-41A0-4CA7-A098-78CA6E6F41C1}.Release|x86.ActiveCfg = Release|Any CPU
		{86AF9531-D270-4C18-A8B9-C67A8782AF69}.Debug|Any CPU.ActiveCfg = Debug|Any CPU
		{86AF9531-D270-4C18-A8B9-C67A8782AF69}.Debug|Any CPU.Build.0 = Debug|Any CPU
		{86AF9531-D270-4C18-A8B9-C67A8782AF69}.Debug|x86.ActiveCfg = Debug|Any CPU
		{86AF9531-D270-4C18-A8B9-C67A8782AF69}.Release|Any CPU.ActiveCfg = Release|Any CPU
		{86AF9531-D270-4C18-A8B9-C67A8782AF69}.Release|Any CPU.Build.0 = Release|Any CPU
		{86AF9531-D270-4C18-A8B9-C67A8782AF69}.Release|x86.ActiveCfg = Release|Any CPU
		{6F0A5B23-E09F-431A-879A-993CB77E23D8}.Debug|Any CPU.ActiveCfg = Debug|Any CPU
		{6F0A5B23-E09F-431A-879A-993CB77E23D8}.Debug|Any CPU.Build.0 = Debug|Any CPU
		{6F0A5B23-E09F-431A-879A-993CB77E23D8}.Debug|x86.ActiveCfg = Debug|Any CPU
		{6F0A5B23-E09F-431A-879A-993CB77E23D8}.Release|Any CPU.ActiveCfg = Release|Any CPU
		{6F0A5B23-E09F-431A-879A-993CB77E23D8}.Release|Any CPU.Build.0 = Release|Any CPU
		{6F0A5B23-E09F-431A-879A-993CB77E23D8}.Release|x86.ActiveCfg = Release|Any CPU
		{A1C93CEC-DFFF-40C3-A1CE-E22C43AC41A0}.Debug|Any CPU.ActiveCfg = Debug|Any CPU
		{A1C93CEC-DFFF-40C3-A1CE-E22C43AC41A0}.Debug|Any CPU.Build.0 = Debug|Any CPU
		{A1C93CEC-DFFF-40C3-A1CE-E22C43AC41A0}.Debug|x86.ActiveCfg = Debug|Any CPU
		{A1C93CEC-DFFF-40C3-A1CE-E22C43AC41A0}.Release|Any CPU.ActiveCfg = Release|Any CPU
		{A1C93CEC-DFFF-40C3-A1CE-E22C43AC41A0}.Release|Any CPU.Build.0 = Release|Any CPU
		{A1C93CEC-DFFF-40C3-A1CE-E22C43AC41A0}.Release|x86.ActiveCfg = Release|Any CPU
		{D206D80A-DE26-4441-A8CD-0C70D2EB0C38}.Debug|Any CPU.ActiveCfg = Debug|Any CPU
		{D206D80A-DE26-4441-A8CD-0C70D2EB0C38}.Debug|Any CPU.Build.0 = Debug|Any CPU
		{D206D80A-DE26-4441-A8CD-0C70D2EB0C38}.Debug|x86.ActiveCfg = Debug|Any CPU
		{D206D80A-DE26-4441-A8CD-0C70D2EB0C38}.Release|Any CPU.ActiveCfg = Release|Any CPU
		{D206D80A-DE26-4441-A8CD-0C70D2EB0C38}.Release|Any CPU.Build.0 = Release|Any CPU
		{D206D80A-DE26-4441-A8CD-0C70D2EB0C38}.Release|x86.ActiveCfg = Release|Any CPU
		{F54DCA33-F35C-4F57-893E-FF4AE823E598}.Debug|Any CPU.ActiveCfg = Debug|Any CPU
		{F54DCA33-F35C-4F57-893E-FF4AE823E598}.Debug|Any CPU.Build.0 = Debug|Any CPU
		{F54DCA33-F35C-4F57-893E-FF4AE823E598}.Debug|x86.ActiveCfg = Debug|Any CPU
		{F54DCA33-F35C-4F57-893E-FF4AE823E598}.Release|Any CPU.ActiveCfg = Release|Any CPU
		{F54DCA33-F35C-4F57-893E-FF4AE823E598}.Release|Any CPU.Build.0 = Release|Any CPU
		{F54DCA33-F35C-4F57-893E-FF4AE823E598}.Release|x86.ActiveCfg = Release|Any CPU
		{A566C3FB-176F-4EF7-A2EB-CB22F2741082}.Debug|Any CPU.ActiveCfg = Debug|Any CPU
		{A566C3FB-176F-4EF7-A2EB-CB22F2741082}.Debug|Any CPU.Build.0 = Debug|Any CPU
		{A566C3FB-176F-4EF7-A2EB-CB22F2741082}.Debug|x86.ActiveCfg = Debug|Any CPU
		{A566C3FB-176F-4EF7-A2EB-CB22F2741082}.Release|Any CPU.ActiveCfg = Release|Any CPU
		{A566C3FB-176F-4EF7-A2EB-CB22F2741082}.Release|Any CPU.Build.0 = Release|Any CPU
		{A566C3FB-176F-4EF7-A2EB-CB22F2741082}.Release|x86.ActiveCfg = Release|Any CPU
		{6A2C6160-2905-407B-9575-16210528F4C8}.Debug|Any CPU.ActiveCfg = Debug|Any CPU
		{6A2C6160-2905-407B-9575-16210528F4C8}.Debug|Any CPU.Build.0 = Debug|Any CPU
		{6A2C6160-2905-407B-9575-16210528F4C8}.Debug|x86.ActiveCfg = Debug|Any CPU
		{6A2C6160-2905-407B-9575-16210528F4C8}.Release|Any CPU.ActiveCfg = Release|Any CPU
		{6A2C6160-2905-407B-9575-16210528F4C8}.Release|Any CPU.Build.0 = Release|Any CPU
		{6A2C6160-2905-407B-9575-16210528F4C8}.Release|x86.ActiveCfg = Release|Any CPU
		{B15A45FA-02F8-4F09-A04B-13B7920CABCE}.Debug|Any CPU.ActiveCfg = Debug|Any CPU
		{B15A45FA-02F8-4F09-A04B-13B7920CABCE}.Debug|Any CPU.Build.0 = Debug|Any CPU
		{B15A45FA-02F8-4F09-A04B-13B7920CABCE}.Debug|x86.ActiveCfg = Debug|Any CPU
		{B15A45FA-02F8-4F09-A04B-13B7920CABCE}.Release|Any CPU.ActiveCfg = Release|Any CPU
		{B15A45FA-02F8-4F09-A04B-13B7920CABCE}.Release|Any CPU.Build.0 = Release|Any CPU
		{B15A45FA-02F8-4F09-A04B-13B7920CABCE}.Release|x86.ActiveCfg = Release|Any CPU
		{DE2B348A-1DAD-4630-9F55-788F8CCBAD02}.Debug|Any CPU.ActiveCfg = Debug|Any CPU
		{DE2B348A-1DAD-4630-9F55-788F8CCBAD02}.Debug|Any CPU.Build.0 = Debug|Any CPU
		{DE2B348A-1DAD-4630-9F55-788F8CCBAD02}.Debug|x86.ActiveCfg = Debug|Any CPU
		{DE2B348A-1DAD-4630-9F55-788F8CCBAD02}.Release|Any CPU.ActiveCfg = Release|Any CPU
		{DE2B348A-1DAD-4630-9F55-788F8CCBAD02}.Release|Any CPU.Build.0 = Release|Any CPU
		{DE2B348A-1DAD-4630-9F55-788F8CCBAD02}.Release|x86.ActiveCfg = Release|Any CPU
		{F8623BD1-92F0-40D8-A32C-364D26B228FE}.Debug|Any CPU.ActiveCfg = Debug|Any CPU
		{F8623BD1-92F0-40D8-A32C-364D26B228FE}.Debug|Any CPU.Build.0 = Debug|Any CPU
		{F8623BD1-92F0-40D8-A32C-364D26B228FE}.Debug|x86.ActiveCfg = Debug|Any CPU
		{F8623BD1-92F0-40D8-A32C-364D26B228FE}.Release|Any CPU.ActiveCfg = Release|Any CPU
		{F8623BD1-92F0-40D8-A32C-364D26B228FE}.Release|Any CPU.Build.0 = Release|Any CPU
		{F8623BD1-92F0-40D8-A32C-364D26B228FE}.Release|x86.ActiveCfg = Release|Any CPU
	EndGlobalSection
	GlobalSection(SolutionProperties) = preSolution
		HideSolutionNode = FALSE
	EndGlobalSection
EndGlobal
