
Microsoft Visual Studio Solution File, Format Version 12.00
# Visual Studio 14
VisualStudioVersion = 14.0.23107.0
MinimumVisualStudioVersion = 10.0.40219.1
Project("{2150E333-8FDC-42A3-9474-1A3956D46DE8}") = "Solution Items", "Solution Items", "{09017A90-7F59-40F8-8121-8B4284697BBD}"
	ProjectSection(SolutionItems) = preProject
		README.md = README.md
		SolutionInfo.cs = SolutionInfo.cs
	EndProjectSection
EndProject
Project("{2150E333-8FDC-42A3-9474-1A3956D46DE8}") = "Build", "Build", "{C5D95718-11A7-4F12-A41A-10229A87F428}"
	ProjectSection(SolutionItems) = preProject
		Build-Release.ps1 = Build-Release.ps1
		build\ClientDependency-Coffee.nuspec = build\ClientDependency-Coffee.nuspec
		build\ClientDependency-Less.nuspec = build\ClientDependency-Less.nuspec
		build\ClientDependency-Mvc.nuspec = build\ClientDependency-Mvc.nuspec
		build\ClientDependency-Mvc5.nuspec = build\ClientDependency-Mvc5.nuspec
		build\ClientDependency-SASS.nuspec = build\ClientDependency-SASS.nuspec
		build\ClientDependency-TypeScript.nuspec = build\ClientDependency-TypeScript.nuspec
		build\ClientDependency.nuspec = build\ClientDependency.nuspec
		UpgradingUmbraco.txt = UpgradingUmbraco.txt
	EndProjectSection
EndProject
Project("{2150E333-8FDC-42A3-9474-1A3956D46DE8}") = "Config Transforms", "Config Transforms", "{37C50F26-9EDE-45F6-BDCC-39F51E0E312C}"
EndProject
Project("{2150E333-8FDC-42A3-9474-1A3956D46DE8}") = "Mvc", "Mvc", "{D8142A9E-6FDC-46BC-9767-F63767C46887}"
	ProjectSection(SolutionItems) = preProject
		build\nuget-transforms\Mvc\web.config.transform = build\nuget-transforms\Mvc\web.config.transform
	EndProjectSection
EndProject
Project("{2150E333-8FDC-42A3-9474-1A3956D46DE8}") = "Core", "Core", "{4D8DC7DA-0202-4338-B154-72A077FA88E8}"
	ProjectSection(SolutionItems) = preProject
		build\nuget-transforms\Core\web.config.install.xdt = build\nuget-transforms\Core\web.config.install.xdt
		build\nuget-transforms\Core\web.config.uninstall.xdt = build\nuget-transforms\Core\web.config.uninstall.xdt
	EndProjectSection
EndProject
Project("{2150E333-8FDC-42A3-9474-1A3956D46DE8}") = ".nuget", ".nuget", "{86C3F7CD-2FDA-4025-805B-7DC6C8A44DDA}"
	ProjectSection(SolutionItems) = preProject
		.nuget\NuGet.Config = .nuget\NuGet.Config
		.nuget\NuGet.exe = .nuget\NuGet.exe
		.nuget\NuGet.targets = .nuget\NuGet.targets
	EndProjectSection
EndProject
Project("{2150E333-8FDC-42A3-9474-1A3956D46DE8}") = "Less", "Less", "{3EAA2D5D-A830-4BA8-90AE-FBB8B307B3FD}"
	ProjectSection(SolutionItems) = preProject
		build\nuget-transforms\Less\web.config.transform = build\nuget-transforms\Less\web.config.transform
	EndProjectSection
EndProject
Project("{2150E333-8FDC-42A3-9474-1A3956D46DE8}") = "Coffee", "Coffee", "{761DC809-2861-4C89-8EA2-CF55304A1FD1}"
	ProjectSection(SolutionItems) = preProject
		build\nuget-transforms\Coffee\web.config.transform = build\nuget-transforms\Coffee\web.config.transform
	EndProjectSection
EndProject
Project("{2150E333-8FDC-42A3-9474-1A3956D46DE8}") = "Sass", "Sass", "{9598A99A-018C-405C-ACAA-75D7165F3104}"
	ProjectSection(SolutionItems) = preProject
		build\nuget-transforms\SASS\web.config.transform = build\nuget-transforms\SASS\web.config.transform
	EndProjectSection
EndProject
Project("{2150E333-8FDC-42A3-9474-1A3956D46DE8}") = "TypeScript", "TypeScript", "{CABF4276-D3DD-4497-BF63-B7527A91A1D8}"
	ProjectSection(SolutionItems) = preProject
		build\nuget-transforms\TypeScript\web.config.transform = build\nuget-transforms\TypeScript\web.config.transform
	EndProjectSection
EndProject
Project("{FAE04EC0-301F-11D3-BF4B-00C04F79EFBC}") = "ClientDependency.Core", "ClientDependency.Core\ClientDependency.Core.csproj", "{EA35B06D-0CC8-4830-A3F7-9BB3D36D0FAF}"
EndProject
Project("{FAE04EC0-301F-11D3-BF4B-00C04F79EFBC}") = "ClientDependency.Web.Test", "ClientDependency.Web.Test\ClientDependency.Web.Test.csproj", "{D2DA8882-0CCE-4AE0-87BF-9947B0D19CC6}"
EndProject
Project("{FAE04EC0-301F-11D3-BF4B-00C04F79EFBC}") = "ClientDependency.Core.Mvc", "ClientDependency.Mvc\ClientDependency.Core.Mvc.csproj", "{5A8B1824-80CD-4187-B870-384D77892A77}"
EndProject
Project("{FAE04EC0-301F-11D3-BF4B-00C04F79EFBC}") = "ClientDependency.UnitTests", "ClientDependency.UnitTests\ClientDependency.UnitTests.csproj", "{2AAE497E-577F-4ABB-99E3-41CB80B5773E}"
EndProject
Project("{FAE04EC0-301F-11D3-BF4B-00C04F79EFBC}") = "Umbraco4.ClientDependency", "Umbraco4.ClientDependency\Umbraco4.ClientDependency.csproj", "{08DFBA02-97A5-496C-9272-09CE98C50BF5}"
EndProject
Project("{FAE04EC0-301F-11D3-BF4B-00C04F79EFBC}") = "ClientDependency.Less", "ClientDependency.Less\ClientDependency.Less.csproj", "{849F6123-925B-459C-80E6-FD5CA8B9896A}"
EndProject
Project("{FAE04EC0-301F-11D3-BF4B-00C04F79EFBC}") = "ClientDependency.SASS", "ClientDependency.SASS\ClientDependency.SASS.csproj", "{0114D544-4976-4650-BB62-16AD228D43BF}"
EndProject
Project("{FAE04EC0-301F-11D3-BF4B-00C04F79EFBC}") = "ClientDependency.Coffee", "ClientDependency.Coffee\ClientDependency.Coffee.csproj", "{643CA6C1-F9E6-4078-A80D-0841FED68096}"
EndProject
Project("{FAE04EC0-301F-11D3-BF4B-00C04F79EFBC}") = "ClientDependency.TypeScript", "ClientDependency.TypeScript\ClientDependency.TypeScript.csproj", "{DDB92A7D-879A-4314-83DA-55D0535B3539}"
EndProject
Global
	GlobalSection(SolutionConfigurationPlatforms) = preSolution
		Debug|Any CPU = Debug|Any CPU
		Debug-MVC5|Any CPU = Debug-MVC5|Any CPU
		Debug-Net45|Any CPU = Debug-Net45|Any CPU
		Release|Any CPU = Release|Any CPU
		Release-MVC5|Any CPU = Release-MVC5|Any CPU
		Release-Net45|Any CPU = Release-Net45|Any CPU
	EndGlobalSection
	GlobalSection(ProjectConfigurationPlatforms) = postSolution
		{EA35B06D-0CC8-4830-A3F7-9BB3D36D0FAF}.Debug|Any CPU.ActiveCfg = Debug|Any CPU
		{EA35B06D-0CC8-4830-A3F7-9BB3D36D0FAF}.Debug|Any CPU.Build.0 = Debug|Any CPU
		{EA35B06D-0CC8-4830-A3F7-9BB3D36D0FAF}.Debug-MVC5|Any CPU.ActiveCfg = Debug-Net45|Any CPU
		{EA35B06D-0CC8-4830-A3F7-9BB3D36D0FAF}.Debug-MVC5|Any CPU.Build.0 = Debug-Net45|Any CPU
		{EA35B06D-0CC8-4830-A3F7-9BB3D36D0FAF}.Debug-Net45|Any CPU.ActiveCfg = Debug-Net45|Any CPU
		{EA35B06D-0CC8-4830-A3F7-9BB3D36D0FAF}.Debug-Net45|Any CPU.Build.0 = Debug-Net45|Any CPU
		{EA35B06D-0CC8-4830-A3F7-9BB3D36D0FAF}.Release|Any CPU.ActiveCfg = Release|Any CPU
		{EA35B06D-0CC8-4830-A3F7-9BB3D36D0FAF}.Release|Any CPU.Build.0 = Release|Any CPU
		{EA35B06D-0CC8-4830-A3F7-9BB3D36D0FAF}.Release-MVC5|Any CPU.ActiveCfg = Release-Net45|Any CPU
		{EA35B06D-0CC8-4830-A3F7-9BB3D36D0FAF}.Release-MVC5|Any CPU.Build.0 = Release-Net45|Any CPU
		{EA35B06D-0CC8-4830-A3F7-9BB3D36D0FAF}.Release-Net45|Any CPU.ActiveCfg = Release-Net45|Any CPU
		{EA35B06D-0CC8-4830-A3F7-9BB3D36D0FAF}.Release-Net45|Any CPU.Build.0 = Release-Net45|Any CPU
		{D2DA8882-0CCE-4AE0-87BF-9947B0D19CC6}.Debug|Any CPU.ActiveCfg = Debug|Any CPU
		{D2DA8882-0CCE-4AE0-87BF-9947B0D19CC6}.Debug|Any CPU.Build.0 = Debug|Any CPU
		{D2DA8882-0CCE-4AE0-87BF-9947B0D19CC6}.Debug-MVC5|Any CPU.ActiveCfg = Debug|Any CPU
		{D2DA8882-0CCE-4AE0-87BF-9947B0D19CC6}.Debug-MVC5|Any CPU.Build.0 = Debug|Any CPU
		{D2DA8882-0CCE-4AE0-87BF-9947B0D19CC6}.Debug-Net45|Any CPU.ActiveCfg = Debug|Any CPU
		{D2DA8882-0CCE-4AE0-87BF-9947B0D19CC6}.Debug-Net45|Any CPU.Build.0 = Debug|Any CPU
		{D2DA8882-0CCE-4AE0-87BF-9947B0D19CC6}.Release|Any CPU.ActiveCfg = Release|Any CPU
		{D2DA8882-0CCE-4AE0-87BF-9947B0D19CC6}.Release|Any CPU.Build.0 = Release|Any CPU
		{D2DA8882-0CCE-4AE0-87BF-9947B0D19CC6}.Release-MVC5|Any CPU.ActiveCfg = Release|Any CPU
		{D2DA8882-0CCE-4AE0-87BF-9947B0D19CC6}.Release-MVC5|Any CPU.Build.0 = Release|Any CPU
		{D2DA8882-0CCE-4AE0-87BF-9947B0D19CC6}.Release-Net45|Any CPU.ActiveCfg = Release|Any CPU
		{D2DA8882-0CCE-4AE0-87BF-9947B0D19CC6}.Release-Net45|Any CPU.Build.0 = Release|Any CPU
		{5A8B1824-80CD-4187-B870-384D77892A77}.Debug|Any CPU.ActiveCfg = Debug|Any CPU
		{5A8B1824-80CD-4187-B870-384D77892A77}.Debug|Any CPU.Build.0 = Debug|Any CPU
		{5A8B1824-80CD-4187-B870-384D77892A77}.Debug-MVC5|Any CPU.ActiveCfg = Debug-MVC5|Any CPU
		{5A8B1824-80CD-4187-B870-384D77892A77}.Debug-MVC5|Any CPU.Build.0 = Debug-MVC5|Any CPU
		{5A8B1824-80CD-4187-B870-384D77892A77}.Debug-Net45|Any CPU.ActiveCfg = Debug-Net45|Any CPU
		{5A8B1824-80CD-4187-B870-384D77892A77}.Debug-Net45|Any CPU.Build.0 = Debug-Net45|Any CPU
		{5A8B1824-80CD-4187-B870-384D77892A77}.Release|Any CPU.ActiveCfg = Release|Any CPU
		{5A8B1824-80CD-4187-B870-384D77892A77}.Release|Any CPU.Build.0 = Release|Any CPU
		{5A8B1824-80CD-4187-B870-384D77892A77}.Release-MVC5|Any CPU.ActiveCfg = Release-MVC5|Any CPU
		{5A8B1824-80CD-4187-B870-384D77892A77}.Release-MVC5|Any CPU.Build.0 = Release-MVC5|Any CPU
		{5A8B1824-80CD-4187-B870-384D77892A77}.Release-Net45|Any CPU.ActiveCfg = Release-Net45|Any CPU
		{5A8B1824-80CD-4187-B870-384D77892A77}.Release-Net45|Any CPU.Build.0 = Release-Net45|Any CPU
		{2AAE497E-577F-4ABB-99E3-41CB80B5773E}.Debug|Any CPU.ActiveCfg = Debug|Any CPU
		{2AAE497E-577F-4ABB-99E3-41CB80B5773E}.Debug|Any CPU.Build.0 = Debug|Any CPU
		{2AAE497E-577F-4ABB-99E3-41CB80B5773E}.Debug-MVC5|Any CPU.ActiveCfg = Debug|Any CPU
		{2AAE497E-577F-4ABB-99E3-41CB80B5773E}.Debug-MVC5|Any CPU.Build.0 = Debug|Any CPU
		{2AAE497E-577F-4ABB-99E3-41CB80B5773E}.Debug-Net45|Any CPU.ActiveCfg = Debug|Any CPU
		{2AAE497E-577F-4ABB-99E3-41CB80B5773E}.Debug-Net45|Any CPU.Build.0 = Debug|Any CPU
		{2AAE497E-577F-4ABB-99E3-41CB80B5773E}.Release|Any CPU.ActiveCfg = Release|Any CPU
		{2AAE497E-577F-4ABB-99E3-41CB80B5773E}.Release|Any CPU.Build.0 = Release|Any CPU
		{2AAE497E-577F-4ABB-99E3-41CB80B5773E}.Release-MVC5|Any CPU.ActiveCfg = Release|Any CPU
		{2AAE497E-577F-4ABB-99E3-41CB80B5773E}.Release-MVC5|Any CPU.Build.0 = Release|Any CPU
		{2AAE497E-577F-4ABB-99E3-41CB80B5773E}.Release-Net45|Any CPU.ActiveCfg = Release|Any CPU
		{2AAE497E-577F-4ABB-99E3-41CB80B5773E}.Release-Net45|Any CPU.Build.0 = Release|Any CPU
		{08DFBA02-97A5-496C-9272-09CE98C50BF5}.Debug|Any CPU.ActiveCfg = Debug|Any CPU
		{08DFBA02-97A5-496C-9272-09CE98C50BF5}.Debug|Any CPU.Build.0 = Debug|Any CPU
		{08DFBA02-97A5-496C-9272-09CE98C50BF5}.Debug-MVC5|Any CPU.ActiveCfg = Debug|Any CPU
		{08DFBA02-97A5-496C-9272-09CE98C50BF5}.Debug-Net45|Any CPU.ActiveCfg = Debug|Any CPU
		{08DFBA02-97A5-496C-9272-09CE98C50BF5}.Release|Any CPU.ActiveCfg = Release|Any CPU
		{08DFBA02-97A5-496C-9272-09CE98C50BF5}.Release|Any CPU.Build.0 = Release|Any CPU
		{08DFBA02-97A5-496C-9272-09CE98C50BF5}.Release-MVC5|Any CPU.ActiveCfg = Release|Any CPU
		{08DFBA02-97A5-496C-9272-09CE98C50BF5}.Release-MVC5|Any CPU.Build.0 = Release|Any CPU
		{08DFBA02-97A5-496C-9272-09CE98C50BF5}.Release-Net45|Any CPU.ActiveCfg = Release|Any CPU
		{08DFBA02-97A5-496C-9272-09CE98C50BF5}.Release-Net45|Any CPU.Build.0 = Release|Any CPU
		{849F6123-925B-459C-80E6-FD5CA8B9896A}.Debug|Any CPU.ActiveCfg = Debug|Any CPU
		{849F6123-925B-459C-80E6-FD5CA8B9896A}.Debug|Any CPU.Build.0 = Debug|Any CPU
		{849F6123-925B-459C-80E6-FD5CA8B9896A}.Debug-MVC5|Any CPU.ActiveCfg = Debug|Any CPU
		{849F6123-925B-459C-80E6-FD5CA8B9896A}.Debug-Net45|Any CPU.ActiveCfg = Debug|Any CPU
		{849F6123-925B-459C-80E6-FD5CA8B9896A}.Release|Any CPU.ActiveCfg = Release|Any CPU
		{849F6123-925B-459C-80E6-FD5CA8B9896A}.Release|Any CPU.Build.0 = Release|Any CPU
		{849F6123-925B-459C-80E6-FD5CA8B9896A}.Release-MVC5|Any CPU.ActiveCfg = Release|Any CPU
		{849F6123-925B-459C-80E6-FD5CA8B9896A}.Release-MVC5|Any CPU.Build.0 = Release|Any CPU
		{849F6123-925B-459C-80E6-FD5CA8B9896A}.Release-Net45|Any CPU.ActiveCfg = Release|Any CPU
		{849F6123-925B-459C-80E6-FD5CA8B9896A}.Release-Net45|Any CPU.Build.0 = Release|Any CPU
		{0114D544-4976-4650-BB62-16AD228D43BF}.Debug|Any CPU.ActiveCfg = Debug|Any CPU
		{0114D544-4976-4650-BB62-16AD228D43BF}.Debug|Any CPU.Build.0 = Debug|Any CPU
		{0114D544-4976-4650-BB62-16AD228D43BF}.Debug-MVC5|Any CPU.ActiveCfg = Debug|Any CPU
		{0114D544-4976-4650-BB62-16AD228D43BF}.Debug-Net45|Any CPU.ActiveCfg = Debug|Any CPU
		{0114D544-4976-4650-BB62-16AD228D43BF}.Release|Any CPU.ActiveCfg = Release|Any CPU
		{0114D544-4976-4650-BB62-16AD228D43BF}.Release|Any CPU.Build.0 = Release|Any CPU
		{0114D544-4976-4650-BB62-16AD228D43BF}.Release-MVC5|Any CPU.ActiveCfg = Release|Any CPU
		{0114D544-4976-4650-BB62-16AD228D43BF}.Release-MVC5|Any CPU.Build.0 = Release|Any CPU
		{0114D544-4976-4650-BB62-16AD228D43BF}.Release-Net45|Any CPU.ActiveCfg = Release|Any CPU
		{0114D544-4976-4650-BB62-16AD228D43BF}.Release-Net45|Any CPU.Build.0 = Release|Any CPU
		{643CA6C1-F9E6-4078-A80D-0841FED68096}.Debug|Any CPU.ActiveCfg = Debug|Any CPU
		{643CA6C1-F9E6-4078-A80D-0841FED68096}.Debug|Any CPU.Build.0 = Debug|Any CPU
		{643CA6C1-F9E6-4078-A80D-0841FED68096}.Debug-MVC5|Any CPU.ActiveCfg = Debug|Any CPU
		{643CA6C1-F9E6-4078-A80D-0841FED68096}.Debug-Net45|Any CPU.ActiveCfg = Debug|Any CPU
		{643CA6C1-F9E6-4078-A80D-0841FED68096}.Release|Any CPU.ActiveCfg = Release|Any CPU
		{643CA6C1-F9E6-4078-A80D-0841FED68096}.Release|Any CPU.Build.0 = Release|Any CPU
		{643CA6C1-F9E6-4078-A80D-0841FED68096}.Release-MVC5|Any CPU.ActiveCfg = Release|Any CPU
		{643CA6C1-F9E6-4078-A80D-0841FED68096}.Release-MVC5|Any CPU.Build.0 = Release|Any CPU
		{643CA6C1-F9E6-4078-A80D-0841FED68096}.Release-Net45|Any CPU.ActiveCfg = Release|Any CPU
		{643CA6C1-F9E6-4078-A80D-0841FED68096}.Release-Net45|Any CPU.Build.0 = Release|Any CPU
		{DDB92A7D-879A-4314-83DA-55D0535B3539}.Debug|Any CPU.ActiveCfg = Debug|Any CPU
		{DDB92A7D-879A-4314-83DA-55D0535B3539}.Debug|Any CPU.Build.0 = Debug|Any CPU
		{DDB92A7D-879A-4314-83DA-55D0535B3539}.Debug-MVC5|Any CPU.ActiveCfg = Debug|Any CPU
		{DDB92A7D-879A-4314-83DA-55D0535B3539}.Debug-Net45|Any CPU.ActiveCfg = Debug|Any CPU
		{DDB92A7D-879A-4314-83DA-55D0535B3539}.Release|Any CPU.ActiveCfg = Release|Any CPU
		{DDB92A7D-879A-4314-83DA-55D0535B3539}.Release|Any CPU.Build.0 = Release|Any CPU
		{DDB92A7D-879A-4314-83DA-55D0535B3539}.Release-MVC5|Any CPU.ActiveCfg = Release|Any CPU
		{DDB92A7D-879A-4314-83DA-55D0535B3539}.Release-MVC5|Any CPU.Build.0 = Release|Any CPU
		{DDB92A7D-879A-4314-83DA-55D0535B3539}.Release-Net45|Any CPU.ActiveCfg = Release|Any CPU
		{DDB92A7D-879A-4314-83DA-55D0535B3539}.Release-Net45|Any CPU.Build.0 = Release|Any CPU
	EndGlobalSection
	GlobalSection(SolutionProperties) = preSolution
		HideSolutionNode = FALSE
	EndGlobalSection
	GlobalSection(NestedProjects) = preSolution
		{37C50F26-9EDE-45F6-BDCC-39F51E0E312C} = {C5D95718-11A7-4F12-A41A-10229A87F428}
		{D8142A9E-6FDC-46BC-9767-F63767C46887} = {37C50F26-9EDE-45F6-BDCC-39F51E0E312C}
		{4D8DC7DA-0202-4338-B154-72A077FA88E8} = {37C50F26-9EDE-45F6-BDCC-39F51E0E312C}
		{3EAA2D5D-A830-4BA8-90AE-FBB8B307B3FD} = {37C50F26-9EDE-45F6-BDCC-39F51E0E312C}
		{761DC809-2861-4C89-8EA2-CF55304A1FD1} = {37C50F26-9EDE-45F6-BDCC-39F51E0E312C}
		{9598A99A-018C-405C-ACAA-75D7165F3104} = {37C50F26-9EDE-45F6-BDCC-39F51E0E312C}
		{CABF4276-D3DD-4497-BF63-B7527A91A1D8} = {37C50F26-9EDE-45F6-BDCC-39F51E0E312C}
	EndGlobalSection
EndGlobal
