
Microsoft Visual Studio Solution File, Format Version 12.00
# Visual Studio Version 17
VisualStudioVersion = 17.5.002.0
MinimumVisualStudioVersion = 10.0.40219.1
Project("{9A19103F-16F7-4668-BE54-9A1E7A4F7556}") = "Dnn.PersonaBar.Extensions", "Dnn.PersonaBar.Extensions.csproj", "{55B3EF30-0B87-4060-A4C4-C60DFA724C4D}"
EndProject
Global
	GlobalSection(SolutionConfigurationPlatforms) = preSolution
		Debug|Any CPU = Debug|Any CPU
		Release|Any CPU = Release|Any CPU
	EndGlobalSection
	GlobalSection(ProjectConfigurationPlatforms) = postSolution
		{55B3EF30-0B87-4060-A4C4-C60DFA724C4D}.Debug|Any CPU.ActiveCfg = Debug|Any CPU
		{55B3EF30-0B87-4060-A4C4-C60DFA724C4D}.Debug|Any CPU.Build.0 = Debug|Any CPU
		{55B3EF30-0B87-4060-A4C4-C60DFA724C4D}.Release|Any CPU.ActiveCfg = Release|Any CPU
		{55B3EF30-0B87-4060-A4C4-C60DFA724C4D}.Release|Any CPU.Build.0 = Release|Any CPU
	EndGlobalSection
	GlobalSection(SolutionProperties) = preSolution
		HideSolutionNode = FALSE
	EndGlobalSection
	GlobalSection(ExtensibilityGlobals) = postSolution
		SolutionGuid = {BB8D90AD-476B-4B9D-8AE2-073A423C2DCC}
	EndGlobalSection
EndGlobal
