{
  "version": 1,
  "dependencies": {
    "net7.0": {
      "IsCI": {
        "type": "Direct",
        "requested": "[1.0.0, )",
        "resolved": "1.0.0",
        "contentHash": "qlBSJUViQM4hqFdt4DI8SzElASUPuLkhuj6VUS4JU8/PSq30EWaXqj40lcFyjYE51ItltGa9+erf8ILsFtbWJw=="
      },
      "Microsoft.Extensions.DependencyInjection": {
        "type": "Direct",
        "requested": "[7.0.0, )",
        "resolved": "7.0.0",
        "contentHash": "elNeOmkeX3eDVG6pYVeV82p29hr+UKDaBhrZyWvWLw/EVZSYEkZlQdkp0V39k/Xehs2Qa0mvoCvkVj3eQxNQ1Q==",
        "dependencies": {
          "Microsoft.Extensions.DependencyInjection.Abstractions": "7.0.0"
        }
      },
      "Microsoft.Extensions.Http": {
        "type": "Direct",
        "requested": "[7.0.0, )",
        "resolved": "7.0.0",
        "contentHash": "9Pq9f/CvOSz0t9yQa6g1uWpxa2sm13daLFm8EZwy9MaQUjKXWdNUXQwIxwhmba5N83UIqURiPHSNqGK1vfWF2w==",
        "dependencies": {
          "Microsoft.Extensions.DependencyInjection.Abstractions": "7.0.0",
          "Microsoft.Extensions.Logging": "7.0.0",
          "Microsoft.Extensions.Logging.Abstractions": "7.0.0",
          "Microsoft.Extensions.Options": "7.0.0"
        }
      },
      "Microsoft.SourceLink.GitHub": {
        "type": "Direct",
        "requested": "[1.1.1, )",
        "resolved": "1.1.1",
        "contentHash": "IaJGnOv/M7UQjRJks7B6p7pbPnOwisYGOIzqCz5ilGFTApZ3ktOR+6zJ12ZRPInulBmdAf1SrGdDG2MU8g6XTw==",
        "dependencies": {
          "Microsoft.Build.Tasks.Git": "1.1.1",
          "Microsoft.SourceLink.Common": "1.1.1"
        }
      },
      "Spectre.Console": {
        "type": "Direct",
        "requested": "[0.46.0, )",
        "resolved": "0.46.0",
        "contentHash": "qd2OMEGxfQW1KLuQj56KKHkIK6eB/IUF/AET5CRl/efROHGsvBehx9shfkL0HgJEHLCwRiR7foWi4/LkdPk18g==",
        "dependencies": {
          "System.Memory": "4.5.5"
        }
      },
      "Spectre.Console.Analyzer": {
        "type": "Direct",
        "requested": "[0.46.0, )",
        "resolved": "0.46.0",
        "contentHash": "kbCnMdBdtRRtQtR+KKleYcCCe4QbK81LuZ5VR339/k545ggx0XcU29RMLxXdwhT0GQiGzZ7s2WpMO7LbGk+pEQ=="
      },
      "Spectre.Console.Cli": {
        "type": "Direct",
        "requested": "[0.46.0, )",
        "resolved": "0.46.0",
        "contentHash": "Q5HQEI3Ofv/jVYaggksipN3z2Hy0J7q3bogeidIIuQ/QGsY110DGw6n7+tp9nTswT70SDXvXfrXpeGKTJ7TwmA==",
        "dependencies": {
          "Spectre.Console": "0.46.0"
        }
      },
      "Spectre.Console.Registrars.Microsoft-Di": {
        "type": "Direct",
        "requested": "[0.2.0, )",
        "resolved": "0.2.0",
        "contentHash": "DcF9uDgd6SxSqtR98tAcJPSV7OEZoAVSIMrbcqVy2RKihvbTCWWGTy0juMfUVW/7ZS3Tvoibbt/QDFcNUWx85Q=="
      },
      "StyleCop.Analyzers": {
        "type": "Direct",
        "requested": "[1.2.0-beta.435, )",
        "resolved": "1.2.0-beta.435",
        "contentHash": "TADk7vdGXtfTnYCV7GyleaaRTQjfoSfZXprQrVMm7cSJtJbFc1QIbWPyLvrgrfGdfHbGmUPvaN4ODKNxg2jgPQ==",
        "dependencies": {
          "StyleCop.Analyzers.Unstable": "1.2.0.435"
        }
      },
      "System.IO.Abstractions": {
        "type": "Direct",
        "requested": "[19.2.1, )",
        "resolved": "19.2.1",
        "contentHash": "cLvdtHqSrizAK8+ZdIjEvXvHWvoyhg+7EVPC+c86AeI1TGTPeh6aeY9FTYcoWJ8vba94/WcwptTbyyhMpsRKrg==",
        "dependencies": {
          "TestableIO.System.IO.Abstractions": "19.2.1",
          "TestableIO.System.IO.Abstractions.Wrappers": "19.2.1"
        }
      },
      "Microsoft.Build.Tasks.Git": {
        "type": "Transitive",
        "resolved": "1.1.1",
        "contentHash": "AT3HlgTjsqHnWpBHSNeR0KxbLZD7bztlZVj7I8vgeYG9SYqbeFGh0TM/KVtC6fg53nrWHl3VfZFvb5BiQFcY6Q=="
      },
      "Microsoft.Extensions.DependencyInjection.Abstractions": {
        "type": "Transitive",
        "resolved": "7.0.0",
        "contentHash": "h3j/QfmFN4S0w4C2A6X7arXij/M/OVw3uQHSOFxnND4DyAzO1F9eMX7Eti7lU/OkSthEE0WzRsfT/Dmx86jzCw=="
      },
      "Microsoft.Extensions.Logging": {
        "type": "Transitive",
        "resolved": "7.0.0",
        "contentHash": "Nw2muoNrOG5U5qa2ZekXwudUn2BJcD41e65zwmDHb1fQegTX66UokLWZkJRpqSSHXDOWZ5V0iqhbxOEky91atA==",
        "dependencies": {
          "Microsoft.Extensions.DependencyInjection": "7.0.0",
          "Microsoft.Extensions.DependencyInjection.Abstractions": "7.0.0",
          "Microsoft.Extensions.Logging.Abstractions": "7.0.0",
          "Microsoft.Extensions.Options": "7.0.0"
        }
      },
      "Microsoft.Extensions.Logging.Abstractions": {
        "type": "Transitive",
        "resolved": "7.0.0",
        "contentHash": "kmn78+LPVMOWeITUjIlfxUPDsI0R6G0RkeAMBmQxAJ7vBJn4q2dTva7pWi65ceN5vPGjJ9q/Uae2WKgvfktJAw=="
      },
      "Microsoft.Extensions.Options": {
        "type": "Transitive",
        "resolved": "7.0.0",
        "contentHash": "lP1yBnTTU42cKpMozuafbvNtQ7QcBjr/CcK3bYOGEMH55Fjt+iecXjT6chR7vbgCMqy3PG3aNQSZgo/EuY/9qQ==",
        "dependencies": {
          "Microsoft.Extensions.DependencyInjection.Abstractions": "7.0.0",
          "Microsoft.Extensions.Primitives": "7.0.0"
        }
      },
      "Microsoft.Extensions.Primitives": {
        "type": "Transitive",
        "resolved": "7.0.0",
        "contentHash": "um1KU5kxcRp3CNuI8o/GrZtD4AIOXDk+RLsytjZ9QPok3ttLUelLKpilVPuaFT3TFjOhSibUAso0odbOaCDj3Q=="
      },
      "Microsoft.SourceLink.Common": {
        "type": "Transitive",
        "resolved": "1.1.1",
        "contentHash": "WMcGpWKrmJmzrNeuaEb23bEMnbtR/vLmvZtkAP5qWu7vQsY59GqfRJd65sFpBszbd2k/bQ8cs8eWawQKAabkVg=="
      },
      "StyleCop.Analyzers.Unstable": {
        "type": "Transitive",
        "resolved": "1.2.0.435",
        "contentHash": "ouwPWZxbOV3SmCZxIRqHvljkSzkCyi1tDoMzQtDb/bRP8ctASV/iRJr+A2Gdj0QLaLmWnqTWDrH82/iP+X80Lg=="
      },
      "System.Memory": {
        "type": "Transitive",
        "resolved": "4.5.5",
        "contentHash": "XIWiDvKPXaTveaB7HVganDlOCRoj03l+jrwNvcge/t8vhGYKvqV+dMv6G4SAX2NoNmN0wZfVPTAlFwZcZvVOUw=="
      },
      "TestableIO.System.IO.Abstractions": {
        "type": "Transitive",
        "resolved": "19.2.1",
        "contentHash": "VAyvgRAXJcQSQrzhEFqOCHFc6kC8RAI7LueiNh3Sl648bhVk5Mjmb91Hcv7Ru//A/BDY1MTwrQV+SQDtl4fc9Q=="
      },
      "TestableIO.System.IO.Abstractions.Wrappers": {
        "type": "Transitive",
        "resolved": "19.2.1",
        "contentHash": "2drGatHnWIIkuwP0x7wWcKWdYTtYdnFaXxVyBCeiyXovQ06QWEiCFnz5q5p5Ym7MYumK5P24WbA0gt+P30mpCA==",
        "dependencies": {
          "TestableIO.System.IO.Abstractions": "19.2.1"
        }
      },
      "dotnetnuke.bulkinstall.encryption": {
        "type": "Project"
      }
    }
  }
}