
Microsoft Visual Studio Solution File, Format Version 12.00
# Visual Studio 14
VisualStudioVersion = 14.0.25420.1
MinimumVisualStudioVersion = 10.0.40219.1
Project("{FAE04EC0-301F-11D3-BF4B-00C04F79EFBC}") = "Dnn.PersonaBar.UI", "Modules\UI\Dnn.PersonaBar.UI\Dnn.PersonaBar.UI.csproj", "{7D92D57E-EB66-4816-A0FA-B39213452539}"
	ProjectSection(ProjectDependencies) = postProject
		{5313F690-D9A3-40B1-908C-1F5A3F3EA683} = {5313F690-D9A3-40B1-908C-1F5A3F3EA683}
	EndProjectSection
EndProject
Project("{2150E333-8FDC-42A3-9474-1A3956D46DE8}") = ".nuget", ".nuget", "{424CCB69-AD4D-4CBC-83D3-E7588343A2E4}"
	ProjectSection(SolutionItems) = preProject
		.nuget\NuGet.Config = .nuget\NuGet.Config
		.nuget\NuGet.exe = .nuget\NuGet.exe
		.nuget\NuGet.targets = .nuget\NuGet.targets
	EndProjectSection
EndProject
Project("{2150E333-8FDC-42A3-9474-1A3956D46DE8}") = "Solution Files", "Solution Files", "{59367CA7-B502-4216-A810-C940A82FA526}"
	ProjectSection(SolutionItems) = preProject
		Build\BuildScripts\CreateSourcePackage.build = Build\BuildScripts\CreateSourcePackage.build
		Build\BuildScripts\Module.build = Build\BuildScripts\Module.build
		Build\BuildScripts\Package.targets = Build\BuildScripts\Package.targets
		Solution.build = Solution.build
	EndProjectSection
EndProject
Project("{FAE04EC0-301F-11D3-BF4B-00C04F79EFBC}") = "NuGetPackages", "NuGetPackages\NuGetPackages.csproj", "{5313F690-D9A3-40B1-908C-1F5A3F3EA683}"
EndProject
Project("{FAE04EC0-301F-11D3-BF4B-00C04F79EFBC}") = "Dnn.PersonaBar.Library", "Dnn.PersonaBar.Library\Dnn.PersonaBar.Library.csproj", "{8B50BA8B-0A08-41B8-81B8-EA70707C7379}"
	ProjectSection(ProjectDependencies) = postProject
		{5313F690-D9A3-40B1-908C-1F5A3F3EA683} = {5313F690-D9A3-40B1-908C-1F5A3F3EA683}
	EndProjectSection
EndProject
Global
	GlobalSection(SolutionConfigurationPlatforms) = preSolution
		Debug|Any CPU = Debug|Any CPU
		Release|Any CPU = Release|Any CPU
	EndGlobalSection
	GlobalSection(ProjectConfigurationPlatforms) = postSolution
		{7D92D57E-EB66-4816-A0FA-B39213452539}.Debug|Any CPU.ActiveCfg = Debug|Any CPU
		{7D92D57E-EB66-4816-A0FA-B39213452539}.Debug|Any CPU.Build.0 = Debug|Any CPU
		{7D92D57E-EB66-4816-A0FA-B39213452539}.Release|Any CPU.ActiveCfg = Release|Any CPU
		{7D92D57E-EB66-4816-A0FA-B39213452539}.Release|Any CPU.Build.0 = Release|Any CPU
		{5313F690-D9A3-40B1-908C-1F5A3F3EA683}.Debug|Any CPU.ActiveCfg = Debug|Any CPU
		{5313F690-D9A3-40B1-908C-1F5A3F3EA683}.Debug|Any CPU.Build.0 = Debug|Any CPU
		{5313F690-D9A3-40B1-908C-1F5A3F3EA683}.Release|Any CPU.ActiveCfg = Release|Any CPU
		{5313F690-D9A3-40B1-908C-1F5A3F3EA683}.Release|Any CPU.Build.0 = Release|Any CPU
		{8B50BA8B-0A08-41B8-81B8-EA70707C7379}.Debug|Any CPU.ActiveCfg = Debug|Any CPU
		{8B50BA8B-0A08-41B8-81B8-EA70707C7379}.Debug|Any CPU.Build.0 = Debug|Any CPU
		{8B50BA8B-0A08-41B8-81B8-EA70707C7379}.Release|Any CPU.ActiveCfg = Release|Any CPU
		{8B50BA8B-0A08-41B8-81B8-EA70707C7379}.Release|Any CPU.Build.0 = Release|Any CPU
	EndGlobalSection
	GlobalSection(SolutionProperties) = preSolution
		HideSolutionNode = FALSE
	EndGlobalSection
	GlobalSection(NestedProjects) = preSolution
		{5313F690-D9A3-40B1-908C-1F5A3F3EA683} = {424CCB69-AD4D-4CBC-83D3-E7588343A2E4}
	EndGlobalSection
EndGlobal
