{
  "name": "resource-library",
  "version": "1.0.0",
  "lockfileVersion": 1,
  "requires": true,
  "dependencies": {
    "@babel/runtime": {
      "version": "7.9.2",
      "resolved": "https://www.myget.org/F/dnn-software-public/npm/@babel/runtime/-/@babel/runtime-7.9.2.tgz",
      "integrity": "sha1-2Q3wWDo6JS8JqqYZZlNnuuUY2wY=",
      "requires": {
        "regenerator-runtime": "^0.13.4"
      }
    },
    "add-px-to-style": {
      "version": "1.0.0",
      "resolved": "https://www.myget.org/F/dnn-software-public/npm/add-px-to-style/-/add-px-to-style-1.0.0.tgz",
      "integrity": "sha1-0ME1RB+oAUqBN5BFMQlvZ/KPJjo="
    },
    "amdefine": {
      "version": "1.0.1",
      "resolved": "https://www.myget.org/F/dnn-software-public/npm/amdefine/-/amdefine-1.0.1.tgz",
      "integrity": "sha1-SlKCrBZHKek2Gbz9OtFR+BfOkfU="
    },
    "asap": {
      "version": "2.0.6",
      "resolved": "https://www.myget.org/F/dnn-software-public/npm/asap/-/asap-2.0.6.tgz",
      "integrity": "sha1-5QNHYR1+aQlDIIu9r+vLwvuGbUY="
    },
    "asynckit": {
      "version": "0.4.0",
      "resolved": "https://www.myget.org/F/dnn-software-public/npm/asynckit/-/asynckit-0.4.0.tgz",
      "integrity": "sha1-x57Zf380y48robyXkLzDZkdLS3k="
    },
    "attr-accept": {
      "version": "1.1.3",
      "resolved": "https://www.myget.org/F/dnn-software-public/npm/attr-accept/-/attr-accept-1.1.3.tgz",
      "integrity": "sha1-SCMMefk3kO8ndfzsTw2w9dtBylI=",
      "requires": {
        "core-js": "^2.5.0"
      },
      "dependencies": {
        "core-js": {
          "version": "2.6.11",
          "resolved": "https://www.myget.org/F/dnn-software-public/npm/core-js/-/core-js-2.6.11.tgz",
          "integrity": "sha1-OIMUafmSK97Y7iHJ3EaYXgOZMIw="
        }
      }
    },
    "babel-plugin-transform-runtime": {
      "version": "6.23.0",
      "resolved": "https://www.myget.org/F/dnn-software-public/npm/babel-plugin-transform-runtime/-/babel-plugin-transform-runtime-6.23.0.tgz",
      "integrity": "sha1-iEkNRGUC6puOfvsP4J7E2ZR5se4=",
      "requires": {
        "babel-runtime": "^6.22.0"
      }
    },
    "babel-runtime": {
      "version": "6.26.0",
      "resolved": "https://www.myget.org/F/dnn-software-public/npm/babel-runtime/-/babel-runtime-6.26.0.tgz",
      "integrity": "sha1-llxwWGaOgrVde/4E/yM3vItWR/4=",
      "requires": {
        "core-js": "^2.4.0",
        "regenerator-runtime": "^0.11.0"
      },
      "dependencies": {
        "core-js": {
          "version": "2.6.11",
          "resolved": "https://www.myget.org/F/dnn-software-public/npm/core-js/-/core-js-2.6.11.tgz",
          "integrity": "sha1-OIMUafmSK97Y7iHJ3EaYXgOZMIw="
        },
        "regenerator-runtime": {
          "version": "0.11.1",
          "resolved": "https://www.myget.org/F/dnn-software-public/npm/regenerator-runtime/-/regenerator-runtime-0.11.1.tgz",
          "integrity": "sha1-vgWtf5v30i4Fb5cmzuUBf78Z4uk="
        }
      }
    },
    "base16": {
      "version": "1.0.0",
      "resolved": "https://www.myget.org/F/dnn-software-public/npm/base16/-/base16-1.0.0.tgz",
      "integrity": "sha1-4pf2DX7BAUp6lxo568ipjAtoHnA="
    },
    "big.js": {
      "version": "3.2.0",
      "resolved": "https://www.myget.org/F/dnn-software-public/npm/big.js/-/big.js-3.2.0.tgz",
      "integrity": "sha1-pfwpi4G54Nyi5FiCR4S2XFK6WI4="
    },
    "chain-function": {
      "version": "1.0.1",
      "resolved": "https://www.myget.org/F/dnn-software-public/npm/chain-function/-/chain-function-1.0.1.tgz",
      "integrity": "sha1-xjBF5bS2Y/uG8cbhhq2vHeQCocw="
    },
    "combined-stream": {
      "version": "1.0.8",
      "resolved": "https://www.myget.org/F/dnn-software-public/npm/combined-stream/-/combined-stream-1.0.8.tgz",
      "integrity": "sha1-w9RaizT9cwYxoRCoolIGgrMdWn8=",
      "requires": {
        "delayed-stream": "~1.0.0"
      }
    },
    "component-emitter": {
      "version": "1.3.0",
      "resolved": "https://www.myget.org/F/dnn-software-public/npm/component-emitter/-/component-emitter-1.3.0.tgz",
      "integrity": "sha1-FuQHD7qK4ptnnyIVhT7hgasuq8A="
    },
    "cookiejar": {
      "version": "2.1.2",
      "resolved": "https://www.myget.org/F/dnn-software-public/npm/cookiejar/-/cookiejar-2.1.2.tgz",
      "integrity": "sha1-3YojVTB1L5iPmghE8/xYnjERElw="
    },
    "copy-to-clipboard": {
      "version": "3.3.1",
      "resolved": "https://www.myget.org/F/dnn-software-public/npm/copy-to-clipboard/-/copy-to-clipboard-3.3.1.tgz",
      "integrity": "sha1-EVqhqZmP+rYZb5MHatbaO5E2Yq4=",
      "requires": {
        "toggle-selection": "^1.0.6"
      }
    },
    "core-js": {
      "version": "1.2.7",
      "resolved": "https://www.myget.org/F/dnn-software-public/npm/core-js/-/core-js-1.2.7.tgz",
      "integrity": "sha1-ZSKUwUZR2yj6k70tX/KYOk8IxjY="
    },
    "core-util-is": {
      "version": "1.0.2",
      "resolved": "https://www.myget.org/F/dnn-software-public/npm/core-util-is/-/core-util-is-1.0.2.tgz",
      "integrity": "sha1-tf1UIgqivFq1eqtxQMlAdUUDwac="
    },
    "create-react-class": {
      "version": "15.6.3",
      "resolved": "https://www.myget.org/F/dnn-software-public/npm/create-react-class/-/create-react-class-15.6.3.tgz",
      "integrity": "sha1-LXMjf7P5cK5uvgEanmb0bbyoADY=",
      "requires": {
        "fbjs": "^0.8.9",
        "loose-envify": "^1.3.1",
        "object-assign": "^4.1.1"
      }
    },
    "debug": {
      "version": "3.2.6",
      "resolved": "https://www.myget.org/F/dnn-software-public/npm/debug/-/debug-3.2.6.tgz",
      "integrity": "sha1-6D0X3hbYp++3cX7b5fsQE17uYps=",
      "requires": {
        "ms": "^2.1.1"
      }
    },
    "delayed-stream": {
      "version": "1.0.0",
      "resolved": "https://www.myget.org/F/dnn-software-public/npm/delayed-stream/-/delayed-stream-1.0.0.tgz",
      "integrity": "sha1-3zrhmayt+31ECqrgsp4icrJOxhk="
    },
    "dnn-dropdown": {
      "version": "1.0.22",
      "resolved": "https://www.myget.org/F/dnn-software-public/npm/dnn-dropdown/-/dnn-dropdown-1.0.22.tgz",
      "integrity": "sha1-FMHlivaGDY+9tN/cCaaJZGWCKAU=",
      "requires": {
        "dnn-global-styles": "^0.0.5",
        "dnn-svg-icons": "^0.1.20",
        "lodash": "4.17.4",
        "react-collapse": "~4.0.3",
        "react-custom-scrollbars": "^4.2.1",
        "react-motion": "^0.4.4",
        "react-test-utils": "0.0.1",
        "scroll": "^2.0.0"
      },
      "dependencies": {
        "lodash": {
          "version": "4.17.4",
          "resolved": "https://www.myget.org/F/dnn-software-public/npm/lodash/-/lodash-4.17.4.tgz",
          "integrity": "sha1-eCA6TRwyiuHYbcpkYONptX9AVa4="
        },
        "react-collapse": {
          "version": "4.0.3",
          "resolved": "https://www.myget.org/F/dnn-software-public/npm/react-collapse/-/react-collapse-4.0.3.tgz",
          "integrity": "sha1-uW3pWe0AkqQ1NGMLWZpHU9121UM=",
          "requires": {
            "prop-types": "^15.5.8"
          }
        }
      }
    },
    "dnn-global-styles": {
      "version": "0.0.5",
      "resolved": "https://www.myget.org/F/dnn-software-public/npm/dnn-global-styles/-/dnn-global-styles-0.0.5.tgz",
      "integrity": "sha1-+D2HPZ/wNRkwr1W0mgrjthTBzq4="
    },
    "dnn-label": {
      "version": "0.0.10",
      "resolved": "https://www.myget.org/F/dnn-software-public/npm/dnn-label/-/dnn-label-0.0.10.tgz",
      "integrity": "sha1-QmgjcheJCYQrH6GafKYbHJxlqTI=",
      "requires": {
        "dnn-global-styles": "^0.0.5",
        "dnn-tooltip": "0.2.4"
      },
      "dependencies": {
        "dnn-tooltip": {
          "version": "0.2.4",
          "resolved": "https://www.myget.org/F/dnn-software-public/npm/dnn-tooltip/-/dnn-tooltip-0.2.4.tgz",
          "integrity": "sha1-B7Dj0BoezVziD/GooUrgOQ3HAOo=",
          "requires": {
            "dnn-global-styles": ">=0.0.5",
            "lodash": "4.17.4",
            "react-portal-tooltip": "1.1.5"
          }
        },
        "lodash": {
          "version": "4.17.4",
          "resolved": "https://www.myget.org/F/dnn-software-public/npm/lodash/-/lodash-4.17.4.tgz",
          "integrity": "sha1-eCA6TRwyiuHYbcpkYONptX9AVa4="
        }
      }
    },
    "dnn-modal": {
      "version": "0.0.2",
      "resolved": "https://www.myget.org/F/dnn-software-public/npm/dnn-modal/-/dnn-modal-0.0.2.tgz",
      "integrity": "sha1-UbVEGp28+D3vScTs7r0S9Gtb5P8="
    },
    "dnn-svg-icons": {
      "version": "0.1.22",
      "resolved": "https://www.myget.org/F/dnn-software-public/npm/dnn-svg-icons/-/dnn-svg-icons-0.1.22.tgz",
      "integrity": "sha1-FueMA5NZWm3ls1WW1vmZcAnStqc="
    },
    "dnn-switch": {
      "version": "0.1.6",
      "resolved": "https://www.myget.org/F/dnn-software-public/npm/dnn-switch/-/dnn-switch-0.1.6.tgz",
      "integrity": "sha1-00BAl3haoCtncHHo7iBM6p0eirY=",
      "requires": {
        "dnn-global-styles": "^0.0.5",
        "dnn-tooltip": "0.2.4"
      },
      "dependencies": {
        "dnn-tooltip": {
          "version": "0.2.4",
          "resolved": "https://www.myget.org/F/dnn-software-public/npm/dnn-tooltip/-/dnn-tooltip-0.2.4.tgz",
          "integrity": "sha1-B7Dj0BoezVziD/GooUrgOQ3HAOo=",
          "requires": {
            "dnn-global-styles": ">=0.0.5",
            "lodash": "4.17.4",
            "react-portal-tooltip": "1.1.5"
          }
        },
        "lodash": {
          "version": "4.17.4",
          "resolved": "https://www.myget.org/F/dnn-software-public/npm/lodash/-/lodash-4.17.4.tgz",
          "integrity": "sha1-eCA6TRwyiuHYbcpkYONptX9AVa4="
        }
      }
    },
    "dnn-tooltip": {
      "version": "0.1.6",
      "resolved": "https://www.myget.org/F/dnn-software-public/npm/dnn-tooltip/-/dnn-tooltip-0.1.6.tgz",
      "integrity": "sha1-2daYa07/NgTVwNSdCjKPqvw4QVo=",
      "requires": {
        "react-portal-tooltip": "^1.1.5"
      }
    },
    "dom-css": {
      "version": "2.1.0",
      "resolved": "https://www.myget.org/F/dnn-software-public/npm/dom-css/-/dom-css-2.1.0.tgz",
      "integrity": "sha1-/bwtWgFdCj4YcuEUcrvQ57nmogI=",
      "requires": {
        "add-px-to-style": "1.0.0",
        "prefix-style": "2.0.1",
        "to-camel-case": "1.0.0"
      }
    },
    "dom-helpers": {
      "version": "3.4.0",
      "resolved": "https://www.myget.org/F/dnn-software-public/npm/dom-helpers/-/dom-helpers-3.4.0.tgz",
      "integrity": "sha1-6bNpcA+Vn2Ls3lprq95LzNkWmvg=",
      "requires": {
        "@babel/runtime": "^7.1.2"
      }
    },
    "dom-walk": {
      "version": "0.1.2",
      "resolved": "https://www.myget.org/F/dnn-software-public/npm/dom-walk/-/dom-walk-0.1.2.tgz",
      "integrity": "sha1-DFSL7wSPTR8qlySQAiNgYNqj/YQ="
    },
    "element-class": {
      "version": "0.2.2",
      "resolved": "https://www.myget.org/F/dnn-software-public/npm/element-class/-/element-class-0.2.2.tgz",
      "integrity": "sha1-nTu9B2f5AT744cjr5yLBQCpgBQ4="
    },
    "emojis-list": {
      "version": "2.1.0",
      "resolved": "https://www.myget.org/F/dnn-software-public/npm/emojis-list/-/emojis-list-2.1.0.tgz",
      "integrity": "sha1-TapNnbAPmBmIDHn6RXrlsJof04k="
    },
    "encoding": {
      "version": "0.1.12",
      "resolved": "https://www.myget.org/F/dnn-software-public/npm/encoding/-/encoding-0.1.12.tgz",
      "integrity": "sha1-U4tm8+5izRq1HsMjgp0flIDHS+s=",
      "requires": {
        "iconv-lite": "~0.4.13"
      }
    },
    "envify": {
      "version": "0.2.0",
      "resolved": "https://www.myget.org/F/dnn-software-public/npm/envify/-/envify-0.2.0.tgz",
      "integrity": "sha1-ZFCRz68Seff4NkqJOwz4HGgOy+A=",
      "requires": {
        "falafel": "~0.2.1",
        "through": "~2.3.4"
      }
    },
    "errno": {
      "version": "0.1.7",
      "resolved": "https://www.myget.org/F/dnn-software-public/npm/errno/-/errno-0.1.7.tgz",
      "integrity": "sha1-RoTXF3mtOa8Xfj8AeZb3xnyFJhg=",
      "optional": true,
      "requires": {
        "prr": "~1.0.1"
      }
    },
    "es6-shim": {
      "version": "0.35.0",
      "resolved": "https://www.myget.org/F/dnn-software-public/npm/es6-shim/-/es6-shim-0.35.0.tgz",
      "integrity": "sha1-Jy2SeVCInqvimZJ83JwAELe/wAo="
    },
    "esprima": {
      "version": "github:substack/esprima#0a7f8489a11b44b019ce168506f535f22d0be290",
      "from": "github:substack/esprima#is-keyword"
    },
    "exenv": {
      "version": "1.2.0",
      "resolved": "https://www.myget.org/F/dnn-software-public/npm/exenv/-/exenv-1.2.0.tgz",
      "integrity": "sha1-ODXxJ6vwdb/ggtCu1EhAV8eOPIk="
    },
    "extend": {
      "version": "3.0.2",
      "resolved": "https://www.myget.org/F/dnn-software-public/npm/extend/-/extend-3.0.2.tgz",
      "integrity": "sha1-+LETa0Bx+9jrFAr/hYsQGewpFfo="
    },
    "falafel": {
      "version": "0.2.1",
      "resolved": "https://www.myget.org/F/dnn-software-public/npm/falafel/-/falafel-0.2.1.tgz",
      "integrity": "sha1-nvxRzhnsVykIayKuiJ5dfQ4lZgE=",
      "requires": {
        "esprima": "github:substack/esprima#0a7f8489a11b44b019ce168506f535f22d0be290"
      }
    },
    "fbjs": {
      "version": "0.8.17",
      "resolved": "https://www.myget.org/F/dnn-software-public/npm/fbjs/-/fbjs-0.8.17.tgz",
      "integrity": "sha1-xNWY6taUkRJlPWWIsBpc3Nn5D90=",
      "requires": {
        "core-js": "^1.0.0",
        "isomorphic-fetch": "^2.1.1",
        "loose-envify": "^1.0.0",
        "object-assign": "^4.1.0",
        "promise": "^7.1.1",
        "setimmediate": "^1.0.5",
        "ua-parser-js": "^0.7.18"
      }
    },
    "fetch-ie8": {
      "version": "1.4.2",
      "resolved": "https://www.myget.org/F/dnn-software-public/npm/fetch-ie8/-/fetch-ie8-1.4.2.tgz",
      "integrity": "sha1-bAKRGpJlvhJSHQRk+YQW/N3Aryo="
    },
    "file-loader": {
      "version": "0.9.0",
      "resolved": "https://www.myget.org/F/dnn-software-public/npm/file-loader/-/file-loader-0.9.0.tgz",
      "integrity": "sha1-HS2t3UJM5tGwfP4/eXMb7TYXq0I=",
      "requires": {
        "loader-utils": "~0.2.5"
      }
    },
    "form-data": {
      "version": "2.5.1",
      "resolved": "https://www.myget.org/F/dnn-software-public/npm/form-data/-/form-data-2.5.1.tgz",
      "integrity": "sha1-8svsV7XlniNxbhKP5E1OXdI4lfQ=",
      "requires": {
        "asynckit": "^0.4.0",
        "combined-stream": "^1.0.6",
        "mime-types": "^2.1.12"
      }
    },
    "formidable": {
      "version": "1.2.2",
      "resolved": "https://www.myget.org/F/dnn-software-public/npm/formidable/-/formidable-1.2.2.tgz",
      "integrity": "sha1-v2muopcpgmdfAIZTQrmCmG9rjdk="
    },
    "global": {
      "version": "4.3.2",
      "resolved": "https://www.myget.org/F/dnn-software-public/npm/global/-/global-4.3.2.tgz",
      "integrity": "sha1-52mJJopsdMOJCLEwWxD8DjlOnQ8=",
      "requires": {
        "min-document": "^2.19.0",
        "process": "~0.5.1"
      }
    },
    "graceful-fs": {
      "version": "4.2.3",
      "resolved": "https://www.myget.org/F/dnn-software-public/npm/graceful-fs/-/graceful-fs-4.2.3.tgz",
      "integrity": "sha1-ShL/G2A3bvCYYsIJPt2Qgyi+hCM=",
      "optional": true
    },
    "hoist-non-react-statics": {
      "version": "1.2.0",
      "resolved": "https://www.myget.org/F/dnn-software-public/npm/hoist-non-react-statics/-/hoist-non-react-statics-1.2.0.tgz",
      "integrity": "sha1-qkSM8JhtVcxAdzsXF0t90GbLfPs="
    },
    "iconv-lite": {
      "version": "0.4.24",
      "resolved": "https://www.myget.org/F/dnn-software-public/npm/iconv-lite/-/iconv-lite-0.4.24.tgz",
      "integrity": "sha1-ICK0sl+93CHS9SSXSkdKr+czkIs=",
      "requires": {
        "safer-buffer": ">= 2.1.2 < 3"
      }
    },
    "image-size": {
      "version": "0.5.5",
      "resolved": "https://www.myget.org/F/dnn-software-public/npm/image-size/-/image-size-0.5.5.tgz",
      "integrity": "sha1-Cd/Uq50g4p6xw+gLiZA3jfnjy5w=",
      "optional": true
    },
    "inherits": {
      "version": "2.0.4",
      "resolved": "https://www.myget.org/F/dnn-software-public/npm/inherits/-/inherits-2.0.4.tgz",
      "integrity": "sha1-D6LGT5MpF8NDOg3tVTY6rjdBa3w="
    },
    "invariant": {
      "version": "2.2.4",
      "resolved": "https://www.myget.org/F/dnn-software-public/npm/invariant/-/invariant-2.2.4.tgz",
      "integrity": "sha1-YQ88ksk1nOHbYW5TgAjSP/NRWOY=",
      "requires": {
        "loose-envify": "^1.0.0"
      }
    },
    "is-stream": {
      "version": "1.1.0",
      "resolved": "https://www.myget.org/F/dnn-software-public/npm/is-stream/-/is-stream-1.1.0.tgz",
      "integrity": "sha1-EtSj3U5o4Lec6428hBc66A2RykQ="
    },
    "isarray": {
      "version": "1.0.0",
      "resolved": "https://www.myget.org/F/dnn-software-public/npm/isarray/-/isarray-1.0.0.tgz",
      "integrity": "sha1-u5NdSFgsuhaMBoNJV6VKPgcSTxE="
    },
    "isomorphic-fetch": {
      "version": "2.2.1",
      "resolved": "https://www.myget.org/F/dnn-software-public/npm/isomorphic-fetch/-/isomorphic-fetch-2.2.1.tgz",
      "integrity": "sha1-YRrhrPFPXoH3KVB0coGf6XM1WKk=",
      "requires": {
        "node-fetch": "^1.0.1",
        "whatwg-fetch": ">=0.10.0"
      }
    },
    "js-tokens": {
      "version": "4.0.0",
      "resolved": "https://www.myget.org/F/dnn-software-public/npm/js-tokens/-/js-tokens-4.0.0.tgz",
      "integrity": "sha1-GSA/tZmR35jjoocFDUZHzerzJJk="
    },
    "json-stringify-safe": {
      "version": "5.0.1",
      "resolved": "https://www.myget.org/F/dnn-software-public/npm/json-stringify-safe/-/json-stringify-safe-5.0.1.tgz",
      "integrity": "sha1-Epai1Y/UXxmg9s4B1lcB4sc1tus="
    },
    "json5": {
      "version": "0.5.1",
      "resolved": "https://www.myget.org/F/dnn-software-public/npm/json5/-/json5-0.5.1.tgz",
      "integrity": "sha1-Hq3nrMASA0rYTiOWdn6tn6VJWCE="
    },
    "less": {
      "version": "2.7.1",
      "resolved": "https://www.myget.org/F/dnn-software-public/npm/less/-/less-2.7.1.tgz",
      "integrity": "sha1-bL/qIrO4MDBOml+zcdVPpIDJ188=",
      "requires": {
        "errno": "^0.1.1",
        "graceful-fs": "^4.1.2",
        "image-size": "~0.5.0",
        "mime": "^1.2.11",
        "mkdirp": "^0.5.0",
        "promise": "^7.1.1",
        "source-map": "^0.5.3"
      }
    },
    "less-loader": {
      "version": "2.2.3",
      "resolved": "https://www.myget.org/F/dnn-software-public/npm/less-loader/-/less-loader-2.2.3.tgz",
      "integrity": "sha1-ttj4E5yEk98J2ZKpOgBzSwj4RSg=",
      "requires": {
        "loader-utils": "^0.2.5"
      }
    },
    "loader-utils": {
      "version": "0.2.17",
      "resolved": "https://www.myget.org/F/dnn-software-public/npm/loader-utils/-/loader-utils-0.2.17.tgz",
      "integrity": "sha1-+G5jdNQyBabmxg6RlvF8Apm/s0g=",
      "requires": {
        "big.js": "^3.1.3",
        "emojis-list": "^2.0.0",
        "json5": "^0.5.0",
        "object-assign": "^4.0.1"
      }
    },
    "lodash": {
      "version": "4.17.15",
      "resolved": "https://www.myget.org/F/dnn-software-public/npm/lodash/-/lodash-4.17.15.tgz",
      "integrity": "sha1-tEf2ZwoEVbv+7dETku/zMOoJdUg="
    },
    "lodash-es": {
      "version": "4.17.15",
      "resolved": "https://www.myget.org/F/dnn-software-public/npm/lodash-es/-/lodash-es-4.17.15.tgz",
      "integrity": "sha1-Ib2Wg5NUQS8j16EDQOXqxu5FXXg="
    },
    "lodash._getnative": {
      "version": "3.9.1",
      "resolved": "https://www.myget.org/F/dnn-software-public/npm/lodash._getnative/-/lodash._getnative-3.9.1.tgz",
      "integrity": "sha1-VwvH3t5G1hzc3mh9ZdPuy6o6r/U="
    },
    "lodash.assign": {
      "version": "4.2.0",
      "resolved": "https://www.myget.org/F/dnn-software-public/npm/lodash.assign/-/lodash.assign-4.2.0.tgz",
      "integrity": "sha1-DZnzzNem0mHRm9rrkkUAXShYCOc="
    },
    "lodash.debounce": {
      "version": "3.1.1",
      "resolved": "https://www.myget.org/F/dnn-software-public/npm/lodash.debounce/-/lodash.debounce-3.1.1.tgz",
      "integrity": "sha1-gSIRw3ipTMKdWqTjNGzwv846ffU=",
      "requires": {
        "lodash._getnative": "^3.0.0"
      }
    },
    "loose-envify": {
      "version": "1.4.0",
      "resolved": "https://www.myget.org/F/dnn-software-public/npm/loose-envify/-/loose-envify-1.4.0.tgz",
      "integrity": "sha1-ce5R+nvkyuwaY4OffmgtgTLTDK8=",
      "requires": {
        "js-tokens": "^3.0.0 || ^4.0.0"
      }
    },
    "methods": {
      "version": "1.1.2",
      "resolved": "https://www.myget.org/F/dnn-software-public/npm/methods/-/methods-1.1.2.tgz",
      "integrity": "sha1-VSmk1nZUE07cxSZmVoNbD4Ua/O4="
    },
    "mime": {
      "version": "1.6.0",
      "resolved": "https://www.myget.org/F/dnn-software-public/npm/mime/-/mime-1.6.0.tgz",
      "integrity": "sha1-Ms2eXGRVO9WNGaVor0Uqz/BJgbE="
    },
    "mime-db": {
      "version": "1.43.0",
      "resolved": "https://www.myget.org/F/dnn-software-public/npm/mime-db/-/mime-db-1.43.0.tgz",
      "integrity": "sha1-ChLgUCZQ5HPXNVNQUOfI9OtPrlg="
    },
    "mime-types": {
      "version": "2.1.26",
      "resolved": "https://www.myget.org/F/dnn-software-public/npm/mime-types/-/mime-types-2.1.26.tgz",
      "integrity": "sha1-nJIfwJt+FJpl39wNpNIJlyALCgY=",
      "requires": {
        "mime-db": "1.43.0"
      }
    },
    "min-document": {
      "version": "2.19.0",
      "resolved": "https://www.myget.org/F/dnn-software-public/npm/min-document/-/min-document-2.19.0.tgz",
      "integrity": "sha1-e9KC4/WELtKVu3SM3Z8f+iyCRoU=",
      "requires": {
        "dom-walk": "^0.1.0"
      }
    },
    "minimist": {
      "version": "1.2.5",
      "resolved": "https://www.myget.org/F/dnn-software-public/npm/minimist/-/minimist-1.2.5.tgz",
      "integrity": "sha1-Z9ZgFLZqaoqqDAg8X9WN9OTpdgI="
    },
    "mkdirp": {
      "version": "0.5.5",
      "resolved": "https://www.myget.org/F/dnn-software-public/npm/mkdirp/-/mkdirp-0.5.5.tgz",
      "integrity": "sha1-2Rzv1i0UNsoPQWIOJRKI1CAJne8=",
      "optional": true,
      "requires": {
        "minimist": "^1.2.5"
      }
    },
    "ms": {
      "version": "2.1.2",
      "resolved": "https://www.myget.org/F/dnn-software-public/npm/ms/-/ms-2.1.2.tgz",
      "integrity": "sha1-0J0fNXtEP0kzgqjrPM0YOHKuYAk="
    },
    "node-fetch": {
      "version": "1.7.3",
      "resolved": "https://www.myget.org/F/dnn-software-public/npm/node-fetch/-/node-fetch-1.7.3.tgz",
      "integrity": "sha1-mA9vcthSEaU0fGsrwYxbhMPrR+8=",
      "requires": {
        "encoding": "^0.1.11",
        "is-stream": "^1.0.1"
      }
    },
    "object-assign": {
      "version": "4.1.1",
      "resolved": "https://www.myget.org/F/dnn-software-public/npm/object-assign/-/object-assign-4.1.1.tgz",
      "integrity": "sha1-IQmtx5ZYh8/AXLvUQsrIv7s2CGM="
    },
    "parse-key": {
      "version": "0.2.1",
      "resolved": "https://www.myget.org/F/dnn-software-public/npm/parse-key/-/parse-key-0.2.1.tgz",
      "integrity": "sha1-e892WVU242B1Zkvk1ofkvdkQII8="
    },
    "performance-now": {
      "version": "2.1.0",
      "resolved": "https://www.myget.org/F/dnn-software-public/npm/performance-now/-/performance-now-2.1.0.tgz",
      "integrity": "sha1-Ywn04OX6kT7BxpMHrjZLSzd8nns="
    },
    "prefix-style": {
      "version": "2.0.1",
      "resolved": "https://www.myget.org/F/dnn-software-public/npm/prefix-style/-/prefix-style-2.0.1.tgz",
      "integrity": "sha1-ZrupqHDP2jCKXcIOhekSCTLJWgY="
    },
    "process": {
      "version": "0.5.2",
      "resolved": "https://www.myget.org/F/dnn-software-public/npm/process/-/process-0.5.2.tgz",
      "integrity": "sha1-FjjYqONML0QKkduVq5rrZ3/Bhc8="
    },
    "process-nextick-args": {
      "version": "2.0.1",
      "resolved": "https://www.myget.org/F/dnn-software-public/npm/process-nextick-args/-/process-nextick-args-2.0.1.tgz",
      "integrity": "sha1-eCDZsWEgzFXKmud5JoCufbptf+I="
    },
    "promise": {
      "version": "7.3.1",
      "resolved": "https://www.myget.org/F/dnn-software-public/npm/promise/-/promise-7.3.1.tgz",
      "integrity": "sha1-BktyYCsY+Q8pGSuLG8QY/9Hr078=",
      "requires": {
        "asap": "~2.0.3"
      }
    },
    "prop-types": {
      "version": "15.7.2",
      "resolved": "https://www.myget.org/F/dnn-software-public/npm/prop-types/-/prop-types-15.7.2.tgz",
      "integrity": "sha1-UsQedbjIfnK52TYOAga5ncv/psU=",
      "requires": {
        "loose-envify": "^1.4.0",
        "object-assign": "^4.1.1",
        "react-is": "^16.8.1"
      }
    },
    "prr": {
      "version": "1.0.1",
      "resolved": "https://www.myget.org/F/dnn-software-public/npm/prr/-/prr-1.0.1.tgz",
      "integrity": "sha1-0/wRS6BplaRexok/SEzrHXj19HY=",
      "optional": true
    },
    "qs": {
      "version": "6.9.3",
      "resolved": "https://www.myget.org/F/dnn-software-public/npm/qs/-/qs-6.9.3.tgz",
      "integrity": "sha1-v63NKWwtVJ8d/6VgYZEyyXf1AI4="
    },
    "raf": {
      "version": "3.4.1",
      "resolved": "https://www.myget.org/F/dnn-software-public/npm/raf/-/raf-3.4.1.tgz",
      "integrity": "sha1-B0LpmkplUvRF1z4+4DKK8P8e3jk=",
      "requires": {
        "performance-now": "^2.1.0"
      }
    },
    "rafl": {
      "version": "1.2.2",
      "resolved": "https://www.myget.org/F/dnn-software-public/npm/rafl/-/rafl-1.2.2.tgz",
      "integrity": "sha1-/pMPdYIRAg1H44gV9Rlqi+QVB0A=",
      "requires": {
        "global": "~4.3.0"
      }
    },
    "raw-loader": {
      "version": "0.5.1",
      "resolved": "https://www.myget.org/F/dnn-software-public/npm/raw-loader/-/raw-loader-0.5.1.tgz",
      "integrity": "sha1-DD0L6u2KAclm2Xh793goElKpeao="
    },
    "react": {
      "version": "15.3.2",
      "resolved": "https://www.myget.org/F/dnn-software-public/npm/react/-/react-15.3.2.tgz",
      "integrity": "sha1-p7zNL+6K8SawMX4iLCjR1UUo0J4=",
      "requires": {
        "fbjs": "^0.8.4",
        "loose-envify": "^1.1.0",
        "object-assign": "^4.1.0"
      }
    },
    "react-collapse": {
      "version": "2.4.1",
      "resolved": "https://www.myget.org/F/dnn-software-public/npm/react-collapse/-/react-collapse-2.4.1.tgz",
      "integrity": "sha1-mZqZabJjN1KsukhHwoEB7dLcq4k=",
      "requires": {
        "prop-types": "15.5.8"
      },
      "dependencies": {
        "prop-types": {
          "version": "15.5.8",
          "resolved": "https://www.myget.org/F/dnn-software-public/npm/prop-types/-/prop-types-15.5.8.tgz",
          "integrity": "sha1-a3suFBCDvjjIWVqlH8VXdccZk5Q=",
          "requires": {
            "fbjs": "^0.8.9"
          }
        }
      }
    },
    "react-custom-scrollbars": {
      "version": "4.2.1",
      "resolved": "https://www.myget.org/F/dnn-software-public/npm/react-custom-scrollbars/-/react-custom-scrollbars-4.2.1.tgz",
      "integrity": "sha1-gw/ZUCkn6X6KeMIIaBOJmyqLZts=",
      "requires": {
        "dom-css": "^2.0.0",
        "prop-types": "^15.5.10",
        "raf": "^3.1.0"
      }
    },
    "react-dock": {
      "version": "0.2.4",
      "resolved": "https://www.myget.org/F/dnn-software-public/npm/react-dock/-/react-dock-0.2.4.tgz",
      "integrity": "sha1-5yfcdVCztzEWY13LnA4E0Lev4Xw=",
      "requires": {
        "lodash.debounce": "^3.1.1",
        "prop-types": "^15.5.8"
      }
    },
    "react-dom": {
      "version": "15.3.2",
      "resolved": "https://www.myget.org/F/dnn-software-public/npm/react-dom/-/react-dom-15.3.2.tgz",
      "integrity": "sha1-xGsKpTgNe4OOelnEp77/LtMVUx8="
    },
    "react-dom-factories": {
      "version": "1.0.2",
      "resolved": "https://www.myget.org/F/dnn-software-public/npm/react-dom-factories/-/react-dom-factories-1.0.2.tgz",
      "integrity": "sha1-63cFxNs2+1AbOqOP91lhaqD/luA="
    },
    "react-dropzone": {
      "version": "3.6.0",
      "resolved": "https://www.myget.org/F/dnn-software-public/npm/react-dropzone/-/react-dropzone-3.6.0.tgz",
      "integrity": "sha1-MenN/A25IVJdrguCEVz03HZMaAo=",
      "requires": {
        "attr-accept": "^1.0.3"
      }
    },
    "react-height": {
      "version": "2.2.1",
      "resolved": "https://www.myget.org/F/dnn-software-public/npm/react-height/-/react-height-2.2.1.tgz",
      "integrity": "sha1-CQINnSKkgSGno4E14jRStH96mH8=",
      "requires": {
        "create-react-class": "15.5.2",
        "prop-types": "15.5.8"
      },
      "dependencies": {
        "create-react-class": {
          "version": "15.5.2",
          "resolved": "https://www.myget.org/F/dnn-software-public/npm/create-react-class/-/create-react-class-15.5.2.tgz",
          "integrity": "sha1-aodYNI32YLiDJqDnZNVp8nSq1oE=",
          "requires": {
            "fbjs": "^0.8.9",
            "object-assign": "^4.1.1"
          }
        },
        "prop-types": {
          "version": "15.5.8",
          "resolved": "https://www.myget.org/F/dnn-software-public/npm/prop-types/-/prop-types-15.5.8.tgz",
          "integrity": "sha1-a3suFBCDvjjIWVqlH8VXdccZk5Q=",
          "requires": {
            "fbjs": "^0.8.9"
          }
        }
      }
    },
    "react-hot-api": {
      "version": "0.4.7",
      "resolved": "https://www.myget.org/F/dnn-software-public/npm/react-hot-api/-/react-hot-api-0.4.7.tgz",
      "integrity": "sha1-p+IqVtJS4Rq9k2a2EmTPRJLFgXE="
    },
    "react-hot-loader": {
      "version": "1.3.0",
      "resolved": "https://www.myget.org/F/dnn-software-public/npm/react-hot-loader/-/react-hot-loader-1.3.0.tgz",
      "integrity": "sha1-dwFljQIQi1u8QH4gDd5ZHLem7Wk=",
      "requires": {
        "react-hot-api": "^0.4.5",
        "source-map": "^0.4.4"
      },
      "dependencies": {
        "source-map": {
          "version": "0.4.4",
          "resolved": "https://www.myget.org/F/dnn-software-public/npm/source-map/-/source-map-0.4.4.tgz",
          "integrity": "sha1-66T12pwNyZneaAMti092FzZSA2s=",
          "requires": {
            "amdefine": ">=0.0.4"
          }
        }
      }
    },
    "react-is": {
      "version": "16.13.1",
      "resolved": "https://www.myget.org/F/dnn-software-public/npm/react-is/-/react-is-16.13.1.tgz",
      "integrity": "sha1-eJcppNw23imZ3BVt1sHZwYzqVqQ="
    },
    "react-json-tree": {
      "version": "0.6.8",
      "resolved": "https://www.myget.org/F/dnn-software-public/npm/react-json-tree/-/react-json-tree-0.6.8.tgz",
      "integrity": "sha1-6ET0MfdZyUxVeDVWMAhE+zs15iM=",
      "requires": {
        "babel-plugin-transform-runtime": "^6.5.0",
        "babel-runtime": "^6.3.13",
        "react-mixin": "^1.7.0",
        "react-pure-render": "^1.0.2"
      }
    },
    "react-mixin": {
      "version": "1.7.0",
      "resolved": "https://www.myget.org/F/dnn-software-public/npm/react-mixin/-/react-mixin-1.7.0.tgz",
      "integrity": "sha1-OMIsPrAgZPCPLCWHimDaw+lW9Ew=",
      "requires": {
        "object-assign": "^2.0.0",
        "smart-mixin": "^1.2.0"
      },
      "dependencies": {
        "object-assign": {
          "version": "2.1.1",
          "resolved": "https://www.myget.org/F/dnn-software-public/npm/object-assign/-/object-assign-2.1.1.tgz",
          "integrity": "sha1-Q8NuXVaf+OSBbE76i+AtJpZ8GKo="
        }
      }
    },
    "react-modal": {
      "version": "1.9.7",
      "resolved": "https://www.myget.org/F/dnn-software-public/npm/react-modal/-/react-modal-1.9.7.tgz",
      "integrity": "sha1-B+9WeQuVPjuY7x4pieNHmDxyhx0=",
      "requires": {
        "create-react-class": "^15.5.2",
        "element-class": "^0.2.0",
        "exenv": "1.2.0",
        "lodash.assign": "^4.2.0",
        "prop-types": "^15.5.7",
        "react-dom-factories": "^1.0.0"
      }
    },
    "react-motion": {
      "version": "0.4.8",
      "resolved": "https://www.myget.org/F/dnn-software-public/npm/react-motion/-/react-motion-0.4.8.tgz",
      "integrity": "sha1-I7st0nwtjgDSKeRVctEF789Ao14=",
      "requires": {
        "create-react-class": "^15.5.2",
        "performance-now": "^0.2.0",
        "prop-types": "^15.5.8",
        "raf": "^3.1.0"
      },
      "dependencies": {
        "performance-now": {
          "version": "0.2.0",
          "resolved": "https://www.myget.org/F/dnn-software-public/npm/performance-now/-/performance-now-0.2.0.tgz",
          "integrity": "sha1-M+8wxcd9TqIcWlOGnZG1bY8lVeU="
        }
      }
    },
    "react-portal-tooltip": {
      "version": "1.1.5",
      "resolved": "https://www.myget.org/F/dnn-software-public/npm/react-portal-tooltip/-/react-portal-tooltip-1.1.5.tgz",
      "integrity": "sha1-1lq50WjFpu7ukQnH+8maUM4WgC8=",
      "requires": {
        "object-assign": "^4.0.1"
      }
    },
    "react-pure-render": {
      "version": "1.0.2",
      "resolved": "https://www.myget.org/F/dnn-software-public/npm/react-pure-render/-/react-pure-render-1.0.2.tgz",
      "integrity": "sha1-nYqSjH8sN1E8LQZOV7Pjw1bp+rs="
    },
    "react-redux": {
      "version": "4.4.5",
      "resolved": "https://www.myget.org/F/dnn-software-public/npm/react-redux/-/react-redux-4.4.5.tgz",
      "integrity": "sha1-9QmimBviJS0QxinvfFWTR6SuxFc=",
      "requires": {
        "hoist-non-react-statics": "^1.0.3",
        "invariant": "^2.0.0",
        "lodash": "^4.2.0",
        "loose-envify": "^1.1.0"
      }
    },
    "react-test-utils": {
      "version": "0.0.1",
      "resolved": "https://www.myget.org/F/dnn-software-public/npm/react-test-utils/-/react-test-utils-0.0.1.tgz",
      "integrity": "sha1-zWmjfD5Ncm40l+MlRioyeFoZwCY=",
      "requires": {
        "envify": "~0.2.0",
        "react": "~0.8.0"
      },
      "dependencies": {
        "react": {
          "version": "0.8.0",
          "resolved": "https://www.myget.org/F/dnn-software-public/npm/react/-/react-0.8.0.tgz",
          "integrity": "sha1-mu8NvD4FtE2WE5zb2qXXJ7BQbh4="
        }
      }
    },
    "react-tooltip": {
      "version": "3.11.6",
      "resolved": "https://www.myget.org/F/dnn-software-public/npm/react-tooltip/-/react-tooltip-3.11.6.tgz",
      "integrity": "sha1-T5c1oqSqUFgK81HOI+dKVvQa/Aw=",
      "requires": {
        "prop-types": "^15.6.0"
      }
    },
    "react-transition-group": {
      "version": "1.2.1",
      "resolved": "https://www.myget.org/F/dnn-software-public/npm/react-transition-group/-/react-transition-group-1.2.1.tgz",
      "integrity": "sha1-4R9yslf5IbITIpp3TfRmEjRsfKY=",
      "requires": {
        "chain-function": "^1.0.0",
        "dom-helpers": "^3.2.0",
        "loose-envify": "^1.3.1",
        "prop-types": "^15.5.6",
        "warning": "^3.0.0"
      }
    },
    "readable-stream": {
      "version": "2.3.7",
      "resolved": "https://www.myget.org/F/dnn-software-public/npm/readable-stream/-/readable-stream-2.3.7.tgz",
      "integrity": "sha1-Hsoc9xGu+BTAT2IlKjamL2yyO1c=",
      "requires": {
        "core-util-is": "~1.0.0",
        "inherits": "~2.0.3",
        "isarray": "~1.0.0",
        "process-nextick-args": "~2.0.0",
        "safe-buffer": "~5.1.1",
        "string_decoder": "~1.1.1",
        "util-deprecate": "~1.0.1"
      }
    },
    "redux": {
      "version": "3.6.0",
      "resolved": "https://www.myget.org/F/dnn-software-public/npm/redux/-/redux-3.6.0.tgz",
      "integrity": "sha1-iHwrPQub2G7KK+cFccJ2VMGeGI0=",
      "requires": {
        "lodash": "^4.2.1",
        "lodash-es": "^4.2.1",
        "loose-envify": "^1.1.0",
        "symbol-observable": "^1.0.2"
      }
    },
    "redux-devtools": {
      "version": "3.3.1",
      "resolved": "https://www.myget.org/F/dnn-software-public/npm/redux-devtools/-/redux-devtools-3.3.1.tgz",
      "integrity": "sha1-4u0LUzUxCTWiW7xzxgwJ5SIYKFA=",
      "requires": {
        "lodash": "^4.2.0",
        "react-redux": "^4.0.0",
        "redux": "^3.5.2",
        "redux-devtools-instrument": "^1.0.1"
      }
    },
    "redux-devtools-dock-monitor": {
      "version": "1.1.1",
      "resolved": "https://www.myget.org/F/dnn-software-public/npm/redux-devtools-dock-monitor/-/redux-devtools-dock-monitor-1.1.1.tgz",
      "integrity": "sha1-bvT/WnxC9df6OcNIWaj0603umUc=",
      "requires": {
        "babel-runtime": "^6.2.0",
        "parse-key": "^0.2.1",
        "react-dock": "^0.2.1",
        "react-pure-render": "^1.0.2"
      }
    },
    "redux-devtools-instrument": {
      "version": "1.9.6",
      "resolved": "https://www.myget.org/F/dnn-software-public/npm/redux-devtools-instrument/-/redux-devtools-instrument-1.9.6.tgz",
      "integrity": "sha1-a0EllfdLnUjP1OzBPlhbFYjtbn4=",
      "requires": {
        "lodash": "^4.2.0",
        "symbol-observable": "^1.0.2"
      }
    },
    "redux-devtools-log-monitor": {
      "version": "1.0.11",
      "resolved": "https://www.myget.org/F/dnn-software-public/npm/redux-devtools-log-monitor/-/redux-devtools-log-monitor-1.0.11.tgz",
      "integrity": "sha1-PdhB7ti9sXM/fLgmVX6SyYLF7eg=",
      "requires": {
        "lodash.debounce": "^4.0.4",
        "react-json-tree": "^0.6.6",
        "react-pure-render": "^1.0.2",
        "redux-devtools-themes": "^1.0.0"
      },
      "dependencies": {
        "lodash.debounce": {
          "version": "4.0.8",
          "resolved": "https://www.myget.org/F/dnn-software-public/npm/lodash.debounce/-/lodash.debounce-4.0.8.tgz",
          "integrity": "sha1-gteb/zCmfEAF/9XiUVMArZyk168="
        }
      }
    },
    "redux-devtools-themes": {
      "version": "1.0.0",
      "resolved": "https://www.myget.org/F/dnn-software-public/npm/redux-devtools-themes/-/redux-devtools-themes-1.0.0.tgz",
      "integrity": "sha1-xILc48U3OXYEX0ATSQfZ3LOuPV0=",
      "requires": {
        "base16": "^1.0.0"
      }
    },
    "redux-immutable-state-invariant": {
      "version": "1.2.3",
      "resolved": "https://www.myget.org/F/dnn-software-public/npm/redux-immutable-state-invariant/-/redux-immutable-state-invariant-1.2.3.tgz",
      "integrity": "sha1-2N8BwvOKtd8fQ0zSYTtejE6fnYM=",
      "requires": {
        "invariant": "^2.1.0",
        "json-stringify-safe": "^5.0.1"
      }
    },
    "redux-thunk": {
      "version": "2.1.0",
      "resolved": "https://www.myget.org/F/dnn-software-public/npm/redux-thunk/-/redux-thunk-2.1.0.tgz",
      "integrity": "sha1-xyS/7nXb41LaLjupvBQwK63Ympg="
    },
    "regenerator-runtime": {
      "version": "0.13.5",
      "resolved": "https://www.myget.org/F/dnn-software-public/npm/regenerator-runtime/-/regenerator-runtime-0.13.5.tgz",
      "integrity": "sha1-2Hih0JS0MG0QuQlkhLM+vVXiZpc="
    },
    "safe-buffer": {
      "version": "5.1.2",
      "resolved": "https://www.myget.org/F/dnn-software-public/npm/safe-buffer/-/safe-buffer-5.1.2.tgz",
      "integrity": "sha1-mR7GnSluAxN0fVm9/St0XDX4go0="
    },
    "safer-buffer": {
      "version": "2.1.2",
      "resolved": "https://www.myget.org/F/dnn-software-public/npm/safer-buffer/-/safer-buffer-2.1.2.tgz",
      "integrity": "sha1-RPoWGwGHuVSd2Eu5GAL5vYOFzWo="
    },
    "scroll": {
      "version": "2.0.3",
      "resolved": "https://www.myget.org/F/dnn-software-public/npm/scroll/-/scroll-2.0.3.tgz",
      "integrity": "sha1-CVG3hVRCBf0XdTvD0pRzi6Fvwqs=",
      "requires": {
        "rafl": "~1.2.1"
      }
    },
    "setimmediate": {
      "version": "1.0.5",
      "resolved": "https://www.myget.org/F/dnn-software-public/npm/setimmediate/-/setimmediate-1.0.5.tgz",
      "integrity": "sha1-KQy7Iy4waULX1+qbg3Mqt4VvgoU="
    },
    "smart-mixin": {
      "version": "1.2.1",
      "resolved": "https://www.myget.org/F/dnn-software-public/npm/smart-mixin/-/smart-mixin-1.2.1.tgz",
      "integrity": "sha1-EaKz5GKN/uFqyctR7dMBviG+FFI="
    },
    "source-map": {
      "version": "0.5.7",
      "resolved": "https://www.myget.org/F/dnn-software-public/npm/source-map/-/source-map-0.5.7.tgz",
      "integrity": "sha1-igOdLRAh0i0eoUyA2OpGi6LvP8w=",
      "optional": true
    },
    "string_decoder": {
      "version": "1.1.1",
      "resolved": "https://www.myget.org/F/dnn-software-public/npm/string_decoder/-/string_decoder-1.1.1.tgz",
      "integrity": "sha1-nPFhG6YmhdcDCunkujQUnDrwP8g=",
      "requires": {
        "safe-buffer": "~5.1.0"
      }
    },
    "style-loader": {
      "version": "0.13.1",
      "resolved": "https://www.myget.org/F/dnn-software-public/npm/style-loader/-/style-loader-0.13.1.tgz",
      "integrity": "sha1-RoKA77wEcwI806bNVuM7Wh1/w6k=",
      "requires": {
        "loader-utils": "^0.2.7"
      }
    },
    "superagent": {
      "version": "3.8.3",
      "resolved": "https://www.myget.org/F/dnn-software-public/npm/superagent/-/superagent-3.8.3.tgz",
      "integrity": "sha1-Rg6g29t9WxG8T3jeulZfhqF44Sg=",
      "requires": {
        "component-emitter": "^1.2.0",
        "cookiejar": "^2.1.0",
        "debug": "^3.1.0",
        "extend": "^3.0.0",
        "form-data": "^2.3.1",
        "formidable": "^1.2.0",
        "methods": "^1.1.1",
        "mime": "^1.4.1",
        "qs": "^6.5.1",
        "readable-stream": "^2.3.5"
      }
    },
    "symbol-observable": {
      "version": "1.2.0",
      "resolved": "https://www.myget.org/F/dnn-software-public/npm/symbol-observable/-/symbol-observable-1.2.0.tgz",
      "integrity": "sha1-wiaIrtTqs83C3+rLtWFmBWCgCAQ="
    },
    "through": {
      "version": "2.3.8",
      "resolved": "https://www.myget.org/F/dnn-software-public/npm/through/-/through-2.3.8.tgz",
      "integrity": "sha1-DdTJ/6q8NXlgsbckEV1+Doai4fU="
    },
    "to-camel-case": {
      "version": "1.0.0",
      "resolved": "https://www.myget.org/F/dnn-software-public/npm/to-camel-case/-/to-camel-case-1.0.0.tgz",
      "integrity": "sha1-GlYFSy+daWKYzmamCJcyK29CPkY=",
      "requires": {
        "to-space-case": "^1.0.0"
      }
    },
    "to-no-case": {
      "version": "1.0.2",
      "resolved": "https://www.myget.org/F/dnn-software-public/npm/to-no-case/-/to-no-case-1.0.2.tgz",
      "integrity": "sha1-xyKQcWTvaxeBMsjmmTAhLRtKoWo="
    },
    "to-space-case": {
      "version": "1.0.0",
      "resolved": "https://www.myget.org/F/dnn-software-public/npm/to-space-case/-/to-space-case-1.0.0.tgz",
      "integrity": "sha1-sFLar7Gysp3HcM6gFj5ewOvJ/Bc=",
      "requires": {
        "to-no-case": "^1.0.0"
      }
    },
    "toggle-selection": {
      "version": "1.0.6",
      "resolved": "https://www.myget.org/F/dnn-software-public/npm/toggle-selection/-/toggle-selection-1.0.6.tgz",
      "integrity": "sha1-bkWxJj8gF/oKzH2J14sVuL932jI="
    },
    "ua-parser-js": {
      "version": "0.7.21",
      "resolved": "https://www.myget.org/F/dnn-software-public/npm/ua-parser-js/-/ua-parser-js-0.7.21.tgz",
      "integrity": "sha1-hTz5zpP2QvZxdCc8w0Vlrm8wh3c="
    },
    "url-loader": {
      "version": "0.5.9",
      "resolved": "https://www.myget.org/F/dnn-software-public/npm/url-loader/-/url-loader-0.5.9.tgz",
      "integrity": "sha1-zI/qgse5Bud3cBklCGnlaemVwpU=",
      "requires": {
        "loader-utils": "^1.0.2",
        "mime": "1.3.x"
      },
      "dependencies": {
        "big.js": {
          "version": "5.2.2",
          "resolved": "https://www.myget.org/F/dnn-software-public/npm/big.js/-/big.js-5.2.2.tgz",
          "integrity": "sha1-ZfCvOC9Xi83HQr2cKB6cstd2gyg="
        },
        "emojis-list": {
          "version": "3.0.0",
          "resolved": "https://www.myget.org/F/dnn-software-public/npm/emojis-list/-/emojis-list-3.0.0.tgz",
          "integrity": "sha1-VXBmIEatKeLpFucariYKvf9Pang="
        },
        "json5": {
          "version": "1.0.1",
          "resolved": "https://www.myget.org/F/dnn-software-public/npm/json5/-/json5-1.0.1.tgz",
          "integrity": "sha1-d5+wAYYE+oVOrL9iUhgNg1Q+Pb4=",
          "requires": {
            "minimist": "^1.2.0"
          }
        },
        "loader-utils": {
          "version": "1.4.0",
          "resolved": "https://www.myget.org/F/dnn-software-public/npm/loader-utils/-/loader-utils-1.4.0.tgz",
          "integrity": "sha1-xXm140yzSxp07cbB+za/o3HVphM=",
          "requires": {
            "big.js": "^5.2.2",
            "emojis-list": "^3.0.0",
            "json5": "^1.0.1"
          }
        },
        "mime": {
          "version": "1.3.6",
          "resolved": "https://www.myget.org/F/dnn-software-public/npm/mime/-/mime-1.3.6.tgz",
          "integrity": "sha1-WR2E02U6awtKO5343lqoEI5y5eA="
        }
      }
    },
    "util-deprecate": {
      "version": "1.0.2",
      "resolved": "https://www.myget.org/F/dnn-software-public/npm/util-deprecate/-/util-deprecate-1.0.2.tgz",
      "integrity": "sha1-RQ1Nyfpw3nMnYvvS1KKJgUGaDM8="
    },
    "warning": {
      "version": "3.0.0",
      "resolved": "https://www.myget.org/F/dnn-software-public/npm/warning/-/warning-3.0.0.tgz",
      "integrity": "sha1-MuU3fLVy3kqwR1O9+IIcAe1gW3w=",
      "requires": {
        "loose-envify": "^1.0.0"
      }
    },
    "whatwg-fetch": {
      "version": "3.0.0",
      "resolved": "https://www.myget.org/F/dnn-software-public/npm/whatwg-fetch/-/whatwg-fetch-3.0.0.tgz",
      "integrity": "sha1-/IBORYzEYACbGiuWa8iBfSV4rvs="
    }
  }
}
