{
  "name": "dnn-resource-manager",
  "version": "9.10.2",
  "lockfileVersion": 1,
  "requires": true,
  "dependencies": {
    "@dnncommunity/dnn-elements": {
      "version": "0.14.1",
      "resolved": "https://registry.npmjs.org/@dnncommunity/dnn-elements/-/dnn-elements-0.14.1.tgz",
      "integrity": "sha512-oSqPc4k5V+eMwYWVHv70+rt20O/n2Tg8n04Gm6MGTwP25kEc8oDGaSI1F1YcrkrBbmP5trVEB1mACjZqHypV7g==",
      "dev": true
    },
    "@stencil/core": {
      "version": "2.14.2",
      "resolved": "https://registry.npmjs.org/@stencil/core/-/core-2.14.2.tgz",
      "integrity": "sha512-NMC5Xi8sPFJxaO4rz6CbMHuD6PteE/RJWtjrbkusmpjKRtMXkfZJPIgOrleZ4xO+vXcNyL535Ru7vUADqEsTiQ=="
    },
    "@stencil/sass": {
      "version": "1.5.2",
      "resolved": "https://registry.npmjs.org/@stencil/sass/-/sass-1.5.2.tgz",
      "integrity": "sha512-nJ93pUSylsGsMX0eLmhxh1oEljcUjj5mYjhB9ziCdoaydAdjukrUoqDCC7tdVbOcBo2hKptQyWqCtETnBGYsXQ==",
      "dev": true
    },
    "@stencil/store": {
      "version": "1.5.0",
      "resolved": "https://registry.npmjs.org/@stencil/store/-/store-1.5.0.tgz",
      "integrity": "sha512-fe5fCF6dgVlDM1iLRkkJUyUh0Tfx305asVGgMAJjIs7Q+x/b1pGgTLROm9Ibr53PZuFwr5Kg+4h9p4FLbYqHgA==",
      "dev": true
    }
  }
}
