Microsoft Visual Studio Solution File, Format Version 12.00
# Visual Studio 15
VisualStudioVersion = 15.0.26020.0
MinimumVisualStudioVersion = 10.0.40219.1
Project("{FAE04EC0-301F-11D3-BF4B-00C04F79EFBC}") = "DotNetNuke.Log4Net", "DotNetNuke.Log4Net.csproj", "{04F77171-0634-46E0-A95E-D7477C88712E}"
EndProject
Global
	GlobalSection(SolutionConfigurationPlatforms) = preSolution
		Debug|AnyCPU = Debug|AnyCPU
		Release|AnyCPU = Release|AnyCPU
	EndGlobalSection
	GlobalSection(ProjectConfigurationPlatforms) = postSolution
		{04F77171-0634-46E0-A95E-D7477C88712E}.Debug|AnyCPU.ActiveCfg = Debug|Any CPU
		{04F77171-0634-46E0-A95E-D7477C88712E}.Debug|AnyCPU.Build.0 = Debug|Any CPU
		{04F77171-0634-46E0-A95E-D7477C88712E}.Release|AnyCPU.ActiveCfg = Release|Any CPU
		{04F77171-0634-46E0-A95E-D7477C88712E}.Release|AnyCPU.Build.0 = Release|Any CPU
	EndGlobalSection
	GlobalSection(SolutionProperties) = preSolution
		HideSolutionNode = FALSE
	EndGlobalSection
EndGlobal
